// !$*UTF8*$!
{
	archiveVersion = 1;
	classes = {
	};
	objectVersion = 55;
	objects = {

/* Begin PBXBuildFile section */
		CF1A5872271BFF6B004730E3 /* Stevia in Frameworks */ = {isa = PBXBuildFile; productRef = CF1A5871271BFF6B004730E3 /* Stevia */; };
		CF1A5875271BFF7B004730E3 /* SDWebImage in Frameworks */ = {isa = PBXBuildFile; productRef = CF1A5874271BFF7B004730E3 /* SDWebImage */; };
		CF1A5878271BFF88004730E3 /* JGProgressHUD in Frameworks */ = {isa = PBXBuildFile; productRef = CF1A5877271BFF88004730E3 /* JGProgressHUD */; };
		CF1A587B271C1A1C004730E3 /* InputTextView.swift in Sources */ = {isa = PBXBuildFile; fileRef = CF1A587A271C1A1C004730E3 /* InputTextView.swift */; };
		CFA851EE271D4E310012F027 /* PostService.swift in Sources */ = {isa = PBXBuildFile; fileRef = CFA851ED271D4E310012F027 /* PostService.swift */; };
		CFA851F0271D4E520012F027 /* Post.swift in Sources */ = {isa = PBXBuildFile; fileRef = CFA851EF271D4E520012F027 /* Post.swift */; };
		CFA851F2271D6D660012F027 /* PostViewModel.swift in Sources */ = {isa = PBXBuildFile; fileRef = CFA851F1271D6D660012F027 /* PostViewModel.swift */; };
		CFA851F8271E81820012F027 /* ActiveLabel in Frameworks */ = {isa = PBXBuildFile; productRef = CFA851F7271E81820012F027 /* ActiveLabel */; };
		CFA8545A271F0EE80012F027 /* LICENSE in Resources */ = {isa = PBXBuildFile; fileRef = CFA853D2271F0EE70012F027 /* LICENSE */; };
		CFA8545B271F0EE80012F027 /* YPVideoView.swift in Sources */ = {isa = PBXBuildFile; fileRef = CFA853D6271F0EE70012F027 /* YPVideoView.swift */; };
		CFA8545C271F0EE80012F027 /* YPVideoFiltersVC.swift in Sources */ = {isa = PBXBuildFile; fileRef = CFA853D7271F0EE70012F027 /* YPVideoFiltersVC.swift */; };
		CFA8545D271F0EE80012F027 /* YPVideoFiltersVC.xib in Resources */ = {isa = PBXBuildFile; fileRef = CFA853D8271F0EE70012F027 /* YPVideoFiltersVC.xib */; };
		CFA8545E271F0EE80012F027 /* YPCropView.swift in Sources */ = {isa = PBXBuildFile; fileRef = CFA853DA271F0EE70012F027 /* YPCropView.swift */; };
		CFA8545F271F0EE80012F027 /* YPCropVC.swift in Sources */ = {isa = PBXBuildFile; fileRef = CFA853DB271F0EE70012F027 /* YPCropVC.swift */; };
		CFA85464271F0EE80012F027 /* YPPickerVC.swift in Sources */ = {isa = PBXBuildFile; fileRef = CFA853E1271F0EE70012F027 /* YPPickerVC.swift */; };
		CFA85465271F0EE80012F027 /* YPFonts.swift in Sources */ = {isa = PBXBuildFile; fileRef = CFA853E3271F0EE70012F027 /* YPFonts.swift */; };
		CFA85466271F0EE80012F027 /* YPImageSize.swift in Sources */ = {isa = PBXBuildFile; fileRef = CFA853E4271F0EE70012F027 /* YPImageSize.swift */; };
		CFA85467271F0EE80012F027 /* YPImagePickerConfiguration.swift in Sources */ = {isa = PBXBuildFile; fileRef = CFA853E5271F0EE70012F027 /* YPImagePickerConfiguration.swift */; };
		CFA85468271F0EE80012F027 /* YPWordings.swift in Sources */ = {isa = PBXBuildFile; fileRef = CFA853E6271F0EE70012F027 /* YPWordings.swift */; };
		CFA85469271F0EE80012F027 /* YPColors.swift in Sources */ = {isa = PBXBuildFile; fileRef = CFA853E7271F0EE70012F027 /* YPColors.swift */; };
		CFA8546A271F0EE80012F027 /* YPPickerScreen.swift in Sources */ = {isa = PBXBuildFile; fileRef = CFA853E8271F0EE70012F027 /* YPPickerScreen.swift */; };
		CFA8546B271F0EE80012F027 /* YPIcons.swift in Sources */ = {isa = PBXBuildFile; fileRef = CFA853E9271F0EE70012F027 /* YPIcons.swift */; };
		CFA8546C271F0EE80012F027 /* YPImagePicker.swift in Sources */ = {isa = PBXBuildFile; fileRef = CFA853EA271F0EE70012F027 /* YPImagePicker.swift */; };
		CFA8546D271F0EE80012F027 /* YPImagePickerLocalizable.strings in Resources */ = {isa = PBXBuildFile; fileRef = CFA853EC271F0EE70012F027 /* YPImagePickerLocalizable.strings */; };
		CFA8546E271F0EE80012F027 /* Assets.xcassets in Resources */ = {isa = PBXBuildFile; fileRef = CFA853F8271F0EE70012F027 /* Assets.xcassets */; };
		CFA8546F271F0EE80012F027 /* YPLibrarySelection.swift in Sources */ = {isa = PBXBuildFile; fileRef = CFA8540B271F0EE70012F027 /* YPLibrarySelection.swift */; };
		CFA85470271F0EE80012F027 /* YPMediaItem.swift in Sources */ = {isa = PBXBuildFile; fileRef = CFA8540C271F0EE70012F027 /* YPMediaItem.swift */; };
		CFA85471271F0EE80012F027 /* YPFlashMode.swift in Sources */ = {isa = PBXBuildFile; fileRef = CFA8540D271F0EE70012F027 /* YPFlashMode.swift */; };
		CFA85472271F0EE80012F027 /* YPLog.swift in Sources */ = {isa = PBXBuildFile; fileRef = CFA8540E271F0EE70012F027 /* YPLog.swift */; };
		CFA85473271F0EE80012F027 /* YPDragDirection.swift in Sources */ = {isa = PBXBuildFile; fileRef = CFA8540F271F0EE70012F027 /* YPDragDirection.swift */; };
		CFA85474271F0EE80012F027 /* YPError.swift in Sources */ = {isa = PBXBuildFile; fileRef = CFA85410271F0EE70012F027 /* YPError.swift */; };
		CFA85475271F0EE80012F027 /* YPTrimError.swift in Sources */ = {isa = PBXBuildFile; fileRef = CFA85411271F0EE70012F027 /* YPTrimError.swift */; };
		CFA85476271F0EE80012F027 /* YPSelectionsGalleryVC.swift in Sources */ = {isa = PBXBuildFile; fileRef = CFA85413271F0EE70012F027 /* YPSelectionsGalleryVC.swift */; };
		CFA85477271F0EE80012F027 /* YPSelectionsGalleryView.swift in Sources */ = {isa = PBXBuildFile; fileRef = CFA85414271F0EE70012F027 /* YPSelectionsGalleryView.swift */; };
		CFA85478271F0EE80012F027 /* YPSelectionsGalleryCell.swift in Sources */ = {isa = PBXBuildFile; fileRef = CFA85415271F0EE70012F027 /* YPSelectionsGalleryCell.swift */; };
		CFA85479271F0EE80012F027 /* YPVideoCaptureHelper.swift in Sources */ = {isa = PBXBuildFile; fileRef = CFA85418271F0EE70012F027 /* YPVideoCaptureHelper.swift */; };
		CFA8547A271F0EE80012F027 /* YPVideoCaptureVC.swift in Sources */ = {isa = PBXBuildFile; fileRef = CFA85419271F0EE70012F027 /* YPVideoCaptureVC.swift */; };
		CFA8547B271F0EE80012F027 /* YPLibraryVC+CollectionView.swift in Sources */ = {isa = PBXBuildFile; fileRef = CFA8541B271F0EE70012F027 /* YPLibraryVC+CollectionView.swift */; };
		CFA8547C271F0EE80012F027 /* YPLibraryVC+PanGesture.swift in Sources */ = {isa = PBXBuildFile; fileRef = CFA8541C271F0EE70012F027 /* YPLibraryVC+PanGesture.swift */; };
		CFA8547D271F0EE80012F027 /* YPLibraryViewDelegate.swift in Sources */ = {isa = PBXBuildFile; fileRef = CFA8541D271F0EE70012F027 /* YPLibraryViewDelegate.swift */; };
		CFA8547E271F0EE80012F027 /* YPGridView.swift in Sources */ = {isa = PBXBuildFile; fileRef = CFA8541E271F0EE70012F027 /* YPGridView.swift */; };
		CFA8547F271F0EE80012F027 /* YPAssetZoomableView.swift in Sources */ = {isa = PBXBuildFile; fileRef = CFA8541F271F0EE70012F027 /* YPAssetZoomableView.swift */; };
		CFA85480271F0EE80012F027 /* YPLibrary+LibraryChange.swift in Sources */ = {isa = PBXBuildFile; fileRef = CFA85420271F0EE70012F027 /* YPLibrary+LibraryChange.swift */; };
		CFA85481271F0EE80012F027 /* YPMenuItem.swift in Sources */ = {isa = PBXBuildFile; fileRef = CFA85422271F0EE70012F027 /* YPMenuItem.swift */; };
		CFA85482271F0EE80012F027 /* YPBottomPager.swift in Sources */ = {isa = PBXBuildFile; fileRef = CFA85423271F0EE70012F027 /* YPBottomPager.swift */; };
		CFA85483271F0EE80012F027 /* YPPagerMenu.swift in Sources */ = {isa = PBXBuildFile; fileRef = CFA85424271F0EE70012F027 /* YPPagerMenu.swift */; };
		CFA85484271F0EE80012F027 /* YPBottomPagerView.swift in Sources */ = {isa = PBXBuildFile; fileRef = CFA85425271F0EE70012F027 /* YPBottomPagerView.swift */; };
		CFA85485271F0EE80012F027 /* YPLibraryVC.swift in Sources */ = {isa = PBXBuildFile; fileRef = CFA85426271F0EE70012F027 /* YPLibraryVC.swift */; };
		CFA85486271F0EE80012F027 /* LibraryMediaManager.swift in Sources */ = {isa = PBXBuildFile; fileRef = CFA85427271F0EE70012F027 /* LibraryMediaManager.swift */; };
		CFA85487271F0EE80012F027 /* YPAssetViewContainer.swift in Sources */ = {isa = PBXBuildFile; fileRef = CFA85428271F0EE70012F027 /* YPAssetViewContainer.swift */; };
		CFA85488271F0EE80012F027 /* YPLibraryView.swift in Sources */ = {isa = PBXBuildFile; fileRef = CFA85429271F0EE70012F027 /* YPLibraryView.swift */; };
		CFA85489271F0EE80012F027 /* YPAlbumsManager.swift in Sources */ = {isa = PBXBuildFile; fileRef = CFA8542B271F0EE70012F027 /* YPAlbumsManager.swift */; };
		CFA8548A271F0EE80012F027 /* YPAlbumView.swift in Sources */ = {isa = PBXBuildFile; fileRef = CFA8542C271F0EE70012F027 /* YPAlbumView.swift */; };
		CFA8548B271F0EE80012F027 /* YPAlbumVC.swift in Sources */ = {isa = PBXBuildFile; fileRef = CFA8542D271F0EE70012F027 /* YPAlbumVC.swift */; };
		CFA8548C271F0EE80012F027 /* YPAlbumCell.swift in Sources */ = {isa = PBXBuildFile; fileRef = CFA8542E271F0EE70012F027 /* YPAlbumCell.swift */; };
		CFA8548D271F0EE80012F027 /* YPAlbum.swift in Sources */ = {isa = PBXBuildFile; fileRef = CFA8542F271F0EE70012F027 /* YPAlbum.swift */; };
		CFA8548E271F0EE80012F027 /* YPLibraryViewCell.swift in Sources */ = {isa = PBXBuildFile; fileRef = CFA85430271F0EE70012F027 /* YPLibraryViewCell.swift */; };
		CFA8548F271F0EE80012F027 /* YPLibraryView.xib in Resources */ = {isa = PBXBuildFile; fileRef = CFA85431271F0EE70012F027 /* YPLibraryView.xib */; };
		CFA85490271F0EE80012F027 /* YPCameraView.swift in Sources */ = {isa = PBXBuildFile; fileRef = CFA85433271F0EE70012F027 /* YPCameraView.swift */; };
		CFA85491271F0EE80012F027 /* YPPhotoCaptureHelper.swift in Sources */ = {isa = PBXBuildFile; fileRef = CFA85434271F0EE70012F027 /* YPPhotoCaptureHelper.swift */; };
		CFA85492271F0EE80012F027 /* YPCameraVC.swift in Sources */ = {isa = PBXBuildFile; fileRef = CFA85435271F0EE70012F027 /* YPCameraVC.swift */; };
		CFA85493271F0EE80012F027 /* YPVideoProcessor.swift in Sources */ = {isa = PBXBuildFile; fileRef = CFA85437271F0EE70012F027 /* YPVideoProcessor.swift */; };
		CFA85494271F0EE80012F027 /* YPDeviceOrientationHelper.swift in Sources */ = {isa = PBXBuildFile; fileRef = CFA85438271F0EE70012F027 /* YPDeviceOrientationHelper.swift */; };
		CFA85495271F0EE80012F027 /* YPPermissionCheckable.swift in Sources */ = {isa = PBXBuildFile; fileRef = CFA8543A271F0EE70012F027 /* YPPermissionCheckable.swift */; };
		CFA85496271F0EE80012F027 /* YPPermissionManager.swift in Sources */ = {isa = PBXBuildFile; fileRef = CFA8543B271F0EE70012F027 /* YPPermissionManager.swift */; };
		CFA85497271F0EE80012F027 /* YPPermissionDeniedPopup.swift in Sources */ = {isa = PBXBuildFile; fileRef = CFA8543C271F0EE70012F027 /* YPPermissionDeniedPopup.swift */; };
		CFA85498271F0EE80012F027 /* AVCaptureDevice+Extensions.swift in Sources */ = {isa = PBXBuildFile; fileRef = CFA8543E271F0EE70012F027 /* AVCaptureDevice+Extensions.swift */; };
		CFA85499271F0EE80012F027 /* UIButton+Extensions.swift in Sources */ = {isa = PBXBuildFile; fileRef = CFA8543F271F0EE70012F027 /* UIButton+Extensions.swift */; };
		CFA8549A271F0EE80012F027 /* AVMutableComposition+Extensions.swift in Sources */ = {isa = PBXBuildFile; fileRef = CFA85440271F0EE70012F027 /* AVMutableComposition+Extensions.swift */; };
		CFA8549B271F0EE80012F027 /* AVAsset+Extensions.swift in Sources */ = {isa = PBXBuildFile; fileRef = CFA85441271F0EE70012F027 /* AVAsset+Extensions.swift */; };
		CFA8549C271F0EE80012F027 /* AVPlayer+Extensions.swift in Sources */ = {isa = PBXBuildFile; fileRef = CFA85442271F0EE70012F027 /* AVPlayer+Extensions.swift */; };
		CFA8549D271F0EE80012F027 /* UIColor+Extensions.swift in Sources */ = {isa = PBXBuildFile; fileRef = CFA85443271F0EE70012F027 /* UIColor+Extensions.swift */; };
		CFA8549E271F0EE80012F027 /* UIImage+Extensions.swift in Sources */ = {isa = PBXBuildFile; fileRef = CFA85444271F0EE70012F027 /* UIImage+Extensions.swift */; };
		CFA8549F271F0EE80012F027 /* UINavigationBar+Extensions.swift in Sources */ = {isa = PBXBuildFile; fileRef = CFA85445271F0EE70012F027 /* UINavigationBar+Extensions.swift */; };
		CFA854A0271F0EE80012F027 /* PHCachingImageManager+Extensions.swift in Sources */ = {isa = PBXBuildFile; fileRef = CFA85446271F0EE70012F027 /* PHCachingImageManager+Extensions.swift */; };
		CFA854A1271F0EE80012F027 /* UIBarButtonItem+Extensions.swift in Sources */ = {isa = PBXBuildFile; fileRef = CFA85447271F0EE70012F027 /* UIBarButtonItem+Extensions.swift */; };
		CFA854A2271F0EE80012F027 /* CIImage+Extensions.swift in Sources */ = {isa = PBXBuildFile; fileRef = CFA85448271F0EE70012F027 /* CIImage+Extensions.swift */; };
		CFA854A3271F0EE80012F027 /* NSFileManager+Extensions.swift in Sources */ = {isa = PBXBuildFile; fileRef = CFA85449271F0EE70012F027 /* NSFileManager+Extensions.swift */; };
		CFA854A4271F0EE80012F027 /* URL+Extensions.swift in Sources */ = {isa = PBXBuildFile; fileRef = CFA8544A271F0EE70012F027 /* URL+Extensions.swift */; };
		CFA854A5271F0EE80012F027 /* Bundle+Extensions.swift in Sources */ = {isa = PBXBuildFile; fileRef = CFA8544B271F0EE70012F027 /* Bundle+Extensions.swift */; };
		CFA854A6271F0EE80012F027 /* AVFoundation+Extensions.swift in Sources */ = {isa = PBXBuildFile; fileRef = CFA8544C271F0EE70012F027 /* AVFoundation+Extensions.swift */; };
		CFA854A7271F0EE80012F027 /* PHFetchResult+Extensions.swift in Sources */ = {isa = PBXBuildFile; fileRef = CFA8544D271F0EE70012F027 /* PHFetchResult+Extensions.swift */; };
		CFA854A8271F0EE80012F027 /* CGRect+Extensions.swift in Sources */ = {isa = PBXBuildFile; fileRef = CFA8544E271F0EE70012F027 /* CGRect+Extensions.swift */; };
		CFA854A9271F0EE80012F027 /* AVFileType+Extensions.swift in Sources */ = {isa = PBXBuildFile; fileRef = CFA8544F271F0EE70012F027 /* AVFileType+Extensions.swift */; };
		CFA854AA271F0EE80012F027 /* AVCaptureSession+Extensions.swift in Sources */ = {isa = PBXBuildFile; fileRef = CFA85450271F0EE70012F027 /* AVCaptureSession+Extensions.swift */; };
		CFA854AB271F0EE80012F027 /* CGFloat+Extensions.swift in Sources */ = {isa = PBXBuildFile; fileRef = CFA85451271F0EE70012F027 /* CGFloat+Extensions.swift */; };
		CFA854AC271F0EE80012F027 /* UICollectionView+Extensions.swift in Sources */ = {isa = PBXBuildFile; fileRef = CFA85452271F0EE70012F027 /* UICollectionView+Extensions.swift */; };
		CFA854AD271F0EE80012F027 /* IndexSet+Extensions.swift in Sources */ = {isa = PBXBuildFile; fileRef = CFA85453271F0EE70012F027 /* IndexSet+Extensions.swift */; };
		CFA854AE271F0EE80012F027 /* YPHelper.swift in Sources */ = {isa = PBXBuildFile; fileRef = CFA85454271F0EE70012F027 /* YPHelper.swift */; };
		CFA854AF271F0EE80012F027 /* YPLoadingView.swift in Sources */ = {isa = PBXBuildFile; fileRef = CFA85455271F0EE70012F027 /* YPLoadingView.swift */; };
		CFA854B0271F0EE80012F027 /* YPPhotoSaver.swift in Sources */ = {isa = PBXBuildFile; fileRef = CFA85456271F0EE70012F027 /* YPPhotoSaver.swift */; };
		CFA854B1271F0EE80012F027 /* YPAlerts.swift in Sources */ = {isa = PBXBuildFile; fileRef = CFA85457271F0EE70012F027 /* YPAlerts.swift */; };
		CFA854B2271F0EE80012F027 /* YPLoaders.swift in Sources */ = {isa = PBXBuildFile; fileRef = CFA85458271F0EE70012F027 /* YPLoaders.swift */; };
		CFA854B3271F0EE80012F027 /* README.md in Resources */ = {isa = PBXBuildFile; fileRef = CFA85459271F0EE70012F027 /* README.md */; };
		CFA854B9271F90E50012F027 /* YPPhotoFiltersVC.swift in Sources */ = {isa = PBXBuildFile; fileRef = CFA854B5271F90E50012F027 /* YPPhotoFiltersVC.swift */; };
		CFA854BA271F90E50012F027 /* YPFiltersView.swift in Sources */ = {isa = PBXBuildFile; fileRef = CFA854B6271F90E50012F027 /* YPFiltersView.swift */; };
		CFA854BB271F90E50012F027 /* YPFilterCollectionViewCell.swift in Sources */ = {isa = PBXBuildFile; fileRef = CFA854B7271F90E50012F027 /* YPFilterCollectionViewCell.swift */; };
		CFA854BC271F90E50012F027 /* YPFilter.swift in Sources */ = {isa = PBXBuildFile; fileRef = CFA854B8271F90E50012F027 /* YPFilter.swift */; };
		CFE0C1D62716A11400D3C097 /* AppDelegate.swift in Sources */ = {isa = PBXBuildFile; fileRef = CFE0C1D52716A11400D3C097 /* AppDelegate.swift */; };
		CFE0C1D82716A11400D3C097 /* SceneDelegate.swift in Sources */ = {isa = PBXBuildFile; fileRef = CFE0C1D72716A11400D3C097 /* SceneDelegate.swift */; };
		CFE0C1DA2716A11400D3C097 /* ViewController.swift in Sources */ = {isa = PBXBuildFile; fileRef = CFE0C1D92716A11400D3C097 /* ViewController.swift */; };
		CFE0C1DD2716A11400D3C097 /* Main.storyboard in Resources */ = {isa = PBXBuildFile; fileRef = CFE0C1DB2716A11400D3C097 /* Main.storyboard */; };
		CFE0C1DF2716A11600D3C097 /* Assets.xcassets in Resources */ = {isa = PBXBuildFile; fileRef = CFE0C1DE2716A11600D3C097 /* Assets.xcassets */; };
		CFE0C1E22716A11600D3C097 /* LaunchScreen.storyboard in Resources */ = {isa = PBXBuildFile; fileRef = CFE0C1E02716A11600D3C097 /* LaunchScreen.storyboard */; };
		CFE0C1F12716A3A000D3C097 /* MainTabController.swift in Sources */ = {isa = PBXBuildFile; fileRef = CFE0C1F02716A3A000D3C097 /* MainTabController.swift */; };
		CFE0C1FB2716A52D00D3C097 /* UploadPostController.swift in Sources */ = {isa = PBXBuildFile; fileRef = CFE0C1F42716A52C00D3C097 /* UploadPostController.swift */; };
		CFE0C1FC2716A52D00D3C097 /* NotificationController.swift in Sources */ = {isa = PBXBuildFile; fileRef = CFE0C1F52716A52C00D3C097 /* NotificationController.swift */; };
		CFE0C1FD2716A52D00D3C097 /* ImageSelectorController.swift in Sources */ = {isa = PBXBuildFile; fileRef = CFE0C1F62716A52C00D3C097 /* ImageSelectorController.swift */; };
		CFE0C1FE2716A52D00D3C097 /* FeedController.swift in Sources */ = {isa = PBXBuildFile; fileRef = CFE0C1F72716A52C00D3C097 /* FeedController.swift */; };
		CFE0C1FF2716A52D00D3C097 /* SearchController.swift in Sources */ = {isa = PBXBuildFile; fileRef = CFE0C1F82716A52C00D3C097 /* SearchController.swift */; };
		CFE0C2002716A52D00D3C097 /* CommentController.swift in Sources */ = {isa = PBXBuildFile; fileRef = CFE0C1F92716A52D00D3C097 /* CommentController.swift */; };
		CFE0C2012716A52D00D3C097 /* ProfileController.swift in Sources */ = {isa = PBXBuildFile; fileRef = CFE0C1FA2716A52D00D3C097 /* ProfileController.swift */; };
		CFE0C2062716ADEB00D3C097 /* FeedCell.swift in Sources */ = {isa = PBXBuildFile; fileRef = CFE0C2052716ADEB00D3C097 /* FeedCell.swift */; };
		CFE0C2082716B7EC00D3C097 /* Extensions.swift in Sources */ = {isa = PBXBuildFile; fileRef = CFE0C2072716B7EC00D3C097 /* Extensions.swift */; };
		CFE0C20F2716CEC000D3C097 /* LoginController.swift in Sources */ = {isa = PBXBuildFile; fileRef = CFE0C20E2716CEC000D3C097 /* LoginController.swift */; };
		CFE0C2112716CF3100D3C097 /* CustomTextField.swift in Sources */ = {isa = PBXBuildFile; fileRef = CFE0C2102716CF3100D3C097 /* CustomTextField.swift */; };
		CFE0C2132716D20200D3C097 /* RegistrationController.swift in Sources */ = {isa = PBXBuildFile; fileRef = CFE0C2122716D20200D3C097 /* RegistrationController.swift */; };
		CFE0C2152716DB0F00D3C097 /* AuthenricationViewModel.swift in Sources */ = {isa = PBXBuildFile; fileRef = CFE0C2142716DB0F00D3C097 /* AuthenricationViewModel.swift */; };
		CFE0C2172717C87C00D3C097 /* GoogleService-Info.plist in Resources */ = {isa = PBXBuildFile; fileRef = CFE0C2162717C87C00D3C097 /* GoogleService-Info.plist */; };
		CFE0C21A2717D0D600D3C097 /* ImageUploader.swift in Sources */ = {isa = PBXBuildFile; fileRef = CFE0C2192717D0D600D3C097 /* ImageUploader.swift */; };
		CFE0C21C2717D15000D3C097 /* AuthService.swift in Sources */ = {isa = PBXBuildFile; fileRef = CFE0C21B2717D15000D3C097 /* AuthService.swift */; };
		CFE0C2212717ED3500D3C097 /* ProfileCell.swift in Sources */ = {isa = PBXBuildFile; fileRef = CFE0C21F2717ED3500D3C097 /* ProfileCell.swift */; };
		CFE0C2222717ED3500D3C097 /* ProfileHeader.swift in Sources */ = {isa = PBXBuildFile; fileRef = CFE0C2202717ED3500D3C097 /* ProfileHeader.swift */; };
		CFE0C2272717FB2900D3C097 /* ProfileViewModel.swift in Sources */ = {isa = PBXBuildFile; fileRef = CFE0C2262717FB2900D3C097 /* ProfileViewModel.swift */; };
		CFE0C2292718032800D3C097 /* UserService.swift in Sources */ = {isa = PBXBuildFile; fileRef = CFE0C2282718032800D3C097 /* UserService.swift */; };
		CFE0C22B2718038600D3C097 /* Constants.swift in Sources */ = {isa = PBXBuildFile; fileRef = CFE0C22A2718038600D3C097 /* Constants.swift */; };
		CFE0C22D271803D100D3C097 /* User.swift in Sources */ = {isa = PBXBuildFile; fileRef = CFE0C22C271803D100D3C097 /* User.swift */; };
		CFE0C22F2719534F00D3C097 /* UserCell.swift in Sources */ = {isa = PBXBuildFile; fileRef = CFE0C22E2719534F00D3C097 /* UserCell.swift */; };
		CFE0C23127197CA600D3C097 /* UserCellViewModel.swift in Sources */ = {isa = PBXBuildFile; fileRef = CFE0C23027197CA600D3C097 /* UserCellViewModel.swift */; };
		D8C78013ACE41065C79B6E91 /* Pods_InstagramAppWithFireBase.framework in Frameworks */ = {isa = PBXBuildFile; fileRef = 472755635B21D6F40C001C32 /* Pods_InstagramAppWithFireBase.framework */; };
/* End PBXBuildFile section */

/* Begin PBXFileReference section */
		472755635B21D6F40C001C32 /* Pods_InstagramAppWithFireBase.framework */ = {isa = PBXFileReference; explicitFileType = wrapper.framework; includeInIndex = 0; path = Pods_InstagramAppWithFireBase.framework; sourceTree = BUILT_PRODUCTS_DIR; };
		90FDC340E97C5F171AE5210D /* Pods-InstagramAppWithFireBase.debug.xcconfig */ = {isa = PBXFileReference; includeInIndex = 1; lastKnownFileType = text.xcconfig; name = "Pods-InstagramAppWithFireBase.debug.xcconfig"; path = "Target Support Files/Pods-InstagramAppWithFireBase/Pods-InstagramAppWithFireBase.debug.xcconfig"; sourceTree = "<group>"; };
		CF1A5699271BF3FC004730E3 /* InstagramAppWithFireBase.app */ = {isa = PBXFileReference; explicitFileType = wrapper.application; includeInIndex = 0; path = InstagramAppWithFireBase.app; sourceTree = BUILT_PRODUCTS_DIR; };
		CF1A5869271BFE0B004730E3 /* Stevia.framework */ = {isa = PBXFileReference; explicitFileType = wrapper.framework; path = Stevia.framework; sourceTree = BUILT_PRODUCTS_DIR; };
		CF1A587A271C1A1C004730E3 /* InputTextView.swift */ = {isa = PBXFileReference; fileEncoding = 4; lastKnownFileType = sourcecode.swift; path = InputTextView.swift; sourceTree = "<group>"; };
		CFA851ED271D4E310012F027 /* PostService.swift */ = {isa = PBXFileReference; fileEncoding = 4; lastKnownFileType = sourcecode.swift; path = PostService.swift; sourceTree = "<group>"; };
		CFA851EF271D4E520012F027 /* Post.swift */ = {isa = PBXFileReference; fileEncoding = 4; lastKnownFileType = sourcecode.swift; path = Post.swift; sourceTree = "<group>"; };
		CFA851F1271D6D660012F027 /* PostViewModel.swift */ = {isa = PBXFileReference; fileEncoding = 4; lastKnownFileType = sourcecode.swift; path = PostViewModel.swift; sourceTree = "<group>"; };
		CFA853D2271F0EE70012F027 /* LICENSE */ = {isa = PBXFileReference; fileEncoding = 4; lastKnownFileType = text; path = LICENSE; sourceTree = "<group>"; };
		CFA853D6271F0EE70012F027 /* YPVideoView.swift */ = {isa = PBXFileReference; fileEncoding = 4; lastKnownFileType = sourcecode.swift; path = YPVideoView.swift; sourceTree = "<group>"; };
		CFA853D7271F0EE70012F027 /* YPVideoFiltersVC.swift */ = {isa = PBXFileReference; fileEncoding = 4; lastKnownFileType = sourcecode.swift; path = YPVideoFiltersVC.swift; sourceTree = "<group>"; };
		CFA853D8271F0EE70012F027 /* YPVideoFiltersVC.xib */ = {isa = PBXFileReference; fileEncoding = 4; lastKnownFileType = file.xib; path = YPVideoFiltersVC.xib; sourceTree = "<group>"; };
		CFA853DA271F0EE70012F027 /* YPCropView.swift */ = {isa = PBXFileReference; fileEncoding = 4; lastKnownFileType = sourcecode.swift; path = YPCropView.swift; sourceTree = "<group>"; };
		CFA853DB271F0EE70012F027 /* YPCropVC.swift */ = {isa = PBXFileReference; fileEncoding = 4; lastKnownFileType = sourcecode.swift; path = YPCropVC.swift; sourceTree = "<group>"; };
		CFA853E1271F0EE70012F027 /* YPPickerVC.swift */ = {isa = PBXFileReference; fileEncoding = 4; lastKnownFileType = sourcecode.swift; path = YPPickerVC.swift; sourceTree = "<group>"; };
		CFA853E3271F0EE70012F027 /* YPFonts.swift */ = {isa = PBXFileReference; fileEncoding = 4; lastKnownFileType = sourcecode.swift; path = YPFonts.swift; sourceTree = "<group>"; };
		CFA853E4271F0EE70012F027 /* YPImageSize.swift */ = {isa = PBXFileReference; fileEncoding = 4; lastKnownFileType = sourcecode.swift; path = YPImageSize.swift; sourceTree = "<group>"; };
		CFA853E5271F0EE70012F027 /* YPImagePickerConfiguration.swift */ = {isa = PBXFileReference; fileEncoding = 4; lastKnownFileType = sourcecode.swift; path = YPImagePickerConfiguration.swift; sourceTree = "<group>"; };
		CFA853E6271F0EE70012F027 /* YPWordings.swift */ = {isa = PBXFileReference; fileEncoding = 4; lastKnownFileType = sourcecode.swift; path = YPWordings.swift; sourceTree = "<group>"; };
		CFA853E7271F0EE70012F027 /* YPColors.swift */ = {isa = PBXFileReference; fileEncoding = 4; lastKnownFileType = sourcecode.swift; path = YPColors.swift; sourceTree = "<group>"; };
		CFA853E8271F0EE70012F027 /* YPPickerScreen.swift */ = {isa = PBXFileReference; fileEncoding = 4; lastKnownFileType = sourcecode.swift; path = YPPickerScreen.swift; sourceTree = "<group>"; };
		CFA853E9271F0EE70012F027 /* YPIcons.swift */ = {isa = PBXFileReference; fileEncoding = 4; lastKnownFileType = sourcecode.swift; path = YPIcons.swift; sourceTree = "<group>"; };
		CFA853EA271F0EE70012F027 /* YPImagePicker.swift */ = {isa = PBXFileReference; fileEncoding = 4; lastKnownFileType = sourcecode.swift; path = YPImagePicker.swift; sourceTree = "<group>"; };
		CFA853ED271F0EE70012F027 /* de */ = {isa = PBXFileReference; lastKnownFileType = text.plist.strings; name = de; path = de.lproj/YPImagePickerLocalizable.strings; sourceTree = "<group>"; };
		CFA853EE271F0EE70012F027 /* ar */ = {isa = PBXFileReference; lastKnownFileType = text.plist.strings; name = ar; path = ar.lproj/YPImagePickerLocalizable.strings; sourceTree = "<group>"; };
		CFA853EF271F0EE70012F027 /* zh-Hans */ = {isa = PBXFileReference; lastKnownFileType = text.plist.strings; name = "zh-Hans"; path = "zh-Hans.lproj/YPImagePickerLocalizable.strings"; sourceTree = "<group>"; };
		CFA853F0271F0EE70012F027 /* ja */ = {isa = PBXFileReference; lastKnownFileType = text.plist.strings; name = ja; path = ja.lproj/YPImagePickerLocalizable.strings; sourceTree = "<group>"; };
		CFA853F1271F0EE70012F027 /* fa */ = {isa = PBXFileReference; lastKnownFileType = text.plist.strings; name = fa; path = fa.lproj/YPImagePickerLocalizable.strings; sourceTree = "<group>"; };
		CFA853F2271F0EE70012F027 /* en */ = {isa = PBXFileReference; lastKnownFileType = text.plist.strings; name = en; path = en.lproj/YPImagePickerLocalizable.strings; sourceTree = "<group>"; };
		CFA853F3271F0EE70012F027 /* nb */ = {isa = PBXFileReference; lastKnownFileType = text.plist.strings; name = nb; path = nb.lproj/YPImagePickerLocalizable.strings; sourceTree = "<group>"; };
		CFA853F4271F0EE70012F027 /* es */ = {isa = PBXFileReference; lastKnownFileType = text.plist.strings; name = es; path = es.lproj/YPImagePickerLocalizable.strings; sourceTree = "<group>"; };
		CFA853F5271F0EE70012F027 /* da */ = {isa = PBXFileReference; lastKnownFileType = text.plist.strings; name = da; path = da.lproj/YPImagePickerLocalizable.strings; sourceTree = "<group>"; };
		CFA853F6271F0EE70012F027 /* it */ = {isa = PBXFileReference; lastKnownFileType = text.plist.strings; name = it; path = it.lproj/YPImagePickerLocalizable.strings; sourceTree = "<group>"; };
		CFA853F7271F0EE70012F027 /* bg */ = {isa = PBXFileReference; lastKnownFileType = text.plist.strings; name = bg; path = bg.lproj/YPImagePickerLocalizable.strings; sourceTree = "<group>"; };
		CFA853F8271F0EE70012F027 /* Assets.xcassets */ = {isa = PBXFileReference; lastKnownFileType = folder.assetcatalog; path = Assets.xcassets; sourceTree = "<group>"; };
		CFA853F9271F0EE70012F027 /* sv */ = {isa = PBXFileReference; lastKnownFileType = text.plist.strings; name = sv; path = sv.lproj/YPImagePickerLocalizable.strings; sourceTree = "<group>"; };
		CFA853FA271F0EE70012F027 /* cs */ = {isa = PBXFileReference; lastKnownFileType = text.plist.strings; name = cs; path = cs.lproj/YPImagePickerLocalizable.strings; sourceTree = "<group>"; };
		CFA853FB271F0EE70012F027 /* km */ = {isa = PBXFileReference; lastKnownFileType = text.plist.strings; name = km; path = km.lproj/YPImagePickerLocalizable.strings; sourceTree = "<group>"; };
		CFA853FC271F0EE70012F027 /* ko */ = {isa = PBXFileReference; lastKnownFileType = text.plist.strings; name = ko; path = ko.lproj/YPImagePickerLocalizable.strings; sourceTree = "<group>"; };
		CFA853FD271F0EE70012F027 /* zh-Hant */ = {isa = PBXFileReference; lastKnownFileType = text.plist.strings; name = "zh-Hant"; path = "zh-Hant.lproj/YPImagePickerLocalizable.strings"; sourceTree = "<group>"; };
		CFA853FE271F0EE70012F027 /* km-KH */ = {isa = PBXFileReference; lastKnownFileType = text.plist.strings; name = "km-KH"; path = "km-KH.lproj/YPImagePickerLocalizable.strings"; sourceTree = "<group>"; };
		CFA853FF271F0EE70012F027 /* tr */ = {isa = PBXFileReference; lastKnownFileType = text.plist.strings; name = tr; path = tr.lproj/YPImagePickerLocalizable.strings; sourceTree = "<group>"; };
		CFA85400271F0EE70012F027 /* pl */ = {isa = PBXFileReference; lastKnownFileType = text.plist.strings; name = pl; path = pl.lproj/YPImagePickerLocalizable.strings; sourceTree = "<group>"; };
		CFA85401271F0EE70012F027 /* pt-BR */ = {isa = PBXFileReference; lastKnownFileType = text.plist.strings; name = "pt-BR"; path = "pt-BR.lproj/YPImagePickerLocalizable.strings"; sourceTree = "<group>"; };
		CFA85402271F0EE70012F027 /* vi */ = {isa = PBXFileReference; lastKnownFileType = text.plist.strings; name = vi; path = vi.lproj/YPImagePickerLocalizable.strings; sourceTree = "<group>"; };
		CFA85403271F0EE70012F027 /* ru */ = {isa = PBXFileReference; lastKnownFileType = text.plist.strings; name = ru; path = ru.lproj/YPImagePickerLocalizable.strings; sourceTree = "<group>"; };
		CFA85404271F0EE70012F027 /* fr */ = {isa = PBXFileReference; lastKnownFileType = text.plist.strings; name = fr; path = fr.lproj/YPImagePickerLocalizable.strings; sourceTree = "<group>"; };
		CFA85405271F0EE70012F027 /* id */ = {isa = PBXFileReference; lastKnownFileType = text.plist.strings; name = id; path = id.lproj/YPImagePickerLocalizable.strings; sourceTree = "<group>"; };
		CFA85406271F0EE70012F027 /* nl */ = {isa = PBXFileReference; lastKnownFileType = text.plist.strings; name = nl; path = nl.lproj/YPImagePickerLocalizable.strings; sourceTree = "<group>"; };
		CFA85407271F0EE70012F027 /* th */ = {isa = PBXFileReference; lastKnownFileType = text.plist.strings; name = th; path = th.lproj/YPImagePickerLocalizable.strings; sourceTree = "<group>"; };
		CFA85408271F0EE70012F027 /* pt-PT */ = {isa = PBXFileReference; lastKnownFileType = text.plist.strings; name = "pt-PT"; path = "pt-PT.lproj/YPImagePickerLocalizable.strings"; sourceTree = "<group>"; };
		CFA85409271F0EE70012F027 /* ro */ = {isa = PBXFileReference; lastKnownFileType = text.plist.strings; name = ro; path = ro.lproj/YPImagePickerLocalizable.strings; sourceTree = "<group>"; };
		CFA8540B271F0EE70012F027 /* YPLibrarySelection.swift */ = {isa = PBXFileReference; fileEncoding = 4; lastKnownFileType = sourcecode.swift; path = YPLibrarySelection.swift; sourceTree = "<group>"; };
		CFA8540C271F0EE70012F027 /* YPMediaItem.swift */ = {isa = PBXFileReference; fileEncoding = 4; lastKnownFileType = sourcecode.swift; path = YPMediaItem.swift; sourceTree = "<group>"; };
		CFA8540D271F0EE70012F027 /* YPFlashMode.swift */ = {isa = PBXFileReference; fileEncoding = 4; lastKnownFileType = sourcecode.swift; path = YPFlashMode.swift; sourceTree = "<group>"; };
		CFA8540E271F0EE70012F027 /* YPLog.swift */ = {isa = PBXFileReference; fileEncoding = 4; lastKnownFileType = sourcecode.swift; path = YPLog.swift; sourceTree = "<group>"; };
		CFA8540F271F0EE70012F027 /* YPDragDirection.swift */ = {isa = PBXFileReference; fileEncoding = 4; lastKnownFileType = sourcecode.swift; path = YPDragDirection.swift; sourceTree = "<group>"; };
		CFA85410271F0EE70012F027 /* YPError.swift */ = {isa = PBXFileReference; fileEncoding = 4; lastKnownFileType = sourcecode.swift; path = YPError.swift; sourceTree = "<group>"; };
		CFA85411271F0EE70012F027 /* YPTrimError.swift */ = {isa = PBXFileReference; fileEncoding = 4; lastKnownFileType = sourcecode.swift; path = YPTrimError.swift; sourceTree = "<group>"; };
		CFA85413271F0EE70012F027 /* YPSelectionsGalleryVC.swift */ = {isa = PBXFileReference; fileEncoding = 4; lastKnownFileType = sourcecode.swift; path = YPSelectionsGalleryVC.swift; sourceTree = "<group>"; };
		CFA85414271F0EE70012F027 /* YPSelectionsGalleryView.swift */ = {isa = PBXFileReference; fileEncoding = 4; lastKnownFileType = sourcecode.swift; path = YPSelectionsGalleryView.swift; sourceTree = "<group>"; };
		CFA85415271F0EE70012F027 /* YPSelectionsGalleryCell.swift */ = {isa = PBXFileReference; fileEncoding = 4; lastKnownFileType = sourcecode.swift; path = YPSelectionsGalleryCell.swift; sourceTree = "<group>"; };
		CFA85418271F0EE70012F027 /* YPVideoCaptureHelper.swift */ = {isa = PBXFileReference; fileEncoding = 4; lastKnownFileType = sourcecode.swift; path = YPVideoCaptureHelper.swift; sourceTree = "<group>"; };
		CFA85419271F0EE70012F027 /* YPVideoCaptureVC.swift */ = {isa = PBXFileReference; fileEncoding = 4; lastKnownFileType = sourcecode.swift; path = YPVideoCaptureVC.swift; sourceTree = "<group>"; };
		CFA8541B271F0EE70012F027 /* YPLibraryVC+CollectionView.swift */ = {isa = PBXFileReference; fileEncoding = 4; lastKnownFileType = sourcecode.swift; path = "YPLibraryVC+CollectionView.swift"; sourceTree = "<group>"; };
		CFA8541C271F0EE70012F027 /* YPLibraryVC+PanGesture.swift */ = {isa = PBXFileReference; fileEncoding = 4; lastKnownFileType = sourcecode.swift; path = "YPLibraryVC+PanGesture.swift"; sourceTree = "<group>"; };
		CFA8541D271F0EE70012F027 /* YPLibraryViewDelegate.swift */ = {isa = PBXFileReference; fileEncoding = 4; lastKnownFileType = sourcecode.swift; path = YPLibraryViewDelegate.swift; sourceTree = "<group>"; };
		CFA8541E271F0EE70012F027 /* YPGridView.swift */ = {isa = PBXFileReference; fileEncoding = 4; lastKnownFileType = sourcecode.swift; path = YPGridView.swift; sourceTree = "<group>"; };
		CFA8541F271F0EE70012F027 /* YPAssetZoomableView.swift */ = {isa = PBXFileReference; fileEncoding = 4; lastKnownFileType = sourcecode.swift; path = YPAssetZoomableView.swift; sourceTree = "<group>"; };
		CFA85420271F0EE70012F027 /* YPLibrary+LibraryChange.swift */ = {isa = PBXFileReference; fileEncoding = 4; lastKnownFileType = sourcecode.swift; path = "YPLibrary+LibraryChange.swift"; sourceTree = "<group>"; };
		CFA85422271F0EE70012F027 /* YPMenuItem.swift */ = {isa = PBXFileReference; fileEncoding = 4; lastKnownFileType = sourcecode.swift; path = YPMenuItem.swift; sourceTree = "<group>"; };
		CFA85423271F0EE70012F027 /* YPBottomPager.swift */ = {isa = PBXFileReference; fileEncoding = 4; lastKnownFileType = sourcecode.swift; path = YPBottomPager.swift; sourceTree = "<group>"; };
		CFA85424271F0EE70012F027 /* YPPagerMenu.swift */ = {isa = PBXFileReference; fileEncoding = 4; lastKnownFileType = sourcecode.swift; path = YPPagerMenu.swift; sourceTree = "<group>"; };
		CFA85425271F0EE70012F027 /* YPBottomPagerView.swift */ = {isa = PBXFileReference; fileEncoding = 4; lastKnownFileType = sourcecode.swift; path = YPBottomPagerView.swift; sourceTree = "<group>"; };
		CFA85426271F0EE70012F027 /* YPLibraryVC.swift */ = {isa = PBXFileReference; fileEncoding = 4; lastKnownFileType = sourcecode.swift; path = YPLibraryVC.swift; sourceTree = "<group>"; };
		CFA85427271F0EE70012F027 /* LibraryMediaManager.swift */ = {isa = PBXFileReference; fileEncoding = 4; lastKnownFileType = sourcecode.swift; path = LibraryMediaManager.swift; sourceTree = "<group>"; };
		CFA85428271F0EE70012F027 /* YPAssetViewContainer.swift */ = {isa = PBXFileReference; fileEncoding = 4; lastKnownFileType = sourcecode.swift; path = YPAssetViewContainer.swift; sourceTree = "<group>"; };
		CFA85429271F0EE70012F027 /* YPLibraryView.swift */ = {isa = PBXFileReference; fileEncoding = 4; lastKnownFileType = sourcecode.swift; path = YPLibraryView.swift; sourceTree = "<group>"; };
		CFA8542B271F0EE70012F027 /* YPAlbumsManager.swift */ = {isa = PBXFileReference; fileEncoding = 4; lastKnownFileType = sourcecode.swift; path = YPAlbumsManager.swift; sourceTree = "<group>"; };
		CFA8542C271F0EE70012F027 /* YPAlbumView.swift */ = {isa = PBXFileReference; fileEncoding = 4; lastKnownFileType = sourcecode.swift; path = YPAlbumView.swift; sourceTree = "<group>"; };
		CFA8542D271F0EE70012F027 /* YPAlbumVC.swift */ = {isa = PBXFileReference; fileEncoding = 4; lastKnownFileType = sourcecode.swift; path = YPAlbumVC.swift; sourceTree = "<group>"; };
		CFA8542E271F0EE70012F027 /* YPAlbumCell.swift */ = {isa = PBXFileReference; fileEncoding = 4; lastKnownFileType = sourcecode.swift; path = YPAlbumCell.swift; sourceTree = "<group>"; };
		CFA8542F271F0EE70012F027 /* YPAlbum.swift */ = {isa = PBXFileReference; fileEncoding = 4; lastKnownFileType = sourcecode.swift; path = YPAlbum.swift; sourceTree = "<group>"; };
		CFA85430271F0EE70012F027 /* YPLibraryViewCell.swift */ = {isa = PBXFileReference; fileEncoding = 4; lastKnownFileType = sourcecode.swift; path = YPLibraryViewCell.swift; sourceTree = "<group>"; };
		CFA85431271F0EE70012F027 /* YPLibraryView.xib */ = {isa = PBXFileReference; fileEncoding = 4; lastKnownFileType = file.xib; path = YPLibraryView.xib; sourceTree = "<group>"; };
		CFA85433271F0EE70012F027 /* YPCameraView.swift */ = {isa = PBXFileReference; fileEncoding = 4; lastKnownFileType = sourcecode.swift; path = YPCameraView.swift; sourceTree = "<group>"; };
		CFA85434271F0EE70012F027 /* YPPhotoCaptureHelper.swift */ = {isa = PBXFileReference; fileEncoding = 4; lastKnownFileType = sourcecode.swift; path = YPPhotoCaptureHelper.swift; sourceTree = "<group>"; };
		CFA85435271F0EE70012F027 /* YPCameraVC.swift */ = {isa = PBXFileReference; fileEncoding = 4; lastKnownFileType = sourcecode.swift; path = YPCameraVC.swift; sourceTree = "<group>"; };
		CFA85437271F0EE70012F027 /* YPVideoProcessor.swift */ = {isa = PBXFileReference; fileEncoding = 4; lastKnownFileType = sourcecode.swift; path = YPVideoProcessor.swift; sourceTree = "<group>"; };
		CFA85438271F0EE70012F027 /* YPDeviceOrientationHelper.swift */ = {isa = PBXFileReference; fileEncoding = 4; lastKnownFileType = sourcecode.swift; path = YPDeviceOrientationHelper.swift; sourceTree = "<group>"; };
		CFA8543A271F0EE70012F027 /* YPPermissionCheckable.swift */ = {isa = PBXFileReference; fileEncoding = 4; lastKnownFileType = sourcecode.swift; path = YPPermissionCheckable.swift; sourceTree = "<group>"; };
		CFA8543B271F0EE70012F027 /* YPPermissionManager.swift */ = {isa = PBXFileReference; fileEncoding = 4; lastKnownFileType = sourcecode.swift; path = YPPermissionManager.swift; sourceTree = "<group>"; };
		CFA8543C271F0EE70012F027 /* YPPermissionDeniedPopup.swift */ = {isa = PBXFileReference; fileEncoding = 4; lastKnownFileType = sourcecode.swift; path = YPPermissionDeniedPopup.swift; sourceTree = "<group>"; };
		CFA8543E271F0EE70012F027 /* AVCaptureDevice+Extensions.swift */ = {isa = PBXFileReference; fileEncoding = 4; lastKnownFileType = sourcecode.swift; path = "AVCaptureDevice+Extensions.swift"; sourceTree = "<group>"; };
		CFA8543F271F0EE70012F027 /* UIButton+Extensions.swift */ = {isa = PBXFileReference; fileEncoding = 4; lastKnownFileType = sourcecode.swift; path = "UIButton+Extensions.swift"; sourceTree = "<group>"; };
		CFA85440271F0EE70012F027 /* AVMutableComposition+Extensions.swift */ = {isa = PBXFileReference; fileEncoding = 4; lastKnownFileType = sourcecode.swift; path = "AVMutableComposition+Extensions.swift"; sourceTree = "<group>"; };
		CFA85441271F0EE70012F027 /* AVAsset+Extensions.swift */ = {isa = PBXFileReference; fileEncoding = 4; lastKnownFileType = sourcecode.swift; path = "AVAsset+Extensions.swift"; sourceTree = "<group>"; };
		CFA85442271F0EE70012F027 /* AVPlayer+Extensions.swift */ = {isa = PBXFileReference; fileEncoding = 4; lastKnownFileType = sourcecode.swift; path = "AVPlayer+Extensions.swift"; sourceTree = "<group>"; };
		CFA85443271F0EE70012F027 /* UIColor+Extensions.swift */ = {isa = PBXFileReference; fileEncoding = 4; lastKnownFileType = sourcecode.swift; path = "UIColor+Extensions.swift"; sourceTree = "<group>"; };
		CFA85444271F0EE70012F027 /* UIImage+Extensions.swift */ = {isa = PBXFileReference; fileEncoding = 4; lastKnownFileType = sourcecode.swift; path = "UIImage+Extensions.swift"; sourceTree = "<group>"; };
		CFA85445271F0EE70012F027 /* UINavigationBar+Extensions.swift */ = {isa = PBXFileReference; fileEncoding = 4; lastKnownFileType = sourcecode.swift; path = "UINavigationBar+Extensions.swift"; sourceTree = "<group>"; };
		CFA85446271F0EE70012F027 /* PHCachingImageManager+Extensions.swift */ = {isa = PBXFileReference; fileEncoding = 4; lastKnownFileType = sourcecode.swift; path = "PHCachingImageManager+Extensions.swift"; sourceTree = "<group>"; };
		CFA85447271F0EE70012F027 /* UIBarButtonItem+Extensions.swift */ = {isa = PBXFileReference; fileEncoding = 4; lastKnownFileType = sourcecode.swift; path = "UIBarButtonItem+Extensions.swift"; sourceTree = "<group>"; };
		CFA85448271F0EE70012F027 /* CIImage+Extensions.swift */ = {isa = PBXFileReference; fileEncoding = 4; lastKnownFileType = sourcecode.swift; path = "CIImage+Extensions.swift"; sourceTree = "<group>"; };
		CFA85449271F0EE70012F027 /* NSFileManager+Extensions.swift */ = {isa = PBXFileReference; fileEncoding = 4; lastKnownFileType = sourcecode.swift; path = "NSFileManager+Extensions.swift"; sourceTree = "<group>"; };
		CFA8544A271F0EE70012F027 /* URL+Extensions.swift */ = {isa = PBXFileReference; fileEncoding = 4; lastKnownFileType = sourcecode.swift; path = "URL+Extensions.swift"; sourceTree = "<group>"; };
		CFA8544B271F0EE70012F027 /* Bundle+Extensions.swift */ = {isa = PBXFileReference; fileEncoding = 4; lastKnownFileType = sourcecode.swift; path = "Bundle+Extensions.swift"; sourceTree = "<group>"; };
		CFA8544C271F0EE70012F027 /* AVFoundation+Extensions.swift */ = {isa = PBXFileReference; fileEncoding = 4; lastKnownFileType = sourcecode.swift; path = "AVFoundation+Extensions.swift"; sourceTree = "<group>"; };
		CFA8544D271F0EE70012F027 /* PHFetchResult+Extensions.swift */ = {isa = PBXFileReference; fileEncoding = 4; lastKnownFileType = sourcecode.swift; path = "PHFetchResult+Extensions.swift"; sourceTree = "<group>"; };
		CFA8544E271F0EE70012F027 /* CGRect+Extensions.swift */ = {isa = PBXFileReference; fileEncoding = 4; lastKnownFileType = sourcecode.swift; path = "CGRect+Extensions.swift"; sourceTree = "<group>"; };
		CFA8544F271F0EE70012F027 /* AVFileType+Extensions.swift */ = {isa = PBXFileReference; fileEncoding = 4; lastKnownFileType = sourcecode.swift; path = "AVFileType+Extensions.swift"; sourceTree = "<group>"; };
		CFA85450271F0EE70012F027 /* AVCaptureSession+Extensions.swift */ = {isa = PBXFileReference; fileEncoding = 4; lastKnownFileType = sourcecode.swift; path = "AVCaptureSession+Extensions.swift"; sourceTree = "<group>"; };
		CFA85451271F0EE70012F027 /* CGFloat+Extensions.swift */ = {isa = PBXFileReference; fileEncoding = 4; lastKnownFileType = sourcecode.swift; path = "CGFloat+Extensions.swift"; sourceTree = "<group>"; };
		CFA85452271F0EE70012F027 /* UICollectionView+Extensions.swift */ = {isa = PBXFileReference; fileEncoding = 4; lastKnownFileType = sourcecode.swift; path = "UICollectionView+Extensions.swift"; sourceTree = "<group>"; };
		CFA85453271F0EE70012F027 /* IndexSet+Extensions.swift */ = {isa = PBXFileReference; fileEncoding = 4; lastKnownFileType = sourcecode.swift; path = "IndexSet+Extensions.swift"; sourceTree = "<group>"; };
		CFA85454271F0EE70012F027 /* YPHelper.swift */ = {isa = PBXFileReference; fileEncoding = 4; lastKnownFileType = sourcecode.swift; path = YPHelper.swift; sourceTree = "<group>"; };
		CFA85455271F0EE70012F027 /* YPLoadingView.swift */ = {isa = PBXFileReference; fileEncoding = 4; lastKnownFileType = sourcecode.swift; path = YPLoadingView.swift; sourceTree = "<group>"; };
		CFA85456271F0EE70012F027 /* YPPhotoSaver.swift */ = {isa = PBXFileReference; fileEncoding = 4; lastKnownFileType = sourcecode.swift; path = YPPhotoSaver.swift; sourceTree = "<group>"; };
		CFA85457271F0EE70012F027 /* YPAlerts.swift */ = {isa = PBXFileReference; fileEncoding = 4; lastKnownFileType = sourcecode.swift; path = YPAlerts.swift; sourceTree = "<group>"; };
		CFA85458271F0EE70012F027 /* YPLoaders.swift */ = {isa = PBXFileReference; fileEncoding = 4; lastKnownFileType = sourcecode.swift; path = YPLoaders.swift; sourceTree = "<group>"; };
		CFA85459271F0EE70012F027 /* README.md */ = {isa = PBXFileReference; fileEncoding = 4; lastKnownFileType = net.daringfireball.markdown; path = README.md; sourceTree = "<group>"; };
		CFA854B5271F90E50012F027 /* YPPhotoFiltersVC.swift */ = {isa = PBXFileReference; fileEncoding = 4; lastKnownFileType = sourcecode.swift; path = YPPhotoFiltersVC.swift; sourceTree = "<group>"; };
		CFA854B6271F90E50012F027 /* YPFiltersView.swift */ = {isa = PBXFileReference; fileEncoding = 4; lastKnownFileType = sourcecode.swift; path = YPFiltersView.swift; sourceTree = "<group>"; };
		CFA854B7271F90E50012F027 /* YPFilterCollectionViewCell.swift */ = {isa = PBXFileReference; fileEncoding = 4; lastKnownFileType = sourcecode.swift; path = YPFilterCollectionViewCell.swift; sourceTree = "<group>"; };
		CFA854B8271F90E50012F027 /* YPFilter.swift */ = {isa = PBXFileReference; fileEncoding = 4; lastKnownFileType = sourcecode.swift; path = YPFilter.swift; sourceTree = "<group>"; };
		CFE0C1D52716A11400D3C097 /* AppDelegate.swift */ = {isa = PBXFileReference; lastKnownFileType = sourcecode.swift; path = AppDelegate.swift; sourceTree = "<group>"; };
		CFE0C1D72716A11400D3C097 /* SceneDelegate.swift */ = {isa = PBXFileReference; lastKnownFileType = sourcecode.swift; path = SceneDelegate.swift; sourceTree = "<group>"; };
		CFE0C1D92716A11400D3C097 /* ViewController.swift */ = {isa = PBXFileReference; lastKnownFileType = sourcecode.swift; path = ViewController.swift; sourceTree = "<group>"; };
		CFE0C1DC2716A11400D3C097 /* Base */ = {isa = PBXFileReference; lastKnownFileType = file.storyboard; name = Base; path = Base.lproj/Main.storyboard; sourceTree = "<group>"; };
		CFE0C1DE2716A11600D3C097 /* Assets.xcassets */ = {isa = PBXFileReference; lastKnownFileType = folder.assetcatalog; path = Assets.xcassets; sourceTree = "<group>"; };
		CFE0C1E12716A11600D3C097 /* Base */ = {isa = PBXFileReference; lastKnownFileType = file.storyboard; name = Base; path = Base.lproj/LaunchScreen.storyboard; sourceTree = "<group>"; };
		CFE0C1E32716A11600D3C097 /* Info.plist */ = {isa = PBXFileReference; lastKnownFileType = text.plist.xml; path = Info.plist; sourceTree = "<group>"; };
		CFE0C1F02716A3A000D3C097 /* MainTabController.swift */ = {isa = PBXFileReference; fileEncoding = 4; lastKnownFileType = sourcecode.swift; path = MainTabController.swift; sourceTree = "<group>"; };
		CFE0C1F42716A52C00D3C097 /* UploadPostController.swift */ = {isa = PBXFileReference; fileEncoding = 4; lastKnownFileType = sourcecode.swift; path = UploadPostController.swift; sourceTree = "<group>"; };
		CFE0C1F52716A52C00D3C097 /* NotificationController.swift */ = {isa = PBXFileReference; fileEncoding = 4; lastKnownFileType = sourcecode.swift; path = NotificationController.swift; sourceTree = "<group>"; };
		CFE0C1F62716A52C00D3C097 /* ImageSelectorController.swift */ = {isa = PBXFileReference; fileEncoding = 4; lastKnownFileType = sourcecode.swift; path = ImageSelectorController.swift; sourceTree = "<group>"; };
		CFE0C1F72716A52C00D3C097 /* FeedController.swift */ = {isa = PBXFileReference; fileEncoding = 4; lastKnownFileType = sourcecode.swift; path = FeedController.swift; sourceTree = "<group>"; };
		CFE0C1F82716A52C00D3C097 /* SearchController.swift */ = {isa = PBXFileReference; fileEncoding = 4; lastKnownFileType = sourcecode.swift; path = SearchController.swift; sourceTree = "<group>"; };
		CFE0C1F92716A52D00D3C097 /* CommentController.swift */ = {isa = PBXFileReference; fileEncoding = 4; lastKnownFileType = sourcecode.swift; path = CommentController.swift; sourceTree = "<group>"; };
		CFE0C1FA2716A52D00D3C097 /* ProfileController.swift */ = {isa = PBXFileReference; fileEncoding = 4; lastKnownFileType = sourcecode.swift; path = ProfileController.swift; sourceTree = "<group>"; };
		CFE0C2052716ADEB00D3C097 /* FeedCell.swift */ = {isa = PBXFileReference; fileEncoding = 4; lastKnownFileType = sourcecode.swift; path = FeedCell.swift; sourceTree = "<group>"; };
		CFE0C2072716B7EC00D3C097 /* Extensions.swift */ = {isa = PBXFileReference; fileEncoding = 4; lastKnownFileType = sourcecode.swift; path = Extensions.swift; sourceTree = "<group>"; };
		CFE0C20E2716CEC000D3C097 /* LoginController.swift */ = {isa = PBXFileReference; fileEncoding = 4; lastKnownFileType = sourcecode.swift; path = LoginController.swift; sourceTree = "<group>"; };
		CFE0C2102716CF3100D3C097 /* CustomTextField.swift */ = {isa = PBXFileReference; fileEncoding = 4; lastKnownFileType = sourcecode.swift; path = CustomTextField.swift; sourceTree = "<group>"; };
		CFE0C2122716D20200D3C097 /* RegistrationController.swift */ = {isa = PBXFileReference; fileEncoding = 4; lastKnownFileType = sourcecode.swift; path = RegistrationController.swift; sourceTree = "<group>"; };
		CFE0C2142716DB0F00D3C097 /* AuthenricationViewModel.swift */ = {isa = PBXFileReference; fileEncoding = 4; lastKnownFileType = sourcecode.swift; path = AuthenricationViewModel.swift; sourceTree = "<group>"; };
		CFE0C2162717C87C00D3C097 /* GoogleService-Info.plist */ = {isa = PBXFileReference; fileEncoding = 4; lastKnownFileType = text.plist.xml; path = "GoogleService-Info.plist"; sourceTree = "<group>"; };
		CFE0C2192717D0D600D3C097 /* ImageUploader.swift */ = {isa = PBXFileReference; fileEncoding = 4; lastKnownFileType = sourcecode.swift; path = ImageUploader.swift; sourceTree = "<group>"; };
		CFE0C21B2717D15000D3C097 /* AuthService.swift */ = {isa = PBXFileReference; fileEncoding = 4; lastKnownFileType = sourcecode.swift; path = AuthService.swift; sourceTree = "<group>"; };
		CFE0C21F2717ED3500D3C097 /* ProfileCell.swift */ = {isa = PBXFileReference; fileEncoding = 4; lastKnownFileType = sourcecode.swift; path = ProfileCell.swift; sourceTree = "<group>"; };
		CFE0C2202717ED3500D3C097 /* ProfileHeader.swift */ = {isa = PBXFileReference; fileEncoding = 4; lastKnownFileType = sourcecode.swift; path = ProfileHeader.swift; sourceTree = "<group>"; };
		CFE0C2262717FB2900D3C097 /* ProfileViewModel.swift */ = {isa = PBXFileReference; fileEncoding = 4; lastKnownFileType = sourcecode.swift; path = ProfileViewModel.swift; sourceTree = "<group>"; };
		CFE0C2282718032800D3C097 /* UserService.swift */ = {isa = PBXFileReference; fileEncoding = 4; lastKnownFileType = sourcecode.swift; path = UserService.swift; sourceTree = "<group>"; };
		CFE0C22A2718038600D3C097 /* Constants.swift */ = {isa = PBXFileReference; fileEncoding = 4; lastKnownFileType = sourcecode.swift; path = Constants.swift; sourceTree = "<group>"; };
		CFE0C22C271803D100D3C097 /* User.swift */ = {isa = PBXFileReference; fileEncoding = 4; lastKnownFileType = sourcecode.swift; path = User.swift; sourceTree = "<group>"; };
		CFE0C22E2719534F00D3C097 /* UserCell.swift */ = {isa = PBXFileReference; fileEncoding = 4; lastKnownFileType = sourcecode.swift; path = UserCell.swift; sourceTree = "<group>"; };
		CFE0C23027197CA600D3C097 /* UserCellViewModel.swift */ = {isa = PBXFileReference; fileEncoding = 4; lastKnownFileType = sourcecode.swift; path = UserCellViewModel.swift; sourceTree = "<group>"; };
		E17B30CA73DB4754D70F2735 /* Pods-InstagramAppWithFireBase.release.xcconfig */ = {isa = PBXFileReference; includeInIndex = 1; lastKnownFileType = text.xcconfig; name = "Pods-InstagramAppWithFireBase.release.xcconfig"; path = "Target Support Files/Pods-InstagramAppWithFireBase/Pods-InstagramAppWithFireBase.release.xcconfig"; sourceTree = "<group>"; };
/* End PBXFileReference section */

/* Begin PBXFrameworksBuildPhase section */
		CFE0C1CF2716A11400D3C097 /* Frameworks */ = {
			isa = PBXFrameworksBuildPhase;
			buildActionMask = 2147483647;
			files = (
				CF1A5878271BFF88004730E3 /* JGProgressHUD in Frameworks */,
				CF1A5875271BFF7B004730E3 /* SDWebImage in Frameworks */,
				CFA851F8271E81820012F027 /* ActiveLabel in Frameworks */,
				CF1A5872271BFF6B004730E3 /* Stevia in Frameworks */,
				D8C78013ACE41065C79B6E91 /* Pods_InstagramAppWithFireBase.framework in Frameworks */,
			);
			runOnlyForDeploymentPostprocessing = 0;
		};
/* End PBXFrameworksBuildPhase section */

/* Begin PBXGroup section */
		1650611A2FBBE69838170EFB /* Frameworks */ = {
			isa = PBXGroup;
			children = (
				CF1A5869271BFE0B004730E3 /* Stevia.framework */,
				472755635B21D6F40C001C32 /* Pods_InstagramAppWithFireBase.framework */,
			);
			name = Frameworks;
			sourceTree = "<group>";
		};
		A9C1F50A890937B24A3F93FD /* Pods */ = {
			isa = PBXGroup;
			children = (
				90FDC340E97C5F171AE5210D /* Pods-InstagramAppWithFireBase.debug.xcconfig */,
				E17B30CA73DB4754D70F2735 /* Pods-InstagramAppWithFireBase.release.xcconfig */,
			);
			path = Pods;
			sourceTree = "<group>";
		};
		CFA853D1271F0EE70012F027 /* YPImagePicker */ = {
			isa = PBXGroup;
			children = (
				CFA853D2271F0EE70012F027 /* LICENSE */,
				CFA853D3271F0EE70012F027 /* Source */,
				CFA85459271F0EE70012F027 /* README.md */,
			);
			path = YPImagePicker;
			sourceTree = "<group>";
		};
		CFA853D3271F0EE70012F027 /* Source */ = {
			isa = PBXGroup;
			children = (
				CFA853D4271F0EE70012F027 /* Filters */,
				CFA853E1271F0EE70012F027 /* YPPickerVC.swift */,
				CFA853E2271F0EE70012F027 /* Configuration */,
				CFA853EA271F0EE70012F027 /* YPImagePicker.swift */,
				CFA853EB271F0EE70012F027 /* Resources */,
				CFA8540A271F0EE70012F027 /* Models */,
				CFA85412271F0EE70012F027 /* SelectionsGallery */,
				CFA85416271F0EE70012F027 /* Pages */,
				CFA85436271F0EE70012F027 /* Helpers */,
			);
			path = Source;
			sourceTree = "<group>";
		};
		CFA853D4271F0EE70012F027 /* Filters */ = {
			isa = PBXGroup;
			children = (
				CFA854B4271F90E50012F027 /* Photo */,
				CFA853D5271F0EE70012F027 /* Video */,
				CFA853D9271F0EE70012F027 /* Crop */,
			);
			path = Filters;
			sourceTree = "<group>";
		};
		CFA853D5271F0EE70012F027 /* Video */ = {
			isa = PBXGroup;
			children = (
				CFA853D6271F0EE70012F027 /* YPVideoView.swift */,
				CFA853D7271F0EE70012F027 /* YPVideoFiltersVC.swift */,
				CFA853D8271F0EE70012F027 /* YPVideoFiltersVC.xib */,
			);
			path = Video;
			sourceTree = "<group>";
		};
		CFA853D9271F0EE70012F027 /* Crop */ = {
			isa = PBXGroup;
			children = (
				CFA853DA271F0EE70012F027 /* YPCropView.swift */,
				CFA853DB271F0EE70012F027 /* YPCropVC.swift */,
			);
			path = Crop;
			sourceTree = "<group>";
		};
		CFA853E2271F0EE70012F027 /* Configuration */ = {
			isa = PBXGroup;
			children = (
				CFA853E3271F0EE70012F027 /* YPFonts.swift */,
				CFA853E4271F0EE70012F027 /* YPImageSize.swift */,
				CFA853E5271F0EE70012F027 /* YPImagePickerConfiguration.swift */,
				CFA853E6271F0EE70012F027 /* YPWordings.swift */,
				CFA853E7271F0EE70012F027 /* YPColors.swift */,
				CFA853E8271F0EE70012F027 /* YPPickerScreen.swift */,
				CFA853E9271F0EE70012F027 /* YPIcons.swift */,
			);
			path = Configuration;
			sourceTree = "<group>";
		};
		CFA853EB271F0EE70012F027 /* Resources */ = {
			isa = PBXGroup;
			children = (
				CFA853EC271F0EE70012F027 /* YPImagePickerLocalizable.strings */,
				CFA853F8271F0EE70012F027 /* Assets.xcassets */,
			);
			path = Resources;
			sourceTree = "<group>";
		};
		CFA8540A271F0EE70012F027 /* Models */ = {
			isa = PBXGroup;
			children = (
				CFA8540B271F0EE70012F027 /* YPLibrarySelection.swift */,
				CFA8540C271F0EE70012F027 /* YPMediaItem.swift */,
				CFA8540D271F0EE70012F027 /* YPFlashMode.swift */,
				CFA8540E271F0EE70012F027 /* YPLog.swift */,
				CFA8540F271F0EE70012F027 /* YPDragDirection.swift */,
				CFA85410271F0EE70012F027 /* YPError.swift */,
				CFA85411271F0EE70012F027 /* YPTrimError.swift */,
			);
			path = Models;
			sourceTree = "<group>";
		};
		CFA85412271F0EE70012F027 /* SelectionsGallery */ = {
			isa = PBXGroup;
			children = (
				CFA85413271F0EE70012F027 /* YPSelectionsGalleryVC.swift */,
				CFA85414271F0EE70012F027 /* YPSelectionsGalleryView.swift */,
				CFA85415271F0EE70012F027 /* YPSelectionsGalleryCell.swift */,
			);
			path = SelectionsGallery;
			sourceTree = "<group>";
		};
		CFA85416271F0EE70012F027 /* Pages */ = {
			isa = PBXGroup;
			children = (
				CFA85417271F0EE70012F027 /* Video */,
				CFA8541A271F0EE70012F027 /* Gallery */,
				CFA85432271F0EE70012F027 /* Photo */,
			);
			path = Pages;
			sourceTree = "<group>";
		};
		CFA85417271F0EE70012F027 /* Video */ = {
			isa = PBXGroup;
			children = (
				CFA85418271F0EE70012F027 /* YPVideoCaptureHelper.swift */,
				CFA85419271F0EE70012F027 /* YPVideoCaptureVC.swift */,
			);
			path = Video;
			sourceTree = "<group>";
		};
		CFA8541A271F0EE70012F027 /* Gallery */ = {
			isa = PBXGroup;
			children = (
				CFA8541B271F0EE70012F027 /* YPLibraryVC+CollectionView.swift */,
				CFA8541C271F0EE70012F027 /* YPLibraryVC+PanGesture.swift */,
				CFA8541D271F0EE70012F027 /* YPLibraryViewDelegate.swift */,
				CFA8541E271F0EE70012F027 /* YPGridView.swift */,
				CFA8541F271F0EE70012F027 /* YPAssetZoomableView.swift */,
				CFA85420271F0EE70012F027 /* YPLibrary+LibraryChange.swift */,
				CFA85421271F0EE70012F027 /* BottomPager */,
				CFA85426271F0EE70012F027 /* YPLibraryVC.swift */,
				CFA85427271F0EE70012F027 /* LibraryMediaManager.swift */,
				CFA85428271F0EE70012F027 /* YPAssetViewContainer.swift */,
				CFA85429271F0EE70012F027 /* YPLibraryView.swift */,
				CFA8542A271F0EE70012F027 /* Album */,
				CFA85430271F0EE70012F027 /* YPLibraryViewCell.swift */,
				CFA85431271F0EE70012F027 /* YPLibraryView.xib */,
			);
			path = Gallery;
			sourceTree = "<group>";
		};
		CFA85421271F0EE70012F027 /* BottomPager */ = {
			isa = PBXGroup;
			children = (
				CFA85422271F0EE70012F027 /* YPMenuItem.swift */,
				CFA85423271F0EE70012F027 /* YPBottomPager.swift */,
				CFA85424271F0EE70012F027 /* YPPagerMenu.swift */,
				CFA85425271F0EE70012F027 /* YPBottomPagerView.swift */,
			);
			path = BottomPager;
			sourceTree = "<group>";
		};
		CFA8542A271F0EE70012F027 /* Album */ = {
			isa = PBXGroup;
			children = (
				CFA8542B271F0EE70012F027 /* YPAlbumsManager.swift */,
				CFA8542C271F0EE70012F027 /* YPAlbumView.swift */,
				CFA8542D271F0EE70012F027 /* YPAlbumVC.swift */,
				CFA8542E271F0EE70012F027 /* YPAlbumCell.swift */,
				CFA8542F271F0EE70012F027 /* YPAlbum.swift */,
			);
			path = Album;
			sourceTree = "<group>";
		};
		CFA85432271F0EE70012F027 /* Photo */ = {
			isa = PBXGroup;
			children = (
				CFA85433271F0EE70012F027 /* YPCameraView.swift */,
				CFA85434271F0EE70012F027 /* YPPhotoCaptureHelper.swift */,
				CFA85435271F0EE70012F027 /* YPCameraVC.swift */,
			);
			path = Photo;
			sourceTree = "<group>";
		};
		CFA85436271F0EE70012F027 /* Helpers */ = {
			isa = PBXGroup;
			children = (
				CFA85437271F0EE70012F027 /* YPVideoProcessor.swift */,
				CFA85438271F0EE70012F027 /* YPDeviceOrientationHelper.swift */,
				CFA85439271F0EE70012F027 /* Permissions */,
				CFA8543D271F0EE70012F027 /* Extensions */,
				CFA85454271F0EE70012F027 /* YPHelper.swift */,
				CFA85455271F0EE70012F027 /* YPLoadingView.swift */,
				CFA85456271F0EE70012F027 /* YPPhotoSaver.swift */,
				CFA85457271F0EE70012F027 /* YPAlerts.swift */,
				CFA85458271F0EE70012F027 /* YPLoaders.swift */,
			);
			path = Helpers;
			sourceTree = "<group>";
		};
		CFA85439271F0EE70012F027 /* Permissions */ = {
			isa = PBXGroup;
			children = (
				CFA8543A271F0EE70012F027 /* YPPermissionCheckable.swift */,
				CFA8543B271F0EE70012F027 /* YPPermissionManager.swift */,
				CFA8543C271F0EE70012F027 /* YPPermissionDeniedPopup.swift */,
			);
			path = Permissions;
			sourceTree = "<group>";
		};
		CFA8543D271F0EE70012F027 /* Extensions */ = {
			isa = PBXGroup;
			children = (
				CFA8543E271F0EE70012F027 /* AVCaptureDevice+Extensions.swift */,
				CFA8543F271F0EE70012F027 /* UIButton+Extensions.swift */,
				CFA85440271F0EE70012F027 /* AVMutableComposition+Extensions.swift */,
				CFA85441271F0EE70012F027 /* AVAsset+Extensions.swift */,
				CFA85442271F0EE70012F027 /* AVPlayer+Extensions.swift */,
				CFA85443271F0EE70012F027 /* UIColor+Extensions.swift */,
				CFA85444271F0EE70012F027 /* UIImage+Extensions.swift */,
				CFA85445271F0EE70012F027 /* UINavigationBar+Extensions.swift */,
				CFA85446271F0EE70012F027 /* PHCachingImageManager+Extensions.swift */,
				CFA85447271F0EE70012F027 /* UIBarButtonItem+Extensions.swift */,
				CFA85448271F0EE70012F027 /* CIImage+Extensions.swift */,
				CFA85449271F0EE70012F027 /* NSFileManager+Extensions.swift */,
				CFA8544A271F0EE70012F027 /* URL+Extensions.swift */,
				CFA8544B271F0EE70012F027 /* Bundle+Extensions.swift */,
				CFA8544C271F0EE70012F027 /* AVFoundation+Extensions.swift */,
				CFA8544D271F0EE70012F027 /* PHFetchResult+Extensions.swift */,
				CFA8544E271F0EE70012F027 /* CGRect+Extensions.swift */,
				CFA8544F271F0EE70012F027 /* AVFileType+Extensions.swift */,
				CFA85450271F0EE70012F027 /* AVCaptureSession+Extensions.swift */,
				CFA85451271F0EE70012F027 /* CGFloat+Extensions.swift */,
				CFA85452271F0EE70012F027 /* UICollectionView+Extensions.swift */,
				CFA85453271F0EE70012F027 /* IndexSet+Extensions.swift */,
			);
			path = Extensions;
			sourceTree = "<group>";
		};
		CFA854B4271F90E50012F027 /* Photo */ = {
			isa = PBXGroup;
			children = (
				CFA854B5271F90E50012F027 /* YPPhotoFiltersVC.swift */,
				CFA854B6271F90E50012F027 /* YPFiltersView.swift */,
				CFA854B7271F90E50012F027 /* YPFilterCollectionViewCell.swift */,
				CFA854B8271F90E50012F027 /* YPFilter.swift */,
			);
			name = Photo;
			path = YPImagePicker/Source/Filters/Photo;
			sourceTree = SOURCE_ROOT;
		};
		CFE0C1C92716A11400D3C097 = {
			isa = PBXGroup;
			children = (
				CFA853D1271F0EE70012F027 /* YPImagePicker */,
				CFE0C1D42716A11400D3C097 /* InstagramAppWithFireBase */,
				A9C1F50A890937B24A3F93FD /* Pods */,
				1650611A2FBBE69838170EFB /* Frameworks */,
				CF1A5699271BF3FC004730E3 /* InstagramAppWithFireBase.app */,
			);
			sourceTree = "<group>";
		};
		CFE0C1D42716A11400D3C097 /* InstagramAppWithFireBase */ = {
			isa = PBXGroup;
			children = (
				CFE0C1EE2716A28F00D3C097 /* Views */,
				CFE0C1ED2716A28C00D3C097 /* Models */,
				CFE0C1EC2716A28900D3C097 /* Controller  */,
				CFE0C1EF2716A2D600D3C097 /* API */,
				CFE0C1EA2716A20A00D3C097 /* Utils */,
				CFE0C1E92716A1EE00D3C097 /* ViewModel */,
				CFE0C1D52716A11400D3C097 /* AppDelegate.swift */,
				CFE0C1D72716A11400D3C097 /* SceneDelegate.swift */,
				CFE0C1D92716A11400D3C097 /* ViewController.swift */,
				CFE0C1DB2716A11400D3C097 /* Main.storyboard */,
				CFE0C1DE2716A11600D3C097 /* Assets.xcassets */,
				CFE0C1E02716A11600D3C097 /* LaunchScreen.storyboard */,
				CFE0C1E32716A11600D3C097 /* Info.plist */,
				CFE0C2162717C87C00D3C097 /* GoogleService-Info.plist */,
			);
			path = InstagramAppWithFireBase;
			sourceTree = "<group>";
		};
		CFE0C1E92716A1EE00D3C097 /* ViewModel */ = {
			isa = PBXGroup;
			children = (
				CFA851F1271D6D660012F027 /* PostViewModel.swift */,
				CFE0C23027197CA600D3C097 /* UserCellViewModel.swift */,
				CFE0C2142716DB0F00D3C097 /* AuthenricationViewModel.swift */,
				CFE0C2262717FB2900D3C097 /* ProfileViewModel.swift */,
			);
			path = ViewModel;
			sourceTree = "<group>";
		};
		CFE0C1EA2716A20A00D3C097 /* Utils */ = {
			isa = PBXGroup;
			children = (
				CF1A587A271C1A1C004730E3 /* InputTextView.swift */,
				CFE0C22A2718038600D3C097 /* Constants.swift */,
				CFE0C2072716B7EC00D3C097 /* Extensions.swift */,
			);
			path = Utils;
			sourceTree = "<group>";
		};
		CFE0C1EC2716A28900D3C097 /* Controller  */ = {
			isa = PBXGroup;
			children = (
				CFE0C20D2716CEA500D3C097 /* Authentication */,
				CFE0C1F02716A3A000D3C097 /* MainTabController.swift */,
				CFE0C1F72716A52C00D3C097 /* FeedController.swift */,
				CFE0C1F82716A52C00D3C097 /* SearchController.swift */,
				CFE0C1F92716A52D00D3C097 /* CommentController.swift */,
				CFE0C1F62716A52C00D3C097 /* ImageSelectorController.swift */,
				CFE0C1F52716A52C00D3C097 /* NotificationController.swift */,
				CFE0C1FA2716A52D00D3C097 /* ProfileController.swift */,
				CFE0C1F42716A52C00D3C097 /* UploadPostController.swift */,
			);
			path = "Controller ";
			sourceTree = "<group>";
		};
		CFE0C1ED2716A28C00D3C097 /* Models */ = {
			isa = PBXGroup;
			children = (
				CFA851EF271D4E520012F027 /* Post.swift */,
				CFE0C22C271803D100D3C097 /* User.swift */,
			);
			path = Models;
			sourceTree = "<group>";
		};
		CFE0C1EE2716A28F00D3C097 /* Views */ = {
			isa = PBXGroup;
			children = (
				CFE0C22E2719534F00D3C097 /* UserCell.swift */,
				CFE0C2102716CF3100D3C097 /* CustomTextField.swift */,
				CFE0C21E2717ED3500D3C097 /* Profile */,
			);
			path = Views;
			sourceTree = "<group>";
		};
		CFE0C1EF2716A2D600D3C097 /* API */ = {
			isa = PBXGroup;
			children = (
				CFA851ED271D4E310012F027 /* PostService.swift */,
				CFE0C2282718032800D3C097 /* UserService.swift */,
				CFE0C2192717D0D600D3C097 /* ImageUploader.swift */,
				CFE0C21B2717D15000D3C097 /* AuthService.swift */,
			);
			path = API;
			sourceTree = "<group>";
		};
		CFE0C20D2716CEA500D3C097 /* Authentication */ = {
			isa = PBXGroup;
			children = (
				CFE0C2122716D20200D3C097 /* RegistrationController.swift */,
				CFE0C20E2716CEC000D3C097 /* LoginController.swift */,
			);
			path = Authentication;
			sourceTree = "<group>";
		};
		CFE0C21E2717ED3500D3C097 /* Profile */ = {
			isa = PBXGroup;
			children = (
				CFE0C2052716ADEB00D3C097 /* FeedCell.swift */,
				CFE0C21F2717ED3500D3C097 /* ProfileCell.swift */,
				CFE0C2202717ED3500D3C097 /* ProfileHeader.swift */,
			);
			path = Profile;
			sourceTree = "<group>";
		};
/* End PBXGroup section */

/* Begin PBXNativeTarget section */
		CFE0C1D12716A11400D3C097 /* InstagramAppWithFireBase */ = {
			isa = PBXNativeTarget;
			buildConfigurationList = CFE0C1E62716A11600D3C097 /* Build configuration list for PBXNativeTarget "InstagramAppWithFireBase" */;
			buildPhases = (
				5D229B4C54ADC7D6004BD2D9 /* [CP] Check Pods Manifest.lock */,
				CFE0C1CE2716A11400D3C097 /* Sources */,
				CFE0C1CF2716A11400D3C097 /* Frameworks */,
				CFE0C1D02716A11400D3C097 /* Resources */,
				3693C33E2299A6D96979E3B3 /* [CP] Embed Pods Frameworks */,
			);
			buildRules = (
			);
			dependencies = (
			);
			name = InstagramAppWithFireBase;
			packageProductDependencies = (
				CF1A5871271BFF6B004730E3 /* Stevia */,
				CF1A5874271BFF7B004730E3 /* SDWebImage */,
				CF1A5877271BFF88004730E3 /* JGProgressHUD */,
				CFA851F7271E81820012F027 /* ActiveLabel */,
			);
			productName = InstagramAppWithFireBase;
			productReference = CF1A5699271BF3FC004730E3 /* InstagramAppWithFireBase.app */;
			productType = "com.apple.product-type.application";
		};
/* End PBXNativeTarget section */

/* Begin PBXProject section */
		CFE0C1CA2716A11400D3C097 /* Project object */ = {
			isa = PBXProject;
			attributes = {
				BuildIndependentTargetsInParallel = 1;
				LastSwiftUpdateCheck = 1300;
				LastUpgradeCheck = 1300;
				TargetAttributes = {
					CFE0C1D12716A11400D3C097 = {
						CreatedOnToolsVersion = 13.0;
					};
				};
			};
			buildConfigurationList = CFE0C1CD2716A11400D3C097 /* Build configuration list for PBXProject "InstagramAppWithFireBase" */;
			compatibilityVersion = "Xcode 13.0";
			developmentRegion = en;
			hasScannedForEncodings = 0;
			knownRegions = (
				en,
				Base,
				de,
				ar,
				"zh-Hans",
				ja,
				fa,
				nb,
				es,
				da,
				it,
				bg,
				sv,
				cs,
				km,
				ko,
				"zh-Hant",
				"km-KH",
				tr,
				pl,
				"pt-BR",
				vi,
				ru,
				fr,
				id,
				nl,
				th,
				"pt-PT",
				ro,
			);
			mainGroup = CFE0C1C92716A11400D3C097;
			packageReferences = (
				CF1A5870271BFF6B004730E3 /* XCRemoteSwiftPackageReference "Stevia" */,
				CF1A5873271BFF7B004730E3 /* XCRemoteSwiftPackageReference "SDWebImage" */,
				CF1A5876271BFF88004730E3 /* XCRemoteSwiftPackageReference "JGProgressHUD" */,
				CFA851F6271E81820012F027 /* XCRemoteSwiftPackageReference "ActiveLabel" */,
			);
			productRefGroup = CFE0C1C92716A11400D3C097;
			projectDirPath = "";
			projectRoot = "";
			targets = (
				CFE0C1D12716A11400D3C097 /* InstagramAppWithFireBase */,
			);
		};
/* End PBXProject section */

/* Begin PBXResourcesBuildPhase section */
		CFE0C1D02716A11400D3C097 /* Resources */ = {
			isa = PBXResourcesBuildPhase;
			buildActionMask = 2147483647;
			files = (
				CFE0C1E22716A11600D3C097 /* LaunchScreen.storyboard in Resources */,
				CFE0C1DF2716A11600D3C097 /* Assets.xcassets in Resources */,
				CFA854B3271F0EE80012F027 /* README.md in Resources */,
				CFE0C2172717C87C00D3C097 /* GoogleService-Info.plist in Resources */,
				CFA8545D271F0EE80012F027 /* YPVideoFiltersVC.xib in Resources */,
				CFE0C1DD2716A11400D3C097 /* Main.storyboard in Resources */,
				CFA8546D271F0EE80012F027 /* YPImagePickerLocalizable.strings in Resources */,
				CFA8546E271F0EE80012F027 /* Assets.xcassets in Resources */,
				CFA8548F271F0EE80012F027 /* YPLibraryView.xib in Resources */,
				CFA8545A271F0EE80012F027 /* LICENSE in Resources */,
			);
			runOnlyForDeploymentPostprocessing = 0;
		};
/* End PBXResourcesBuildPhase section */

/* Begin PBXShellScriptBuildPhase section */
		3693C33E2299A6D96979E3B3 /* [CP] Embed Pods Frameworks */ = {
			isa = PBXShellScriptBuildPhase;
			buildActionMask = 2147483647;
			files = (
			);
			inputFileListPaths = (
				"${PODS_ROOT}/Target Support Files/Pods-InstagramAppWithFireBase/Pods-InstagramAppWithFireBase-frameworks-${CONFIGURATION}-input-files.xcfilelist",
			);
			name = "[CP] Embed Pods Frameworks";
			outputFileListPaths = (
				"${PODS_ROOT}/Target Support Files/Pods-InstagramAppWithFireBase/Pods-InstagramAppWithFireBase-frameworks-${CONFIGURATION}-output-files.xcfilelist",
			);
			runOnlyForDeploymentPostprocessing = 0;
			shellPath = /bin/sh;
			shellScript = "\"${PODS_ROOT}/Target Support Files/Pods-InstagramAppWithFireBase/Pods-InstagramAppWithFireBase-frameworks.sh\"\n";
			showEnvVarsInLog = 0;
		};
		5D229B4C54ADC7D6004BD2D9 /* [CP] Check Pods Manifest.lock */ = {
			isa = PBXShellScriptBuildPhase;
			buildActionMask = 2147483647;
			files = (
			);
			inputFileListPaths = (
			);
			inputPaths = (
				"${PODS_PODFILE_DIR_PATH}/Podfile.lock",
				"${PODS_ROOT}/Manifest.lock",
			);
			name = "[CP] Check Pods Manifest.lock";
			outputFileListPaths = (
			);
			outputPaths = (
				"$(DERIVED_FILE_DIR)/Pods-InstagramAppWithFireBase-checkManifestLockResult.txt",
			);
			runOnlyForDeploymentPostprocessing = 0;
			shellPath = /bin/sh;
			shellScript = "diff \"${PODS_PODFILE_DIR_PATH}/Podfile.lock\" \"${PODS_ROOT}/Manifest.lock\" > /dev/null\nif [ $? != 0 ] ; then\n    # print error to STDERR\n    echo \"error: The sandbox is not in sync with the Podfile.lock. Run 'pod install' or update your CocoaPods installation.\" >&2\n    exit 1\nfi\n# This output is used by Xcode 'outputs' to avoid re-running this script phase.\necho \"SUCCESS\" > \"${SCRIPT_OUTPUT_FILE_0}\"\n";
			showEnvVarsInLog = 0;
		};
/* End PBXShellScriptBuildPhase section */

/* Begin PBXSourcesBuildPhase section */
		CFE0C1CE2716A11400D3C097 /* Sources */ = {
			isa = PBXSourcesBuildPhase;
			buildActionMask = 2147483647;
			files = (
				CFE0C1FC2716A52D00D3C097 /* NotificationController.swift in Sources */,
				CFE0C2002716A52D00D3C097 /* CommentController.swift in Sources */,
				CFA85492271F0EE80012F027 /* YPCameraVC.swift in Sources */,
				CFA854A5271F0EE80012F027 /* Bundle+Extensions.swift in Sources */,
				CFA854A8271F0EE80012F027 /* CGRect+Extensions.swift in Sources */,
				CFA8547F271F0EE80012F027 /* YPAssetZoomableView.swift in Sources */,
				CFA85479271F0EE80012F027 /* YPVideoCaptureHelper.swift in Sources */,
				CFA85471271F0EE80012F027 /* YPFlashMode.swift in Sources */,
				CFA85465271F0EE80012F027 /* YPFonts.swift in Sources */,
				CFA8547C271F0EE80012F027 /* YPLibraryVC+PanGesture.swift in Sources */,
				CFA854A0271F0EE80012F027 /* PHCachingImageManager+Extensions.swift in Sources */,
				CFE0C1FD2716A52D00D3C097 /* ImageSelectorController.swift in Sources */,
				CFA8546A271F0EE80012F027 /* YPPickerScreen.swift in Sources */,
				CFA8548A271F0EE80012F027 /* YPAlbumView.swift in Sources */,
				CFA851EE271D4E310012F027 /* PostService.swift in Sources */,
				CF1A587B271C1A1C004730E3 /* InputTextView.swift in Sources */,
				CFA85499271F0EE80012F027 /* UIButton+Extensions.swift in Sources */,
				CFA8548B271F0EE80012F027 /* YPAlbumVC.swift in Sources */,
				CFA85478271F0EE80012F027 /* YPSelectionsGalleryCell.swift in Sources */,
				CFA85486271F0EE80012F027 /* LibraryMediaManager.swift in Sources */,
				CFE0C22D271803D100D3C097 /* User.swift in Sources */,
				CFA854AD271F0EE80012F027 /* IndexSet+Extensions.swift in Sources */,
				CFA85493271F0EE80012F027 /* YPVideoProcessor.swift in Sources */,
				CFA8548D271F0EE80012F027 /* YPAlbum.swift in Sources */,
				CFA8546C271F0EE80012F027 /* YPImagePicker.swift in Sources */,
				CFA854A4271F0EE80012F027 /* URL+Extensions.swift in Sources */,
				CFA8549C271F0EE80012F027 /* AVPlayer+Extensions.swift in Sources */,
				CFA854BA271F90E50012F027 /* YPFiltersView.swift in Sources */,
				CFA85466271F0EE80012F027 /* YPImageSize.swift in Sources */,
				CFE0C1DA2716A11400D3C097 /* ViewController.swift in Sources */,
				CFA854B0271F0EE80012F027 /* YPPhotoSaver.swift in Sources */,
				CFA8545B271F0EE80012F027 /* YPVideoView.swift in Sources */,
				CFE0C1D62716A11400D3C097 /* AppDelegate.swift in Sources */,
				CFA8546F271F0EE80012F027 /* YPLibrarySelection.swift in Sources */,
				CFA854BB271F90E50012F027 /* YPFilterCollectionViewCell.swift in Sources */,
				CFA854AF271F0EE80012F027 /* YPLoadingView.swift in Sources */,
				CFE0C21A2717D0D600D3C097 /* ImageUploader.swift in Sources */,
				CFA854A2271F0EE80012F027 /* CIImage+Extensions.swift in Sources */,
				CFA85487271F0EE80012F027 /* YPAssetViewContainer.swift in Sources */,
				CFA85472271F0EE80012F027 /* YPLog.swift in Sources */,
				CFE0C21C2717D15000D3C097 /* AuthService.swift in Sources */,
				CFE0C2292718032800D3C097 /* UserService.swift in Sources */,
				CFE0C2062716ADEB00D3C097 /* FeedCell.swift in Sources */,
				CFE0C2132716D20200D3C097 /* RegistrationController.swift in Sources */,
				CFE0C2212717ED3500D3C097 /* ProfileCell.swift in Sources */,
				CFE0C1FB2716A52D00D3C097 /* UploadPostController.swift in Sources */,
				CFA85494271F0EE80012F027 /* YPDeviceOrientationHelper.swift in Sources */,
				CFA854A3271F0EE80012F027 /* NSFileManager+Extensions.swift in Sources */,
				CFA85481271F0EE80012F027 /* YPMenuItem.swift in Sources */,
				CFA85489271F0EE80012F027 /* YPAlbumsManager.swift in Sources */,
				CFA854AB271F0EE80012F027 /* CGFloat+Extensions.swift in Sources */,
				CFA8547B271F0EE80012F027 /* YPLibraryVC+CollectionView.swift in Sources */,
				CFA85473271F0EE80012F027 /* YPDragDirection.swift in Sources */,
				CFA85488271F0EE80012F027 /* YPLibraryView.swift in Sources */,
				CFA8549A271F0EE80012F027 /* AVMutableComposition+Extensions.swift in Sources */,
				CFA85482271F0EE80012F027 /* YPBottomPager.swift in Sources */,
				CFA854B1271F0EE80012F027 /* YPAlerts.swift in Sources */,
				CFE0C1F12716A3A000D3C097 /* MainTabController.swift in Sources */,
				CFA854AA271F0EE80012F027 /* AVCaptureSession+Extensions.swift in Sources */,
				CFA85464271F0EE80012F027 /* YPPickerVC.swift in Sources */,
				CFE0C23127197CA600D3C097 /* UserCellViewModel.swift in Sources */,
				CFA8548E271F0EE80012F027 /* YPLibraryViewCell.swift in Sources */,
				CFA854AE271F0EE80012F027 /* YPHelper.swift in Sources */,
				CFA8549F271F0EE80012F027 /* UINavigationBar+Extensions.swift in Sources */,
				CFE0C22F2719534F00D3C097 /* UserCell.swift in Sources */,
				CFE0C2082716B7EC00D3C097 /* Extensions.swift in Sources */,
				CFA85490271F0EE80012F027 /* YPCameraView.swift in Sources */,
				CFA85495271F0EE80012F027 /* YPPermissionCheckable.swift in Sources */,
				CFA85468271F0EE80012F027 /* YPWordings.swift in Sources */,
				CFA854A7271F0EE80012F027 /* PHFetchResult+Extensions.swift in Sources */,
				CFA851F2271D6D660012F027 /* PostViewModel.swift in Sources */,
				CFA85480271F0EE80012F027 /* YPLibrary+LibraryChange.swift in Sources */,
				CFA854B9271F90E50012F027 /* YPPhotoFiltersVC.swift in Sources */,
				CFA8547D271F0EE80012F027 /* YPLibraryViewDelegate.swift in Sources */,
				CFA85484271F0EE80012F027 /* YPBottomPagerView.swift in Sources */,
				CFA85470271F0EE80012F027 /* YPMediaItem.swift in Sources */,
				CFE0C2012716A52D00D3C097 /* ProfileController.swift in Sources */,
				CFE0C2222717ED3500D3C097 /* ProfileHeader.swift in Sources */,
				CFE0C1D82716A11400D3C097 /* SceneDelegate.swift in Sources */,
				CFE0C1FF2716A52D00D3C097 /* SearchController.swift in Sources */,
				CFA8548C271F0EE80012F027 /* YPAlbumCell.swift in Sources */,
				CFA85474271F0EE80012F027 /* YPError.swift in Sources */,
				CFA85483271F0EE80012F027 /* YPPagerMenu.swift in Sources */,
				CFE0C1FE2716A52D00D3C097 /* FeedController.swift in Sources */,
				CFA85476271F0EE80012F027 /* YPSelectionsGalleryVC.swift in Sources */,
				CFE0C2272717FB2900D3C097 /* ProfileViewModel.swift in Sources */,
				CFA85496271F0EE80012F027 /* YPPermissionManager.swift in Sources */,
				CFA85469271F0EE80012F027 /* YPColors.swift in Sources */,
				CFA8545F271F0EE80012F027 /* YPCropVC.swift in Sources */,
				CFA854BC271F90E50012F027 /* YPFilter.swift in Sources */,
				CFE0C20F2716CEC000D3C097 /* LoginController.swift in Sources */,
				CFA85485271F0EE80012F027 /* YPLibraryVC.swift in Sources */,
				CFA85477271F0EE80012F027 /* YPSelectionsGalleryView.swift in Sources */,
				CFE0C2152716DB0F00D3C097 /* AuthenricationViewModel.swift in Sources */,
				CFA854A6271F0EE80012F027 /* AVFoundation+Extensions.swift in Sources */,
				CFA854B2271F0EE80012F027 /* YPLoaders.swift in Sources */,
				CFA854AC271F0EE80012F027 /* UICollectionView+Extensions.swift in Sources */,
				CFA8547E271F0EE80012F027 /* YPGridView.swift in Sources */,
				CFA8547A271F0EE80012F027 /* YPVideoCaptureVC.swift in Sources */,
				CFA8545C271F0EE80012F027 /* YPVideoFiltersVC.swift in Sources */,
				CFA8549D271F0EE80012F027 /* UIColor+Extensions.swift in Sources */,
				CFA85467271F0EE80012F027 /* YPImagePickerConfiguration.swift in Sources */,
				CFA85497271F0EE80012F027 /* YPPermissionDeniedPopup.swift in Sources */,
				CFE0C2112716CF3100D3C097 /* CustomTextField.swift in Sources */,
				CFA8546B271F0EE80012F027 /* YPIcons.swift in Sources */,
				CFA85491271F0EE80012F027 /* YPPhotoCaptureHelper.swift in Sources */,
				CFA85498271F0EE80012F027 /* AVCaptureDevice+Extensions.swift in Sources */,
				CFA8545E271F0EE80012F027 /* YPCropView.swift in Sources */,
				CFA854A1271F0EE80012F027 /* UIBarButtonItem+Extensions.swift in Sources */,
				CFA851F0271D4E520012F027 /* Post.swift in Sources */,
				CFA8549B271F0EE80012F027 /* AVAsset+Extensions.swift in Sources */,
				CFA8549E271F0EE80012F027 /* UIImage+Extensions.swift in Sources */,
				CFE0C22B2718038600D3C097 /* Constants.swift in Sources */,
				CFA854A9271F0EE80012F027 /* AVFileType+Extensions.swift in Sources */,
				CFA85475271F0EE80012F027 /* YPTrimError.swift in Sources */,
			);
			runOnlyForDeploymentPostprocessing = 0;
		};
/* End PBXSourcesBuildPhase section */

/* Begin PBXVariantGroup section */
		CFA853EC271F0EE70012F027 /* YPImagePickerLocalizable.strings */ = {
			isa = PBXVariantGroup;
			children = (
				CFA853ED271F0EE70012F027 /* de */,
				CFA853EE271F0EE70012F027 /* ar */,
				CFA853EF271F0EE70012F027 /* zh-Hans */,
				CFA853F0271F0EE70012F027 /* ja */,
				CFA853F1271F0EE70012F027 /* fa */,
				CFA853F2271F0EE70012F027 /* en */,
				CFA853F3271F0EE70012F027 /* nb */,
				CFA853F4271F0EE70012F027 /* es */,
				CFA853F5271F0EE70012F027 /* da */,
				CFA853F6271F0EE70012F027 /* it */,
				CFA853F7271F0EE70012F027 /* bg */,
				CFA853F9271F0EE70012F027 /* sv */,
				CFA853FA271F0EE70012F027 /* cs */,
				CFA853FB271F0EE70012F027 /* km */,
				CFA853FC271F0EE70012F027 /* ko */,
				CFA853FD271F0EE70012F027 /* zh-Hant */,
				CFA853FE271F0EE70012F027 /* km-KH */,
				CFA853FF271F0EE70012F027 /* tr */,
				CFA85400271F0EE70012F027 /* pl */,
				CFA85401271F0EE70012F027 /* pt-BR */,
				CFA85402271F0EE70012F027 /* vi */,
				CFA85403271F0EE70012F027 /* ru */,
				CFA85404271F0EE70012F027 /* fr */,
				CFA85405271F0EE70012F027 /* id */,
				CFA85406271F0EE70012F027 /* nl */,
				CFA85407271F0EE70012F027 /* th */,
				CFA85408271F0EE70012F027 /* pt-PT */,
				CFA85409271F0EE70012F027 /* ro */,
			);
			name = YPImagePickerLocalizable.strings;
			sourceTree = "<group>";
		};
		CFE0C1DB2716A11400D3C097 /* Main.storyboard */ = {
			isa = PBXVariantGroup;
			children = (
				CFE0C1DC2716A11400D3C097 /* Base */,
			);
			name = Main.storyboard;
			sourceTree = "<group>";
		};
		CFE0C1E02716A11600D3C097 /* LaunchScreen.storyboard */ = {
			isa = PBXVariantGroup;
			children = (
				CFE0C1E12716A11600D3C097 /* Base */,
			);
			name = LaunchScreen.storyboard;
			sourceTree = "<group>";
		};
/* End PBXVariantGroup section */

/* Begin XCBuildConfiguration section */
		CFE0C1E42716A11600D3C097 /* Debug */ = {
			isa = XCBuildConfiguration;
			buildSettings = {
				ALWAYS_SEARCH_USER_PATHS = NO;
				CLANG_ANALYZER_NONNULL = YES;
				CLANG_ANALYZER_NUMBER_OBJECT_CONVERSION = YES_AGGRESSIVE;
				CLANG_CXX_LANGUAGE_STANDARD = "gnu++17";
				CLANG_CXX_LIBRARY = "libc++";
				CLANG_ENABLE_MODULES = YES;
				CLANG_ENABLE_OBJC_ARC = YES;
				CLANG_ENABLE_OBJC_WEAK = YES;
				CLANG_WARN_BLOCK_CAPTURE_AUTORELEASING = YES;
				CLANG_WARN_BOOL_CONVERSION = YES;
				CLANG_WARN_COMMA = YES;
				CLANG_WARN_CONSTANT_CONVERSION = YES;
				CLANG_WARN_DEPRECATED_OBJC_IMPLEMENTATIONS = YES;
				CLANG_WARN_DIRECT_OBJC_ISA_USAGE = YES_ERROR;
				CLANG_WARN_DOCUMENTATION_COMMENTS = YES;
				CLANG_WARN_EMPTY_BODY = YES;
				CLANG_WARN_ENUM_CONVERSION = YES;
				CLANG_WARN_INFINITE_RECURSION = YES;
				CLANG_WARN_INT_CONVERSION = YES;
				CLANG_WARN_NON_LITERAL_NULL_CONVERSION = YES;
				CLANG_WARN_OBJC_IMPLICIT_RETAIN_SELF = YES;
				CLANG_WARN_OBJC_LITERAL_CONVERSION = YES;
				CLANG_WARN_OBJC_ROOT_CLASS = YES_ERROR;
				CLANG_WARN_QUOTED_INCLUDE_IN_FRAMEWORK_HEADER = YES;
				CLANG_WARN_RANGE_LOOP_ANALYSIS = YES;
				CLANG_WARN_STRICT_PROTOTYPES = YES;
				CLANG_WARN_SUSPICIOUS_MOVE = YES;
				CLANG_WARN_UNGUARDED_AVAILABILITY = YES_AGGRESSIVE;
				CLANG_WARN_UNREACHABLE_CODE = YES;
				CLANG_WARN__DUPLICATE_METHOD_MATCH = YES;
				COPY_PHASE_STRIP = NO;
				DEBUG_INFORMATION_FORMAT = dwarf;
				ENABLE_STRICT_OBJC_MSGSEND = YES;
				ENABLE_TESTABILITY = YES;
				GCC_C_LANGUAGE_STANDARD = gnu11;
				GCC_DYNAMIC_NO_PIC = NO;
				GCC_NO_COMMON_BLOCKS = YES;
				GCC_OPTIMIZATION_LEVEL = 0;
				GCC_PREPROCESSOR_DEFINITIONS = (
					"DEBUG=1",
					"$(inherited)",
				);
				GCC_WARN_64_TO_32_BIT_CONVERSION = YES;
				GCC_WARN_ABOUT_RETURN_TYPE = YES_ERROR;
				GCC_WARN_UNDECLARED_SELECTOR = YES;
				GCC_WARN_UNINITIALIZED_AUTOS = YES_AGGRESSIVE;
				GCC_WARN_UNUSED_FUNCTION = YES;
				GCC_WARN_UNUSED_VARIABLE = YES;
				IPHONEOS_DEPLOYMENT_TARGET = 15.0;
				MTL_ENABLE_DEBUG_INFO = INCLUDE_SOURCE;
				MTL_FAST_MATH = YES;
				ONLY_ACTIVE_ARCH = YES;
				SDKROOT = iphoneos;
				SWIFT_ACTIVE_COMPILATION_CONDITIONS = DEBUG;
				SWIFT_OPTIMIZATION_LEVEL = "-Onone";
			};
			name = Debug;
		};
		CFE0C1E52716A11600D3C097 /* Release */ = {
			isa = XCBuildConfiguration;
			buildSettings = {
				ALWAYS_SEARCH_USER_PATHS = NO;
				CLANG_ANALYZER_NONNULL = YES;
				CLANG_ANALYZER_NUMBER_OBJECT_CONVERSION = YES_AGGRESSIVE;
				CLANG_CXX_LANGUAGE_STANDARD = "gnu++17";
				CLANG_CXX_LIBRARY = "libc++";
				CLANG_ENABLE_MODULES = YES;
				CLANG_ENABLE_OBJC_ARC = YES;
				CLANG_ENABLE_OBJC_WEAK = YES;
				CLANG_WARN_BLOCK_CAPTURE_AUTORELEASING = YES;
				CLANG_WARN_BOOL_CONVERSION = YES;
				CLANG_WARN_COMMA = YES;
				CLANG_WARN_CONSTANT_CONVERSION = YES;
				CLANG_WARN_DEPRECATED_OBJC_IMPLEMENTATIONS = YES;
				CLANG_WARN_DIRECT_OBJC_ISA_USAGE = YES_ERROR;
				CLANG_WARN_DOCUMENTATION_COMMENTS = YES;
				CLANG_WARN_EMPTY_BODY = YES;
				CLANG_WARN_ENUM_CONVERSION = YES;
				CLANG_WARN_INFINITE_RECURSION = YES;
				CLANG_WARN_INT_CONVERSION = YES;
				CLANG_WARN_NON_LITERAL_NULL_CONVERSION = YES;
				CLANG_WARN_OBJC_IMPLICIT_RETAIN_SELF = YES;
				CLANG_WARN_OBJC_LITERAL_CONVERSION = YES;
				CLANG_WARN_OBJC_ROOT_CLASS = YES_ERROR;
				CLANG_WARN_QUOTED_INCLUDE_IN_FRAMEWORK_HEADER = YES;
				CLANG_WARN_RANGE_LOOP_ANALYSIS = YES;
				CLANG_WARN_STRICT_PROTOTYPES = YES;
				CLANG_WARN_SUSPICIOUS_MOVE = YES;
				CLANG_WARN_UNGUARDED_AVAILABILITY = YES_AGGRESSIVE;
				CLANG_WARN_UNREACHABLE_CODE = YES;
				CLANG_WARN__DUPLICATE_METHOD_MATCH = YES;
				COPY_PHASE_STRIP = NO;
				DEBUG_INFORMATION_FORMAT = "dwarf-with-dsym";
				ENABLE_NS_ASSERTIONS = NO;
				ENABLE_STRICT_OBJC_MSGSEND = YES;
				GCC_C_LANGUAGE_STANDARD = gnu11;
				GCC_NO_COMMON_BLOCKS = YES;
				GCC_WARN_64_TO_32_BIT_CONVERSION = YES;
				GCC_WARN_ABOUT_RETURN_TYPE = YES_ERROR;
				GCC_WARN_UNDECLARED_SELECTOR = YES;
				GCC_WARN_UNINITIALIZED_AUTOS = YES_AGGRESSIVE;
				GCC_WARN_UNUSED_FUNCTION = YES;
				GCC_WARN_UNUSED_VARIABLE = YES;
				IPHONEOS_DEPLOYMENT_TARGET = 15.0;
				MTL_ENABLE_DEBUG_INFO = NO;
				MTL_FAST_MATH = YES;
				SDKROOT = iphoneos;
				SWIFT_COMPILATION_MODE = wholemodule;
				SWIFT_OPTIMIZATION_LEVEL = "-O";
				VALIDATE_PRODUCT = YES;
			};
			name = Release;
		};
		CFE0C1E72716A11600D3C097 /* Debug */ = {
			isa = XCBuildConfiguration;
			baseConfigurationReference = 90FDC340E97C5F171AE5210D /* Pods-InstagramAppWithFireBase.debug.xcconfig */;
			buildSettings = {
				ASSETCATALOG_COMPILER_APPICON_NAME = AppIcon;
				ASSETCATALOG_COMPILER_GLOBAL_ACCENT_COLOR_NAME = AccentColor;
				CODE_SIGN_STYLE = Automatic;
				CURRENT_PROJECT_VERSION = 1;
				DEVELOPMENT_TEAM = XS2R7967QT;
				GENERATE_INFOPLIST_FILE = YES;
				INFOPLIST_FILE = InstagramAppWithFireBase/Info.plist;
				INFOPLIST_KEY_NSMicrophoneUsageDescription = "Please allow us to accuess your photos";
				INFOPLIST_KEY_NSPhotoLibraryUsageDescription = "Please allow us to accuess your photos";
				INFOPLIST_KEY_UIApplicationSupportsIndirectInputEvents = YES;
				INFOPLIST_KEY_UILaunchStoryboardName = LaunchScreen;
				INFOPLIST_KEY_UIMainStoryboardFile = Main;
				INFOPLIST_KEY_UISupportedInterfaceOrientations = "";
				INFOPLIST_KEY_UISupportedInterfaceOrientations_iPad = "UIInterfaceOrientationPortrait UIInterfaceOrientationPortraitUpsideDown UIInterfaceOrientationLandscapeLeft UIInterfaceOrientationLandscapeRight";
				INFOPLIST_KEY_UISupportedInterfaceOrientations_iPhone = "UIInterfaceOrientationPortrait UIInterfaceOrientationLandscapeLeft UIInterfaceOrientationLandscapeRight";
				IPHONEOS_DEPLOYMENT_TARGET = 15.0;
				LD_RUNPATH_SEARCH_PATHS = (
					"$(inherited)",
					"@executable_path/Frameworks",
				);
				MARKETING_VERSION = 1.0;
				PRODUCT_BUNDLE_IDENTIFIER = cow.iwaski.InstagramAppWithFireBase;
				PRODUCT_NAME = "$(TARGET_NAME)";
				SWIFT_EMIT_LOC_STRINGS = YES;
				SWIFT_VERSION = 5.0;
				TARGETED_DEVICE_FAMILY = 1;
			};
			name = Debug;
		};
		CFE0C1E82716A11600D3C097 /* Release */ = {
			isa = XCBuildConfiguration;
			baseConfigurationReference = E17B30CA73DB4754D70F2735 /* Pods-InstagramAppWithFireBase.release.xcconfig */;
			buildSettings = {
				ASSETCATALOG_COMPILER_APPICON_NAME = AppIcon;
				ASSETCATALOG_COMPILER_GLOBAL_ACCENT_COLOR_NAME = AccentColor;
				CODE_SIGN_STYLE = Automatic;
				CURRENT_PROJECT_VERSION = 1;
				DEVELOPMENT_TEAM = XS2R7967QT;
				GENERATE_INFOPLIST_FILE = YES;
				INFOPLIST_FILE = InstagramAppWithFireBase/Info.plist;
				INFOPLIST_KEY_NSMicrophoneUsageDescription = "Please allow us to accuess your photos";
				INFOPLIST_KEY_NSPhotoLibraryUsageDescription = "Please allow us to accuess your photos";
				INFOPLIST_KEY_UIApplicationSupportsIndirectInputEvents = YES;
				INFOPLIST_KEY_UILaunchStoryboardName = LaunchScreen;
				INFOPLIST_KEY_UIMainStoryboardFile = Main;
				INFOPLIST_KEY_UISupportedInterfaceOrientations = "";
				INFOPLIST_KEY_UISupportedInterfaceOrientations_iPad = "UIInterfaceOrientationPortrait UIInterfaceOrientationPortraitUpsideDown UIInterfaceOrientationLandscapeLeft UIInterfaceOrientationLandscapeRight";
				INFOPLIST_KEY_UISupportedInterfaceOrientations_iPhone = "UIInterfaceOrientationPortrait UIInterfaceOrientationLandscapeLeft UIInterfaceOrientationLandscapeRight";
				IPHONEOS_DEPLOYMENT_TARGET = 15.0;
				LD_RUNPATH_SEARCH_PATHS = (
					"$(inherited)",
					"@executable_path/Frameworks",
				);
				MARKETING_VERSION = 1.0;
				PRODUCT_BUNDLE_IDENTIFIER = cow.iwaski.InstagramAppWithFireBase;
				PRODUCT_NAME = "$(TARGET_NAME)";
				SWIFT_EMIT_LOC_STRINGS = YES;
				SWIFT_VERSION = 5.0;
				TARGETED_DEVICE_FAMILY = 1;
			};
			name = Release;
		};
/* End XCBuildConfiguration section */

/* Begin XCConfigurationList section */
		CFE0C1CD2716A11400D3C097 /* Build configuration list for PBXProject "InstagramAppWithFireBase" */ = {
			isa = XCConfigurationList;
			buildConfigurations = (
				CFE0C1E42716A11600D3C097 /* Debug */,
				CFE0C1E52716A11600D3C097 /* Release */,
			);
			defaultConfigurationIsVisible = 0;
			defaultConfigurationName = Release;
		};
		CFE0C1E62716A11600D3C097 /* Build configuration list for PBXNativeTarget "InstagramAppWithFireBase" */ = {
			isa = XCConfigurationList;
			buildConfigurations = (
				CFE0C1E72716A11600D3C097 /* Debug */,
				CFE0C1E82716A11600D3C097 /* Release */,
			);
			defaultConfigurationIsVisible = 0;
			defaultConfigurationName = Release;
		};
/* End XCConfigurationList section */

/* Begin XCRemoteSwiftPackageReference section */
		CF1A5870271BFF6B004730E3 /* XCRemoteSwiftPackageReference "Stevia" */ = {
			isa = XCRemoteSwiftPackageReference;
			repositoryURL = "https://github.com/freshOS/Stevia";
			requirement = {
				branch = master;
				kind = branch;
			};
		};
		CF1A5873271BFF7B004730E3 /* XCRemoteSwiftPackageReference "SDWebImage" */ = {
			isa = XCRemoteSwiftPackageReference;
			repositoryURL = "https://github.com/SDWebImage/SDWebImage";
			requirement = {
				branch = master;
				kind = branch;
			};
		};
		CF1A5876271BFF88004730E3 /* XCRemoteSwiftPackageReference "JGProgressHUD" */ = {
			isa = XCRemoteSwiftPackageReference;
			repositoryURL = "https://github.com/JonasGessner/JGProgressHUD";
			requirement = {
				branch = master;
				kind = branch;
			};
		};
		CFA851F6271E81820012F027 /* XCRemoteSwiftPackageReference "ActiveLabel" */ = {
			isa = XCRemoteSwiftPackageReference;
			repositoryURL = "https://github.com/optonaut/ActiveLabel.swift";
			requirement = {
				branch = master;
				kind = branch;
			};
		};
/* End XCRemoteSwiftPackageReference section */

/* Begin XCSwiftPackageProductDependency section */
		CF1A5871271BFF6B004730E3 /* Stevia */ = {
			isa = XCSwiftPackageProductDependency;
			package = CF1A5870271BFF6B004730E3 /* XCRemoteSwiftPackageReference "Stevia" */;
			productName = Stevia;
		};
		CF1A5874271BFF7B004730E3 /* SDWebImage */ = {
			isa = XCSwiftPackageProductDependency;
			package = CF1A5873271BFF7B004730E3 /* XCRemoteSwiftPackageReference "SDWebImage" */;
			productName = SDWebImage;
		};
		CF1A5877271BFF88004730E3 /* JGProgressHUD */ = {
			isa = XCSwiftPackageProductDependency;
			package = CF1A5876271BFF88004730E3 /* XCRemoteSwiftPackageReference "JGProgressHUD" */;
			productName = JGProgressHUD;
		};
		CFA851F7271E81820012F027 /* ActiveLabel */ = {
			isa = XCSwiftPackageProductDependency;
			package = CFA851F6271E81820012F027 /* XCRemoteSwiftPackageReference "ActiveLabel" */;
			productName = ActiveLabel;
		};
/* End XCSwiftPackageProductDependency section */
	};
	rootObject = CFE0C1CA2716A11400D3C097 /* Project object */;
}
