// !$*UTF8*$!
{
	archiveVersion = 1;
	classes = {
	};
	objectVersion = 55;
	objects = {

/* Begin PBXBuildFile section */
		CF1A580F271BF9F0004730E3 /* LICENSE in Resources */ = {isa = PBXBuildFile; fileRef = CF1A5787271BF9EF004730E3 /* LICENSE */; };
		CF1A5810271BF9F0004730E3 /* YPVideoView.swift in Sources */ = {isa = PBXBuildFile; fileRef = CF1A578B271BF9EF004730E3 /* YPVideoView.swift */; };
		CF1A5811271BF9F0004730E3 /* YPVideoFiltersVC.swift in Sources */ = {isa = PBXBuildFile; fileRef = CF1A578C271BF9EF004730E3 /* YPVideoFiltersVC.swift */; };
		CF1A5812271BF9F0004730E3 /* YPVideoFiltersVC.xib in Resources */ = {isa = PBXBuildFile; fileRef = CF1A578D271BF9EF004730E3 /* YPVideoFiltersVC.xib */; };
		CF1A5813271BF9F0004730E3 /* YPCropView.swift in Sources */ = {isa = PBXBuildFile; fileRef = CF1A578F271BF9EF004730E3 /* YPCropView.swift */; };
		CF1A5814271BF9F0004730E3 /* YPCropVC.swift in Sources */ = {isa = PBXBuildFile; fileRef = CF1A5790271BF9EF004730E3 /* YPCropVC.swift */; };
		CF1A5815271BF9F0004730E3 /* YPPhotoFiltersVC.swift in Sources */ = {isa = PBXBuildFile; fileRef = CF1A5792271BF9EF004730E3 /* YPPhotoFiltersVC.swift */; };
		CF1A5816271BF9F0004730E3 /* YPFiltersView.swift in Sources */ = {isa = PBXBuildFile; fileRef = CF1A5793271BF9EF004730E3 /* YPFiltersView.swift */; };
		CF1A5817271BF9F0004730E3 /* YPFilterCollectionViewCell.swift in Sources */ = {isa = PBXBuildFile; fileRef = CF1A5794271BF9EF004730E3 /* YPFilterCollectionViewCell.swift */; };
		CF1A5818271BF9F0004730E3 /* YPFilter.swift in Sources */ = {isa = PBXBuildFile; fileRef = CF1A5795271BF9EF004730E3 /* YPFilter.swift */; };
		CF1A5819271BF9F0004730E3 /* YPPickerVC.swift in Sources */ = {isa = PBXBuildFile; fileRef = CF1A5796271BF9EF004730E3 /* YPPickerVC.swift */; };
		CF1A581A271BF9F0004730E3 /* YPFonts.swift in Sources */ = {isa = PBXBuildFile; fileRef = CF1A5798271BF9EF004730E3 /* YPFonts.swift */; };
		CF1A581B271BF9F0004730E3 /* YPImageSize.swift in Sources */ = {isa = PBXBuildFile; fileRef = CF1A5799271BF9EF004730E3 /* YPImageSize.swift */; };
		CF1A581C271BF9F0004730E3 /* YPImagePickerConfiguration.swift in Sources */ = {isa = PBXBuildFile; fileRef = CF1A579A271BF9EF004730E3 /* YPImagePickerConfiguration.swift */; };
		CF1A581D271BF9F0004730E3 /* YPWordings.swift in Sources */ = {isa = PBXBuildFile; fileRef = CF1A579B271BF9EF004730E3 /* YPWordings.swift */; };
		CF1A581E271BF9F0004730E3 /* YPColors.swift in Sources */ = {isa = PBXBuildFile; fileRef = CF1A579C271BF9EF004730E3 /* YPColors.swift */; };
		CF1A581F271BF9F0004730E3 /* YPPickerScreen.swift in Sources */ = {isa = PBXBuildFile; fileRef = CF1A579D271BF9EF004730E3 /* YPPickerScreen.swift */; };
		CF1A5820271BF9F0004730E3 /* YPIcons.swift in Sources */ = {isa = PBXBuildFile; fileRef = CF1A579E271BF9EF004730E3 /* YPIcons.swift */; };
		CF1A5821271BF9F0004730E3 /* YPImagePicker.swift in Sources */ = {isa = PBXBuildFile; fileRef = CF1A579F271BF9EF004730E3 /* YPImagePicker.swift */; };
		CF1A5822271BF9F0004730E3 /* YPImagePickerLocalizable.strings in Resources */ = {isa = PBXBuildFile; fileRef = CF1A57A1271BF9EF004730E3 /* YPImagePickerLocalizable.strings */; };
		CF1A5823271BF9F0004730E3 /* Assets.xcassets in Resources */ = {isa = PBXBuildFile; fileRef = CF1A57AD271BF9EF004730E3 /* Assets.xcassets */; };
		CF1A5824271BF9F0004730E3 /* YPLibrarySelection.swift in Sources */ = {isa = PBXBuildFile; fileRef = CF1A57C0271BF9EF004730E3 /* YPLibrarySelection.swift */; };
		CF1A5825271BF9F0004730E3 /* YPMediaItem.swift in Sources */ = {isa = PBXBuildFile; fileRef = CF1A57C1271BF9EF004730E3 /* YPMediaItem.swift */; };
		CF1A5826271BF9F0004730E3 /* YPFlashMode.swift in Sources */ = {isa = PBXBuildFile; fileRef = CF1A57C2271BF9EF004730E3 /* YPFlashMode.swift */; };
		CF1A5827271BF9F0004730E3 /* YPLog.swift in Sources */ = {isa = PBXBuildFile; fileRef = CF1A57C3271BF9EF004730E3 /* YPLog.swift */; };
		CF1A5828271BF9F0004730E3 /* YPDragDirection.swift in Sources */ = {isa = PBXBuildFile; fileRef = CF1A57C4271BF9EF004730E3 /* YPDragDirection.swift */; };
		CF1A5829271BF9F0004730E3 /* YPError.swift in Sources */ = {isa = PBXBuildFile; fileRef = CF1A57C5271BF9EF004730E3 /* YPError.swift */; };
		CF1A582A271BF9F0004730E3 /* YPTrimError.swift in Sources */ = {isa = PBXBuildFile; fileRef = CF1A57C6271BF9EF004730E3 /* YPTrimError.swift */; };
		CF1A582B271BF9F0004730E3 /* YPSelectionsGalleryVC.swift in Sources */ = {isa = PBXBuildFile; fileRef = CF1A57C8271BF9EF004730E3 /* YPSelectionsGalleryVC.swift */; };
		CF1A582C271BF9F0004730E3 /* YPSelectionsGalleryView.swift in Sources */ = {isa = PBXBuildFile; fileRef = CF1A57C9271BF9EF004730E3 /* YPSelectionsGalleryView.swift */; };
		CF1A582D271BF9F0004730E3 /* YPSelectionsGalleryCell.swift in Sources */ = {isa = PBXBuildFile; fileRef = CF1A57CA271BF9EF004730E3 /* YPSelectionsGalleryCell.swift */; };
		CF1A582E271BF9F0004730E3 /* YPVideoCaptureHelper.swift in Sources */ = {isa = PBXBuildFile; fileRef = CF1A57CD271BF9EF004730E3 /* YPVideoCaptureHelper.swift */; };
		CF1A582F271BF9F0004730E3 /* YPVideoCaptureVC.swift in Sources */ = {isa = PBXBuildFile; fileRef = CF1A57CE271BF9EF004730E3 /* YPVideoCaptureVC.swift */; };
		CF1A5830271BF9F0004730E3 /* YPLibraryVC+CollectionView.swift in Sources */ = {isa = PBXBuildFile; fileRef = CF1A57D0271BF9EF004730E3 /* YPLibraryVC+CollectionView.swift */; };
		CF1A5831271BF9F0004730E3 /* YPLibraryVC+PanGesture.swift in Sources */ = {isa = PBXBuildFile; fileRef = CF1A57D1271BF9EF004730E3 /* YPLibraryVC+PanGesture.swift */; };
		CF1A5832271BF9F0004730E3 /* YPLibraryViewDelegate.swift in Sources */ = {isa = PBXBuildFile; fileRef = CF1A57D2271BF9EF004730E3 /* YPLibraryViewDelegate.swift */; };
		CF1A5833271BF9F0004730E3 /* YPGridView.swift in Sources */ = {isa = PBXBuildFile; fileRef = CF1A57D3271BF9EF004730E3 /* YPGridView.swift */; };
		CF1A5834271BF9F0004730E3 /* YPAssetZoomableView.swift in Sources */ = {isa = PBXBuildFile; fileRef = CF1A57D4271BF9EF004730E3 /* YPAssetZoomableView.swift */; };
		CF1A5835271BF9F0004730E3 /* YPLibrary+LibraryChange.swift in Sources */ = {isa = PBXBuildFile; fileRef = CF1A57D5271BF9EF004730E3 /* YPLibrary+LibraryChange.swift */; };
		CF1A5836271BF9F0004730E3 /* YPMenuItem.swift in Sources */ = {isa = PBXBuildFile; fileRef = CF1A57D7271BF9EF004730E3 /* YPMenuItem.swift */; };
		CF1A5837271BF9F0004730E3 /* YPBottomPager.swift in Sources */ = {isa = PBXBuildFile; fileRef = CF1A57D8271BF9EF004730E3 /* YPBottomPager.swift */; };
		CF1A5838271BF9F0004730E3 /* YPPagerMenu.swift in Sources */ = {isa = PBXBuildFile; fileRef = CF1A57D9271BF9EF004730E3 /* YPPagerMenu.swift */; };
		CF1A5839271BF9F0004730E3 /* YPBottomPagerView.swift in Sources */ = {isa = PBXBuildFile; fileRef = CF1A57DA271BF9EF004730E3 /* YPBottomPagerView.swift */; };
		CF1A583A271BF9F0004730E3 /* YPLibraryVC.swift in Sources */ = {isa = PBXBuildFile; fileRef = CF1A57DB271BF9EF004730E3 /* YPLibraryVC.swift */; };
		CF1A583B271BF9F0004730E3 /* LibraryMediaManager.swift in Sources */ = {isa = PBXBuildFile; fileRef = CF1A57DC271BF9EF004730E3 /* LibraryMediaManager.swift */; };
		CF1A583C271BF9F0004730E3 /* YPAssetViewContainer.swift in Sources */ = {isa = PBXBuildFile; fileRef = CF1A57DD271BF9EF004730E3 /* YPAssetViewContainer.swift */; };
		CF1A583D271BF9F0004730E3 /* YPLibraryView.swift in Sources */ = {isa = PBXBuildFile; fileRef = CF1A57DE271BF9EF004730E3 /* YPLibraryView.swift */; };
		CF1A583E271BF9F0004730E3 /* YPAlbumsManager.swift in Sources */ = {isa = PBXBuildFile; fileRef = CF1A57E0271BF9EF004730E3 /* YPAlbumsManager.swift */; };
		CF1A583F271BF9F0004730E3 /* YPAlbumView.swift in Sources */ = {isa = PBXBuildFile; fileRef = CF1A57E1271BF9EF004730E3 /* YPAlbumView.swift */; };
		CF1A5840271BF9F0004730E3 /* YPAlbumVC.swift in Sources */ = {isa = PBXBuildFile; fileRef = CF1A57E2271BF9EF004730E3 /* YPAlbumVC.swift */; };
		CF1A5841271BF9F0004730E3 /* YPAlbumCell.swift in Sources */ = {isa = PBXBuildFile; fileRef = CF1A57E3271BF9EF004730E3 /* YPAlbumCell.swift */; };
		CF1A5842271BF9F0004730E3 /* YPAlbum.swift in Sources */ = {isa = PBXBuildFile; fileRef = CF1A57E4271BF9EF004730E3 /* YPAlbum.swift */; };
		CF1A5843271BF9F0004730E3 /* YPLibraryViewCell.swift in Sources */ = {isa = PBXBuildFile; fileRef = CF1A57E5271BF9EF004730E3 /* YPLibraryViewCell.swift */; };
		CF1A5844271BF9F0004730E3 /* YPLibraryView.xib in Resources */ = {isa = PBXBuildFile; fileRef = CF1A57E6271BF9EF004730E3 /* YPLibraryView.xib */; };
		CF1A5845271BF9F0004730E3 /* YPCameraView.swift in Sources */ = {isa = PBXBuildFile; fileRef = CF1A57E8271BF9EF004730E3 /* YPCameraView.swift */; };
		CF1A5846271BF9F0004730E3 /* YPPhotoCaptureHelper.swift in Sources */ = {isa = PBXBuildFile; fileRef = CF1A57E9271BF9EF004730E3 /* YPPhotoCaptureHelper.swift */; };
		CF1A5847271BF9F0004730E3 /* YPCameraVC.swift in Sources */ = {isa = PBXBuildFile; fileRef = CF1A57EA271BF9EF004730E3 /* YPCameraVC.swift */; };
		CF1A5848271BF9F0004730E3 /* YPVideoProcessor.swift in Sources */ = {isa = PBXBuildFile; fileRef = CF1A57EC271BF9EF004730E3 /* YPVideoProcessor.swift */; };
		CF1A5849271BF9F0004730E3 /* YPDeviceOrientationHelper.swift in Sources */ = {isa = PBXBuildFile; fileRef = CF1A57ED271BF9EF004730E3 /* YPDeviceOrientationHelper.swift */; };
		CF1A584A271BF9F0004730E3 /* YPPermissionCheckable.swift in Sources */ = {isa = PBXBuildFile; fileRef = CF1A57EF271BF9EF004730E3 /* YPPermissionCheckable.swift */; };
		CF1A584B271BF9F0004730E3 /* YPPermissionManager.swift in Sources */ = {isa = PBXBuildFile; fileRef = CF1A57F0271BF9EF004730E3 /* YPPermissionManager.swift */; };
		CF1A584C271BF9F0004730E3 /* YPPermissionDeniedPopup.swift in Sources */ = {isa = PBXBuildFile; fileRef = CF1A57F1271BF9EF004730E3 /* YPPermissionDeniedPopup.swift */; };
		CF1A584D271BF9F0004730E3 /* AVCaptureDevice+Extensions.swift in Sources */ = {isa = PBXBuildFile; fileRef = CF1A57F3271BF9EF004730E3 /* AVCaptureDevice+Extensions.swift */; };
		CF1A584E271BF9F0004730E3 /* UIButton+Extensions.swift in Sources */ = {isa = PBXBuildFile; fileRef = CF1A57F4271BF9EF004730E3 /* UIButton+Extensions.swift */; };
		CF1A584F271BF9F0004730E3 /* AVMutableComposition+Extensions.swift in Sources */ = {isa = PBXBuildFile; fileRef = CF1A57F5271BF9EF004730E3 /* AVMutableComposition+Extensions.swift */; };
		CF1A5850271BF9F0004730E3 /* AVAsset+Extensions.swift in Sources */ = {isa = PBXBuildFile; fileRef = CF1A57F6271BF9EF004730E3 /* AVAsset+Extensions.swift */; };
		CF1A5851271BF9F0004730E3 /* AVPlayer+Extensions.swift in Sources */ = {isa = PBXBuildFile; fileRef = CF1A57F7271BF9EF004730E3 /* AVPlayer+Extensions.swift */; };
		CF1A5852271BF9F0004730E3 /* UIColor+Extensions.swift in Sources */ = {isa = PBXBuildFile; fileRef = CF1A57F8271BF9EF004730E3 /* UIColor+Extensions.swift */; };
		CF1A5853271BF9F0004730E3 /* UIImage+Extensions.swift in Sources */ = {isa = PBXBuildFile; fileRef = CF1A57F9271BF9EF004730E3 /* UIImage+Extensions.swift */; };
		CF1A5854271BF9F0004730E3 /* UINavigationBar+Extensions.swift in Sources */ = {isa = PBXBuildFile; fileRef = CF1A57FA271BF9EF004730E3 /* UINavigationBar+Extensions.swift */; };
		CF1A5855271BF9F0004730E3 /* PHCachingImageManager+Extensions.swift in Sources */ = {isa = PBXBuildFile; fileRef = CF1A57FB271BF9EF004730E3 /* PHCachingImageManager+Extensions.swift */; };
		CF1A5856271BF9F0004730E3 /* UIBarButtonItem+Extensions.swift in Sources */ = {isa = PBXBuildFile; fileRef = CF1A57FC271BF9EF004730E3 /* UIBarButtonItem+Extensions.swift */; };
		CF1A5857271BF9F0004730E3 /* CIImage+Extensions.swift in Sources */ = {isa = PBXBuildFile; fileRef = CF1A57FD271BF9EF004730E3 /* CIImage+Extensions.swift */; };
		CF1A5858271BF9F0004730E3 /* NSFileManager+Extensions.swift in Sources */ = {isa = PBXBuildFile; fileRef = CF1A57FE271BF9EF004730E3 /* NSFileManager+Extensions.swift */; };
		CF1A5859271BF9F0004730E3 /* URL+Extensions.swift in Sources */ = {isa = PBXBuildFile; fileRef = CF1A57FF271BF9EF004730E3 /* URL+Extensions.swift */; };
		CF1A585A271BF9F0004730E3 /* Bundle+Extensions.swift in Sources */ = {isa = PBXBuildFile; fileRef = CF1A5800271BF9EF004730E3 /* Bundle+Extensions.swift */; };
		CF1A585B271BF9F0004730E3 /* AVFoundation+Extensions.swift in Sources */ = {isa = PBXBuildFile; fileRef = CF1A5801271BF9EF004730E3 /* AVFoundation+Extensions.swift */; };
		CF1A585C271BF9F0004730E3 /* PHFetchResult+Extensions.swift in Sources */ = {isa = PBXBuildFile; fileRef = CF1A5802271BF9EF004730E3 /* PHFetchResult+Extensions.swift */; };
		CF1A585D271BF9F0004730E3 /* CGRect+Extensions.swift in Sources */ = {isa = PBXBuildFile; fileRef = CF1A5803271BF9EF004730E3 /* CGRect+Extensions.swift */; };
		CF1A585E271BF9F0004730E3 /* AVFileType+Extensions.swift in Sources */ = {isa = PBXBuildFile; fileRef = CF1A5804271BF9EF004730E3 /* AVFileType+Extensions.swift */; };
		CF1A585F271BF9F0004730E3 /* AVCaptureSession+Extensions.swift in Sources */ = {isa = PBXBuildFile; fileRef = CF1A5805271BF9EF004730E3 /* AVCaptureSession+Extensions.swift */; };
		CF1A5860271BF9F0004730E3 /* CGFloat+Extensions.swift in Sources */ = {isa = PBXBuildFile; fileRef = CF1A5806271BF9EF004730E3 /* CGFloat+Extensions.swift */; };
		CF1A5861271BF9F0004730E3 /* UICollectionView+Extensions.swift in Sources */ = {isa = PBXBuildFile; fileRef = CF1A5807271BF9EF004730E3 /* UICollectionView+Extensions.swift */; };
		CF1A5862271BF9F0004730E3 /* IndexSet+Extensions.swift in Sources */ = {isa = PBXBuildFile; fileRef = CF1A5808271BF9EF004730E3 /* IndexSet+Extensions.swift */; };
		CF1A5863271BF9F0004730E3 /* YPHelper.swift in Sources */ = {isa = PBXBuildFile; fileRef = CF1A5809271BF9EF004730E3 /* YPHelper.swift */; };
		CF1A5864271BF9F0004730E3 /* YPLoadingView.swift in Sources */ = {isa = PBXBuildFile; fileRef = CF1A580A271BF9EF004730E3 /* YPLoadingView.swift */; };
		CF1A5865271BF9F0004730E3 /* YPPhotoSaver.swift in Sources */ = {isa = PBXBuildFile; fileRef = CF1A580B271BF9EF004730E3 /* YPPhotoSaver.swift */; };
		CF1A5866271BF9F0004730E3 /* YPAlerts.swift in Sources */ = {isa = PBXBuildFile; fileRef = CF1A580C271BF9EF004730E3 /* YPAlerts.swift */; };
		CF1A5867271BF9F0004730E3 /* YPLoaders.swift in Sources */ = {isa = PBXBuildFile; fileRef = CF1A580D271BF9EF004730E3 /* YPLoaders.swift */; };
		CF1A5868271BF9F0004730E3 /* README.md in Resources */ = {isa = PBXBuildFile; fileRef = CF1A580E271BF9EF004730E3 /* README.md */; };
		CF1A5872271BFF6B004730E3 /* Stevia in Frameworks */ = {isa = PBXBuildFile; productRef = CF1A5871271BFF6B004730E3 /* Stevia */; };
		CF1A5875271BFF7B004730E3 /* SDWebImage in Frameworks */ = {isa = PBXBuildFile; productRef = CF1A5874271BFF7B004730E3 /* SDWebImage */; };
		CF1A5878271BFF88004730E3 /* JGProgressHUD in Frameworks */ = {isa = PBXBuildFile; productRef = CF1A5877271BFF88004730E3 /* JGProgressHUD */; };
		CF1A587B271C1A1C004730E3 /* InputTextView.swift in Sources */ = {isa = PBXBuildFile; fileRef = CF1A587A271C1A1C004730E3 /* InputTextView.swift */; };
		CFE0C1D62716A11400D3C097 /* AppDelegate.swift in Sources */ = {isa = PBXBuildFile; fileRef = CFE0C1D52716A11400D3C097 /* AppDelegate.swift */; };
		CFE0C1D82716A11400D3C097 /* SceneDelegate.swift in Sources */ = {isa = PBXBuildFile; fileRef = CFE0C1D72716A11400D3C097 /* SceneDelegate.swift */; };
		CFE0C1DA2716A11400D3C097 /* ViewController.swift in Sources */ = {isa = PBXBuildFile; fileRef = CFE0C1D92716A11400D3C097 /* ViewController.swift */; };
		CFE0C1DD2716A11400D3C097 /* Main.storyboard in Resources */ = {isa = PBXBuildFile; fileRef = CFE0C1DB2716A11400D3C097 /* Main.storyboard */; };
		CFE0C1DF2716A11600D3C097 /* Assets.xcassets in Resources */ = {isa = PBXBuildFile; fileRef = CFE0C1DE2716A11600D3C097 /* Assets.xcassets */; };
		CFE0C1E22716A11600D3C097 /* LaunchScreen.storyboard in Resources */ = {isa = PBXBuildFile; fileRef = CFE0C1E02716A11600D3C097 /* LaunchScreen.storyboard */; };
		CFE0C1F12716A3A000D3C097 /* MainTabController.swift in Sources */ = {isa = PBXBuildFile; fileRef = CFE0C1F02716A3A000D3C097 /* MainTabController.swift */; };
		CFE0C1FB2716A52D00D3C097 /* UploadPostController.swift in Sources */ = {isa = PBXBuildFile; fileRef = CFE0C1F42716A52C00D3C097 /* UploadPostController.swift */; };
		CFE0C1FC2716A52D00D3C097 /* NotificationController.swift in Sources */ = {isa = PBXBuildFile; fileRef = CFE0C1F52716A52C00D3C097 /* NotificationController.swift */; };
		CFE0C1FD2716A52D00D3C097 /* ImageSelectorController.swift in Sources */ = {isa = PBXBuildFile; fileRef = CFE0C1F62716A52C00D3C097 /* ImageSelectorController.swift */; };
		CFE0C1FE2716A52D00D3C097 /* FeedController.swift in Sources */ = {isa = PBXBuildFile; fileRef = CFE0C1F72716A52C00D3C097 /* FeedController.swift */; };
		CFE0C1FF2716A52D00D3C097 /* SearchController.swift in Sources */ = {isa = PBXBuildFile; fileRef = CFE0C1F82716A52C00D3C097 /* SearchController.swift */; };
		CFE0C2002716A52D00D3C097 /* CommentController.swift in Sources */ = {isa = PBXBuildFile; fileRef = CFE0C1F92716A52D00D3C097 /* CommentController.swift */; };
		CFE0C2012716A52D00D3C097 /* ProfileController.swift in Sources */ = {isa = PBXBuildFile; fileRef = CFE0C1FA2716A52D00D3C097 /* ProfileController.swift */; };
		CFE0C2062716ADEB00D3C097 /* FeedCell.swift in Sources */ = {isa = PBXBuildFile; fileRef = CFE0C2052716ADEB00D3C097 /* FeedCell.swift */; };
		CFE0C2082716B7EC00D3C097 /* Extensions.swift in Sources */ = {isa = PBXBuildFile; fileRef = CFE0C2072716B7EC00D3C097 /* Extensions.swift */; };
		CFE0C20F2716CEC000D3C097 /* LoginController.swift in Sources */ = {isa = PBXBuildFile; fileRef = CFE0C20E2716CEC000D3C097 /* LoginController.swift */; };
		CFE0C2112716CF3100D3C097 /* CustomTextField.swift in Sources */ = {isa = PBXBuildFile; fileRef = CFE0C2102716CF3100D3C097 /* CustomTextField.swift */; };
		CFE0C2132716D20200D3C097 /* RegistrationController.swift in Sources */ = {isa = PBXBuildFile; fileRef = CFE0C2122716D20200D3C097 /* RegistrationController.swift */; };
		CFE0C2152716DB0F00D3C097 /* AuthenricationViewModel.swift in Sources */ = {isa = PBXBuildFile; fileRef = CFE0C2142716DB0F00D3C097 /* AuthenricationViewModel.swift */; };
		CFE0C2172717C87C00D3C097 /* GoogleService-Info.plist in Resources */ = {isa = PBXBuildFile; fileRef = CFE0C2162717C87C00D3C097 /* GoogleService-Info.plist */; };
		CFE0C21A2717D0D600D3C097 /* ImageUploader.swift in Sources */ = {isa = PBXBuildFile; fileRef = CFE0C2192717D0D600D3C097 /* ImageUploader.swift */; };
		CFE0C21C2717D15000D3C097 /* AuthService.swift in Sources */ = {isa = PBXBuildFile; fileRef = CFE0C21B2717D15000D3C097 /* AuthService.swift */; };
		CFE0C2212717ED3500D3C097 /* ProfileCell.swift in Sources */ = {isa = PBXBuildFile; fileRef = CFE0C21F2717ED3500D3C097 /* ProfileCell.swift */; };
		CFE0C2222717ED3500D3C097 /* ProfileHeader.swift in Sources */ = {isa = PBXBuildFile; fileRef = CFE0C2202717ED3500D3C097 /* ProfileHeader.swift */; };
		CFE0C2272717FB2900D3C097 /* ProfileViewModel.swift in Sources */ = {isa = PBXBuildFile; fileRef = CFE0C2262717FB2900D3C097 /* ProfileViewModel.swift */; };
		CFE0C2292718032800D3C097 /* UserService.swift in Sources */ = {isa = PBXBuildFile; fileRef = CFE0C2282718032800D3C097 /* UserService.swift */; };
		CFE0C22B2718038600D3C097 /* Constants.swift in Sources */ = {isa = PBXBuildFile; fileRef = CFE0C22A2718038600D3C097 /* Constants.swift */; };
		CFE0C22D271803D100D3C097 /* User.swift in Sources */ = {isa = PBXBuildFile; fileRef = CFE0C22C271803D100D3C097 /* User.swift */; };
		CFE0C22F2719534F00D3C097 /* UserCell.swift in Sources */ = {isa = PBXBuildFile; fileRef = CFE0C22E2719534F00D3C097 /* UserCell.swift */; };
		CFE0C23127197CA600D3C097 /* UserCellViewModel.swift in Sources */ = {isa = PBXBuildFile; fileRef = CFE0C23027197CA600D3C097 /* UserCellViewModel.swift */; };
		D8C78013ACE41065C79B6E91 /* Pods_InstagramAppWithFireBase.framework in Frameworks */ = {isa = PBXBuildFile; fileRef = 472755635B21D6F40C001C32 /* Pods_InstagramAppWithFireBase.framework */; };
/* End PBXBuildFile section */

/* Begin PBXFileReference section */
		472755635B21D6F40C001C32 /* Pods_InstagramAppWithFireBase.framework */ = {isa = PBXFileReference; explicitFileType = wrapper.framework; includeInIndex = 0; path = Pods_InstagramAppWithFireBase.framework; sourceTree = BUILT_PRODUCTS_DIR; };
		90FDC340E97C5F171AE5210D /* Pods-InstagramAppWithFireBase.debug.xcconfig */ = {isa = PBXFileReference; includeInIndex = 1; lastKnownFileType = text.xcconfig; name = "Pods-InstagramAppWithFireBase.debug.xcconfig"; path = "Target Support Files/Pods-InstagramAppWithFireBase/Pods-InstagramAppWithFireBase.debug.xcconfig"; sourceTree = "<group>"; };
		CF1A5699271BF3FC004730E3 /* InstagramAppWithFireBase.app */ = {isa = PBXFileReference; explicitFileType = wrapper.application; includeInIndex = 0; path = InstagramAppWithFireBase.app; sourceTree = BUILT_PRODUCTS_DIR; };
		CF1A5787271BF9EF004730E3 /* LICENSE */ = {isa = PBXFileReference; fileEncoding = 4; lastKnownFileType = text; path = LICENSE; sourceTree = "<group>"; };
		CF1A578B271BF9EF004730E3 /* YPVideoView.swift */ = {isa = PBXFileReference; fileEncoding = 4; lastKnownFileType = sourcecode.swift; path = YPVideoView.swift; sourceTree = "<group>"; };
		CF1A578C271BF9EF004730E3 /* YPVideoFiltersVC.swift */ = {isa = PBXFileReference; fileEncoding = 4; lastKnownFileType = sourcecode.swift; path = YPVideoFiltersVC.swift; sourceTree = "<group>"; };
		CF1A578D271BF9EF004730E3 /* YPVideoFiltersVC.xib */ = {isa = PBXFileReference; fileEncoding = 4; lastKnownFileType = file.xib; path = YPVideoFiltersVC.xib; sourceTree = "<group>"; };
		CF1A578F271BF9EF004730E3 /* YPCropView.swift */ = {isa = PBXFileReference; fileEncoding = 4; lastKnownFileType = sourcecode.swift; path = YPCropView.swift; sourceTree = "<group>"; };
		CF1A5790271BF9EF004730E3 /* YPCropVC.swift */ = {isa = PBXFileReference; fileEncoding = 4; lastKnownFileType = sourcecode.swift; path = YPCropVC.swift; sourceTree = "<group>"; };
		CF1A5792271BF9EF004730E3 /* YPPhotoFiltersVC.swift */ = {isa = PBXFileReference; fileEncoding = 4; lastKnownFileType = sourcecode.swift; path = YPPhotoFiltersVC.swift; sourceTree = "<group>"; };
		CF1A5793271BF9EF004730E3 /* YPFiltersView.swift */ = {isa = PBXFileReference; fileEncoding = 4; lastKnownFileType = sourcecode.swift; path = YPFiltersView.swift; sourceTree = "<group>"; };
		CF1A5794271BF9EF004730E3 /* YPFilterCollectionViewCell.swift */ = {isa = PBXFileReference; fileEncoding = 4; lastKnownFileType = sourcecode.swift; path = YPFilterCollectionViewCell.swift; sourceTree = "<group>"; };
		CF1A5795271BF9EF004730E3 /* YPFilter.swift */ = {isa = PBXFileReference; fileEncoding = 4; lastKnownFileType = sourcecode.swift; path = YPFilter.swift; sourceTree = "<group>"; };
		CF1A5796271BF9EF004730E3 /* YPPickerVC.swift */ = {isa = PBXFileReference; fileEncoding = 4; lastKnownFileType = sourcecode.swift; path = YPPickerVC.swift; sourceTree = "<group>"; };
		CF1A5798271BF9EF004730E3 /* YPFonts.swift */ = {isa = PBXFileReference; fileEncoding = 4; lastKnownFileType = sourcecode.swift; path = YPFonts.swift; sourceTree = "<group>"; };
		CF1A5799271BF9EF004730E3 /* YPImageSize.swift */ = {isa = PBXFileReference; fileEncoding = 4; lastKnownFileType = sourcecode.swift; path = YPImageSize.swift; sourceTree = "<group>"; };
		CF1A579A271BF9EF004730E3 /* YPImagePickerConfiguration.swift */ = {isa = PBXFileReference; fileEncoding = 4; lastKnownFileType = sourcecode.swift; path = YPImagePickerConfiguration.swift; sourceTree = "<group>"; };
		CF1A579B271BF9EF004730E3 /* YPWordings.swift */ = {isa = PBXFileReference; fileEncoding = 4; lastKnownFileType = sourcecode.swift; path = YPWordings.swift; sourceTree = "<group>"; };
		CF1A579C271BF9EF004730E3 /* YPColors.swift */ = {isa = PBXFileReference; fileEncoding = 4; lastKnownFileType = sourcecode.swift; path = YPColors.swift; sourceTree = "<group>"; };
		CF1A579D271BF9EF004730E3 /* YPPickerScreen.swift */ = {isa = PBXFileReference; fileEncoding = 4; lastKnownFileType = sourcecode.swift; path = YPPickerScreen.swift; sourceTree = "<group>"; };
		CF1A579E271BF9EF004730E3 /* YPIcons.swift */ = {isa = PBXFileReference; fileEncoding = 4; lastKnownFileType = sourcecode.swift; path = YPIcons.swift; sourceTree = "<group>"; };
		CF1A579F271BF9EF004730E3 /* YPImagePicker.swift */ = {isa = PBXFileReference; fileEncoding = 4; lastKnownFileType = sourcecode.swift; path = YPImagePicker.swift; sourceTree = "<group>"; };
		CF1A57A2271BF9EF004730E3 /* de */ = {isa = PBXFileReference; lastKnownFileType = text.plist.strings; name = de; path = de.lproj/YPImagePickerLocalizable.strings; sourceTree = "<group>"; };
		CF1A57A3271BF9EF004730E3 /* ar */ = {isa = PBXFileReference; lastKnownFileType = text.plist.strings; name = ar; path = ar.lproj/YPImagePickerLocalizable.strings; sourceTree = "<group>"; };
		CF1A57A4271BF9EF004730E3 /* zh-Hans */ = {isa = PBXFileReference; lastKnownFileType = text.plist.strings; name = "zh-Hans"; path = "zh-Hans.lproj/YPImagePickerLocalizable.strings"; sourceTree = "<group>"; };
		CF1A57A5271BF9EF004730E3 /* ja */ = {isa = PBXFileReference; lastKnownFileType = text.plist.strings; name = ja; path = ja.lproj/YPImagePickerLocalizable.strings; sourceTree = "<group>"; };
		CF1A57A6271BF9EF004730E3 /* fa */ = {isa = PBXFileReference; lastKnownFileType = text.plist.strings; name = fa; path = fa.lproj/YPImagePickerLocalizable.strings; sourceTree = "<group>"; };
		CF1A57A7271BF9EF004730E3 /* en */ = {isa = PBXFileReference; lastKnownFileType = text.plist.strings; name = en; path = en.lproj/YPImagePickerLocalizable.strings; sourceTree = "<group>"; };
		CF1A57A8271BF9EF004730E3 /* nb */ = {isa = PBXFileReference; lastKnownFileType = text.plist.strings; name = nb; path = nb.lproj/YPImagePickerLocalizable.strings; sourceTree = "<group>"; };
		CF1A57A9271BF9EF004730E3 /* es */ = {isa = PBXFileReference; lastKnownFileType = text.plist.strings; name = es; path = es.lproj/YPImagePickerLocalizable.strings; sourceTree = "<group>"; };
		CF1A57AA271BF9EF004730E3 /* da */ = {isa = PBXFileReference; lastKnownFileType = text.plist.strings; name = da; path = da.lproj/YPImagePickerLocalizable.strings; sourceTree = "<group>"; };
		CF1A57AB271BF9EF004730E3 /* it */ = {isa = PBXFileReference; lastKnownFileType = text.plist.strings; name = it; path = it.lproj/YPImagePickerLocalizable.strings; sourceTree = "<group>"; };
		CF1A57AC271BF9EF004730E3 /* bg */ = {isa = PBXFileReference; lastKnownFileType = text.plist.strings; name = bg; path = bg.lproj/YPImagePickerLocalizable.strings; sourceTree = "<group>"; };
		CF1A57AD271BF9EF004730E3 /* Assets.xcassets */ = {isa = PBXFileReference; lastKnownFileType = folder.assetcatalog; path = Assets.xcassets; sourceTree = "<group>"; };
		CF1A57AE271BF9EF004730E3 /* sv */ = {isa = PBXFileReference; lastKnownFileType = text.plist.strings; name = sv; path = sv.lproj/YPImagePickerLocalizable.strings; sourceTree = "<group>"; };
		CF1A57AF271BF9EF004730E3 /* cs */ = {isa = PBXFileReference; lastKnownFileType = text.plist.strings; name = cs; path = cs.lproj/YPImagePickerLocalizable.strings; sourceTree = "<group>"; };
		CF1A57B0271BF9EF004730E3 /* km */ = {isa = PBXFileReference; lastKnownFileType = text.plist.strings; name = km; path = km.lproj/YPImagePickerLocalizable.strings; sourceTree = "<group>"; };
		CF1A57B1271BF9EF004730E3 /* ko */ = {isa = PBXFileReference; lastKnownFileType = text.plist.strings; name = ko; path = ko.lproj/YPImagePickerLocalizable.strings; sourceTree = "<group>"; };
		CF1A57B2271BF9EF004730E3 /* zh-Hant */ = {isa = PBXFileReference; lastKnownFileType = text.plist.strings; name = "zh-Hant"; path = "zh-Hant.lproj/YPImagePickerLocalizable.strings"; sourceTree = "<group>"; };
		CF1A57B3271BF9EF004730E3 /* km-KH */ = {isa = PBXFileReference; lastKnownFileType = text.plist.strings; name = "km-KH"; path = "km-KH.lproj/YPImagePickerLocalizable.strings"; sourceTree = "<group>"; };
		CF1A57B4271BF9EF004730E3 /* tr */ = {isa = PBXFileReference; lastKnownFileType = text.plist.strings; name = tr; path = tr.lproj/YPImagePickerLocalizable.strings; sourceTree = "<group>"; };
		CF1A57B5271BF9EF004730E3 /* pl */ = {isa = PBXFileReference; lastKnownFileType = text.plist.strings; name = pl; path = pl.lproj/YPImagePickerLocalizable.strings; sourceTree = "<group>"; };
		CF1A57B6271BF9EF004730E3 /* pt-BR */ = {isa = PBXFileReference; lastKnownFileType = text.plist.strings; name = "pt-BR"; path = "pt-BR.lproj/YPImagePickerLocalizable.strings"; sourceTree = "<group>"; };
		CF1A57B7271BF9EF004730E3 /* vi */ = {isa = PBXFileReference; lastKnownFileType = text.plist.strings; name = vi; path = vi.lproj/YPImagePickerLocalizable.strings; sourceTree = "<group>"; };
		CF1A57B8271BF9EF004730E3 /* ru */ = {isa = PBXFileReference; lastKnownFileType = text.plist.strings; name = ru; path = ru.lproj/YPImagePickerLocalizable.strings; sourceTree = "<group>"; };
		CF1A57B9271BF9EF004730E3 /* fr */ = {isa = PBXFileReference; lastKnownFileType = text.plist.strings; name = fr; path = fr.lproj/YPImagePickerLocalizable.strings; sourceTree = "<group>"; };
		CF1A57BA271BF9EF004730E3 /* id */ = {isa = PBXFileReference; lastKnownFileType = text.plist.strings; name = id; path = id.lproj/YPImagePickerLocalizable.strings; sourceTree = "<group>"; };
		CF1A57BB271BF9EF004730E3 /* nl */ = {isa = PBXFileReference; lastKnownFileType = text.plist.strings; name = nl; path = nl.lproj/YPImagePickerLocalizable.strings; sourceTree = "<group>"; };
		CF1A57BC271BF9EF004730E3 /* th */ = {isa = PBXFileReference; lastKnownFileType = text.plist.strings; name = th; path = th.lproj/YPImagePickerLocalizable.strings; sourceTree = "<group>"; };
		CF1A57BD271BF9EF004730E3 /* pt-PT */ = {isa = PBXFileReference; lastKnownFileType = text.plist.strings; name = "pt-PT"; path = "pt-PT.lproj/YPImagePickerLocalizable.strings"; sourceTree = "<group>"; };
		CF1A57BE271BF9EF004730E3 /* ro */ = {isa = PBXFileReference; lastKnownFileType = text.plist.strings; name = ro; path = ro.lproj/YPImagePickerLocalizable.strings; sourceTree = "<group>"; };
		CF1A57C0271BF9EF004730E3 /* YPLibrarySelection.swift */ = {isa = PBXFileReference; fileEncoding = 4; lastKnownFileType = sourcecode.swift; path = YPLibrarySelection.swift; sourceTree = "<group>"; };
		CF1A57C1271BF9EF004730E3 /* YPMediaItem.swift */ = {isa = PBXFileReference; fileEncoding = 4; lastKnownFileType = sourcecode.swift; path = YPMediaItem.swift; sourceTree = "<group>"; };
		CF1A57C2271BF9EF004730E3 /* YPFlashMode.swift */ = {isa = PBXFileReference; fileEncoding = 4; lastKnownFileType = sourcecode.swift; path = YPFlashMode.swift; sourceTree = "<group>"; };
		CF1A57C3271BF9EF004730E3 /* YPLog.swift */ = {isa = PBXFileReference; fileEncoding = 4; lastKnownFileType = sourcecode.swift; path = YPLog.swift; sourceTree = "<group>"; };
		CF1A57C4271BF9EF004730E3 /* YPDragDirection.swift */ = {isa = PBXFileReference; fileEncoding = 4; lastKnownFileType = sourcecode.swift; path = YPDragDirection.swift; sourceTree = "<group>"; };
		CF1A57C5271BF9EF004730E3 /* YPError.swift */ = {isa = PBXFileReference; fileEncoding = 4; lastKnownFileType = sourcecode.swift; path = YPError.swift; sourceTree = "<group>"; };
		CF1A57C6271BF9EF004730E3 /* YPTrimError.swift */ = {isa = PBXFileReference; fileEncoding = 4; lastKnownFileType = sourcecode.swift; path = YPTrimError.swift; sourceTree = "<group>"; };
		CF1A57C8271BF9EF004730E3 /* YPSelectionsGalleryVC.swift */ = {isa = PBXFileReference; fileEncoding = 4; lastKnownFileType = sourcecode.swift; path = YPSelectionsGalleryVC.swift; sourceTree = "<group>"; };
		CF1A57C9271BF9EF004730E3 /* YPSelectionsGalleryView.swift */ = {isa = PBXFileReference; fileEncoding = 4; lastKnownFileType = sourcecode.swift; path = YPSelectionsGalleryView.swift; sourceTree = "<group>"; };
		CF1A57CA271BF9EF004730E3 /* YPSelectionsGalleryCell.swift */ = {isa = PBXFileReference; fileEncoding = 4; lastKnownFileType = sourcecode.swift; path = YPSelectionsGalleryCell.swift; sourceTree = "<group>"; };
		CF1A57CD271BF9EF004730E3 /* YPVideoCaptureHelper.swift */ = {isa = PBXFileReference; fileEncoding = 4; lastKnownFileType = sourcecode.swift; path = YPVideoCaptureHelper.swift; sourceTree = "<group>"; };
		CF1A57CE271BF9EF004730E3 /* YPVideoCaptureVC.swift */ = {isa = PBXFileReference; fileEncoding = 4; lastKnownFileType = sourcecode.swift; path = YPVideoCaptureVC.swift; sourceTree = "<group>"; };
		CF1A57D0271BF9EF004730E3 /* YPLibraryVC+CollectionView.swift */ = {isa = PBXFileReference; fileEncoding = 4; lastKnownFileType = sourcecode.swift; path = "YPLibraryVC+CollectionView.swift"; sourceTree = "<group>"; };
		CF1A57D1271BF9EF004730E3 /* YPLibraryVC+PanGesture.swift */ = {isa = PBXFileReference; fileEncoding = 4; lastKnownFileType = sourcecode.swift; path = "YPLibraryVC+PanGesture.swift"; sourceTree = "<group>"; };
		CF1A57D2271BF9EF004730E3 /* YPLibraryViewDelegate.swift */ = {isa = PBXFileReference; fileEncoding = 4; lastKnownFileType = sourcecode.swift; path = YPLibraryViewDelegate.swift; sourceTree = "<group>"; };
		CF1A57D3271BF9EF004730E3 /* YPGridView.swift */ = {isa = PBXFileReference; fileEncoding = 4; lastKnownFileType = sourcecode.swift; path = YPGridView.swift; sourceTree = "<group>"; };
		CF1A57D4271BF9EF004730E3 /* YPAssetZoomableView.swift */ = {isa = PBXFileReference; fileEncoding = 4; lastKnownFileType = sourcecode.swift; path = YPAssetZoomableView.swift; sourceTree = "<group>"; };
		CF1A57D5271BF9EF004730E3 /* YPLibrary+LibraryChange.swift */ = {isa = PBXFileReference; fileEncoding = 4; lastKnownFileType = sourcecode.swift; path = "YPLibrary+LibraryChange.swift"; sourceTree = "<group>"; };
		CF1A57D7271BF9EF004730E3 /* YPMenuItem.swift */ = {isa = PBXFileReference; fileEncoding = 4; lastKnownFileType = sourcecode.swift; path = YPMenuItem.swift; sourceTree = "<group>"; };
		CF1A57D8271BF9EF004730E3 /* YPBottomPager.swift */ = {isa = PBXFileReference; fileEncoding = 4; lastKnownFileType = sourcecode.swift; path = YPBottomPager.swift; sourceTree = "<group>"; };
		CF1A57D9271BF9EF004730E3 /* YPPagerMenu.swift */ = {isa = PBXFileReference; fileEncoding = 4; lastKnownFileType = sourcecode.swift; path = YPPagerMenu.swift; sourceTree = "<group>"; };
		CF1A57DA271BF9EF004730E3 /* YPBottomPagerView.swift */ = {isa = PBXFileReference; fileEncoding = 4; lastKnownFileType = sourcecode.swift; path = YPBottomPagerView.swift; sourceTree = "<group>"; };
		CF1A57DB271BF9EF004730E3 /* YPLibraryVC.swift */ = {isa = PBXFileReference; fileEncoding = 4; lastKnownFileType = sourcecode.swift; path = YPLibraryVC.swift; sourceTree = "<group>"; };
		CF1A57DC271BF9EF004730E3 /* LibraryMediaManager.swift */ = {isa = PBXFileReference; fileEncoding = 4; lastKnownFileType = sourcecode.swift; path = LibraryMediaManager.swift; sourceTree = "<group>"; };
		CF1A57DD271BF9EF004730E3 /* YPAssetViewContainer.swift */ = {isa = PBXFileReference; fileEncoding = 4; lastKnownFileType = sourcecode.swift; path = YPAssetViewContainer.swift; sourceTree = "<group>"; };
		CF1A57DE271BF9EF004730E3 /* YPLibraryView.swift */ = {isa = PBXFileReference; fileEncoding = 4; lastKnownFileType = sourcecode.swift; path = YPLibraryView.swift; sourceTree = "<group>"; };
		CF1A57E0271BF9EF004730E3 /* YPAlbumsManager.swift */ = {isa = PBXFileReference; fileEncoding = 4; lastKnownFileType = sourcecode.swift; path = YPAlbumsManager.swift; sourceTree = "<group>"; };
		CF1A57E1271BF9EF004730E3 /* YPAlbumView.swift */ = {isa = PBXFileReference; fileEncoding = 4; lastKnownFileType = sourcecode.swift; path = YPAlbumView.swift; sourceTree = "<group>"; };
		CF1A57E2271BF9EF004730E3 /* YPAlbumVC.swift */ = {isa = PBXFileReference; fileEncoding = 4; lastKnownFileType = sourcecode.swift; path = YPAlbumVC.swift; sourceTree = "<group>"; };
		CF1A57E3271BF9EF004730E3 /* YPAlbumCell.swift */ = {isa = PBXFileReference; fileEncoding = 4; lastKnownFileType = sourcecode.swift; path = YPAlbumCell.swift; sourceTree = "<group>"; };
		CF1A57E4271BF9EF004730E3 /* YPAlbum.swift */ = {isa = PBXFileReference; fileEncoding = 4; lastKnownFileType = sourcecode.swift; path = YPAlbum.swift; sourceTree = "<group>"; };
		CF1A57E5271BF9EF004730E3 /* YPLibraryViewCell.swift */ = {isa = PBXFileReference; fileEncoding = 4; lastKnownFileType = sourcecode.swift; path = YPLibraryViewCell.swift; sourceTree = "<group>"; };
		CF1A57E6271BF9EF004730E3 /* YPLibraryView.xib */ = {isa = PBXFileReference; fileEncoding = 4; lastKnownFileType = file.xib; path = YPLibraryView.xib; sourceTree = "<group>"; };
		CF1A57E8271BF9EF004730E3 /* YPCameraView.swift */ = {isa = PBXFileReference; fileEncoding = 4; lastKnownFileType = sourcecode.swift; path = YPCameraView.swift; sourceTree = "<group>"; };
		CF1A57E9271BF9EF004730E3 /* YPPhotoCaptureHelper.swift */ = {isa = PBXFileReference; fileEncoding = 4; lastKnownFileType = sourcecode.swift; path = YPPhotoCaptureHelper.swift; sourceTree = "<group>"; };
		CF1A57EA271BF9EF004730E3 /* YPCameraVC.swift */ = {isa = PBXFileReference; fileEncoding = 4; lastKnownFileType = sourcecode.swift; path = YPCameraVC.swift; sourceTree = "<group>"; };
		CF1A57EC271BF9EF004730E3 /* YPVideoProcessor.swift */ = {isa = PBXFileReference; fileEncoding = 4; lastKnownFileType = sourcecode.swift; path = YPVideoProcessor.swift; sourceTree = "<group>"; };
		CF1A57ED271BF9EF004730E3 /* YPDeviceOrientationHelper.swift */ = {isa = PBXFileReference; fileEncoding = 4; lastKnownFileType = sourcecode.swift; path = YPDeviceOrientationHelper.swift; sourceTree = "<group>"; };
		CF1A57EF271BF9EF004730E3 /* YPPermissionCheckable.swift */ = {isa = PBXFileReference; fileEncoding = 4; lastKnownFileType = sourcecode.swift; path = YPPermissionCheckable.swift; sourceTree = "<group>"; };
		CF1A57F0271BF9EF004730E3 /* YPPermissionManager.swift */ = {isa = PBXFileReference; fileEncoding = 4; lastKnownFileType = sourcecode.swift; path = YPPermissionManager.swift; sourceTree = "<group>"; };
		CF1A57F1271BF9EF004730E3 /* YPPermissionDeniedPopup.swift */ = {isa = PBXFileReference; fileEncoding = 4; lastKnownFileType = sourcecode.swift; path = YPPermissionDeniedPopup.swift; sourceTree = "<group>"; };
		CF1A57F3271BF9EF004730E3 /* AVCaptureDevice+Extensions.swift */ = {isa = PBXFileReference; fileEncoding = 4; lastKnownFileType = sourcecode.swift; path = "AVCaptureDevice+Extensions.swift"; sourceTree = "<group>"; };
		CF1A57F4271BF9EF004730E3 /* UIButton+Extensions.swift */ = {isa = PBXFileReference; fileEncoding = 4; lastKnownFileType = sourcecode.swift; path = "UIButton+Extensions.swift"; sourceTree = "<group>"; };
		CF1A57F5271BF9EF004730E3 /* AVMutableComposition+Extensions.swift */ = {isa = PBXFileReference; fileEncoding = 4; lastKnownFileType = sourcecode.swift; path = "AVMutableComposition+Extensions.swift"; sourceTree = "<group>"; };
		CF1A57F6271BF9EF004730E3 /* AVAsset+Extensions.swift */ = {isa = PBXFileReference; fileEncoding = 4; lastKnownFileType = sourcecode.swift; path = "AVAsset+Extensions.swift"; sourceTree = "<group>"; };
		CF1A57F7271BF9EF004730E3 /* AVPlayer+Extensions.swift */ = {isa = PBXFileReference; fileEncoding = 4; lastKnownFileType = sourcecode.swift; path = "AVPlayer+Extensions.swift"; sourceTree = "<group>"; };
		CF1A57F8271BF9EF004730E3 /* UIColor+Extensions.swift */ = {isa = PBXFileReference; fileEncoding = 4; lastKnownFileType = sourcecode.swift; path = "UIColor+Extensions.swift"; sourceTree = "<group>"; };
		CF1A57F9271BF9EF004730E3 /* UIImage+Extensions.swift */ = {isa = PBXFileReference; fileEncoding = 4; lastKnownFileType = sourcecode.swift; path = "UIImage+Extensions.swift"; sourceTree = "<group>"; };
		CF1A57FA271BF9EF004730E3 /* UINavigationBar+Extensions.swift */ = {isa = PBXFileReference; fileEncoding = 4; lastKnownFileType = sourcecode.swift; path = "UINavigationBar+Extensions.swift"; sourceTree = "<group>"; };
		CF1A57FB271BF9EF004730E3 /* PHCachingImageManager+Extensions.swift */ = {isa = PBXFileReference; fileEncoding = 4; lastKnownFileType = sourcecode.swift; path = "PHCachingImageManager+Extensions.swift"; sourceTree = "<group>"; };
		CF1A57FC271BF9EF004730E3 /* UIBarButtonItem+Extensions.swift */ = {isa = PBXFileReference; fileEncoding = 4; lastKnownFileType = sourcecode.swift; path = "UIBarButtonItem+Extensions.swift"; sourceTree = "<group>"; };
		CF1A57FD271BF9EF004730E3 /* CIImage+Extensions.swift */ = {isa = PBXFileReference; fileEncoding = 4; lastKnownFileType = sourcecode.swift; path = "CIImage+Extensions.swift"; sourceTree = "<group>"; };
		CF1A57FE271BF9EF004730E3 /* NSFileManager+Extensions.swift */ = {isa = PBXFileReference; fileEncoding = 4; lastKnownFileType = sourcecode.swift; path = "NSFileManager+Extensions.swift"; sourceTree = "<group>"; };
		CF1A57FF271BF9EF004730E3 /* URL+Extensions.swift */ = {isa = PBXFileReference; fileEncoding = 4; lastKnownFileType = sourcecode.swift; path = "URL+Extensions.swift"; sourceTree = "<group>"; };
		CF1A5800271BF9EF004730E3 /* Bundle+Extensions.swift */ = {isa = PBXFileReference; fileEncoding = 4; lastKnownFileType = sourcecode.swift; path = "Bundle+Extensions.swift"; sourceTree = "<group>"; };
		CF1A5801271BF9EF004730E3 /* AVFoundation+Extensions.swift */ = {isa = PBXFileReference; fileEncoding = 4; lastKnownFileType = sourcecode.swift; path = "AVFoundation+Extensions.swift"; sourceTree = "<group>"; };
		CF1A5802271BF9EF004730E3 /* PHFetchResult+Extensions.swift */ = {isa = PBXFileReference; fileEncoding = 4; lastKnownFileType = sourcecode.swift; path = "PHFetchResult+Extensions.swift"; sourceTree = "<group>"; };
		CF1A5803271BF9EF004730E3 /* CGRect+Extensions.swift */ = {isa = PBXFileReference; fileEncoding = 4; lastKnownFileType = sourcecode.swift; path = "CGRect+Extensions.swift"; sourceTree = "<group>"; };
		CF1A5804271BF9EF004730E3 /* AVFileType+Extensions.swift */ = {isa = PBXFileReference; fileEncoding = 4; lastKnownFileType = sourcecode.swift; path = "AVFileType+Extensions.swift"; sourceTree = "<group>"; };
		CF1A5805271BF9EF004730E3 /* AVCaptureSession+Extensions.swift */ = {isa = PBXFileReference; fileEncoding = 4; lastKnownFileType = sourcecode.swift; path = "AVCaptureSession+Extensions.swift"; sourceTree = "<group>"; };
		CF1A5806271BF9EF004730E3 /* CGFloat+Extensions.swift */ = {isa = PBXFileReference; fileEncoding = 4; lastKnownFileType = sourcecode.swift; path = "CGFloat+Extensions.swift"; sourceTree = "<group>"; };
		CF1A5807271BF9EF004730E3 /* UICollectionView+Extensions.swift */ = {isa = PBXFileReference; fileEncoding = 4; lastKnownFileType = sourcecode.swift; path = "UICollectionView+Extensions.swift"; sourceTree = "<group>"; };
		CF1A5808271BF9EF004730E3 /* IndexSet+Extensions.swift */ = {isa = PBXFileReference; fileEncoding = 4; lastKnownFileType = sourcecode.swift; path = "IndexSet+Extensions.swift"; sourceTree = "<group>"; };
		CF1A5809271BF9EF004730E3 /* YPHelper.swift */ = {isa = PBXFileReference; fileEncoding = 4; lastKnownFileType = sourcecode.swift; path = YPHelper.swift; sourceTree = "<group>"; };
		CF1A580A271BF9EF004730E3 /* YPLoadingView.swift */ = {isa = PBXFileReference; fileEncoding = 4; lastKnownFileType = sourcecode.swift; path = YPLoadingView.swift; sourceTree = "<group>"; };
		CF1A580B271BF9EF004730E3 /* YPPhotoSaver.swift */ = {isa = PBXFileReference; fileEncoding = 4; lastKnownFileType = sourcecode.swift; path = YPPhotoSaver.swift; sourceTree = "<group>"; };
		CF1A580C271BF9EF004730E3 /* YPAlerts.swift */ = {isa = PBXFileReference; fileEncoding = 4; lastKnownFileType = sourcecode.swift; path = YPAlerts.swift; sourceTree = "<group>"; };
		CF1A580D271BF9EF004730E3 /* YPLoaders.swift */ = {isa = PBXFileReference; fileEncoding = 4; lastKnownFileType = sourcecode.swift; path = YPLoaders.swift; sourceTree = "<group>"; };
		CF1A580E271BF9EF004730E3 /* README.md */ = {isa = PBXFileReference; fileEncoding = 4; lastKnownFileType = net.daringfireball.markdown; path = README.md; sourceTree = "<group>"; };
		CF1A5869271BFE0B004730E3 /* Stevia.framework */ = {isa = PBXFileReference; explicitFileType = wrapper.framework; path = Stevia.framework; sourceTree = BUILT_PRODUCTS_DIR; };
		CF1A587A271C1A1C004730E3 /* InputTextView.swift */ = {isa = PBXFileReference; fileEncoding = 4; lastKnownFileType = sourcecode.swift; path = InputTextView.swift; sourceTree = "<group>"; };
		CFE0C1D52716A11400D3C097 /* AppDelegate.swift */ = {isa = PBXFileReference; lastKnownFileType = sourcecode.swift; path = AppDelegate.swift; sourceTree = "<group>"; };
		CFE0C1D72716A11400D3C097 /* SceneDelegate.swift */ = {isa = PBXFileReference; lastKnownFileType = sourcecode.swift; path = SceneDelegate.swift; sourceTree = "<group>"; };
		CFE0C1D92716A11400D3C097 /* ViewController.swift */ = {isa = PBXFileReference; lastKnownFileType = sourcecode.swift; path = ViewController.swift; sourceTree = "<group>"; };
		CFE0C1DC2716A11400D3C097 /* Base */ = {isa = PBXFileReference; lastKnownFileType = file.storyboard; name = Base; path = Base.lproj/Main.storyboard; sourceTree = "<group>"; };
		CFE0C1DE2716A11600D3C097 /* Assets.xcassets */ = {isa = PBXFileReference; lastKnownFileType = folder.assetcatalog; path = Assets.xcassets; sourceTree = "<group>"; };
		CFE0C1E12716A11600D3C097 /* Base */ = {isa = PBXFileReference; lastKnownFileType = file.storyboard; name = Base; path = Base.lproj/LaunchScreen.storyboard; sourceTree = "<group>"; };
		CFE0C1E32716A11600D3C097 /* Info.plist */ = {isa = PBXFileReference; lastKnownFileType = text.plist.xml; path = Info.plist; sourceTree = "<group>"; };
		CFE0C1F02716A3A000D3C097 /* MainTabController.swift */ = {isa = PBXFileReference; fileEncoding = 4; lastKnownFileType = sourcecode.swift; path = MainTabController.swift; sourceTree = "<group>"; };
		CFE0C1F42716A52C00D3C097 /* UploadPostController.swift */ = {isa = PBXFileReference; fileEncoding = 4; lastKnownFileType = sourcecode.swift; path = UploadPostController.swift; sourceTree = "<group>"; };
		CFE0C1F52716A52C00D3C097 /* NotificationController.swift */ = {isa = PBXFileReference; fileEncoding = 4; lastKnownFileType = sourcecode.swift; path = NotificationController.swift; sourceTree = "<group>"; };
		CFE0C1F62716A52C00D3C097 /* ImageSelectorController.swift */ = {isa = PBXFileReference; fileEncoding = 4; lastKnownFileType = sourcecode.swift; path = ImageSelectorController.swift; sourceTree = "<group>"; };
		CFE0C1F72716A52C00D3C097 /* FeedController.swift */ = {isa = PBXFileReference; fileEncoding = 4; lastKnownFileType = sourcecode.swift; path = FeedController.swift; sourceTree = "<group>"; };
		CFE0C1F82716A52C00D3C097 /* SearchController.swift */ = {isa = PBXFileReference; fileEncoding = 4; lastKnownFileType = sourcecode.swift; path = SearchController.swift; sourceTree = "<group>"; };
		CFE0C1F92716A52D00D3C097 /* CommentController.swift */ = {isa = PBXFileReference; fileEncoding = 4; lastKnownFileType = sourcecode.swift; path = CommentController.swift; sourceTree = "<group>"; };
		CFE0C1FA2716A52D00D3C097 /* ProfileController.swift */ = {isa = PBXFileReference; fileEncoding = 4; lastKnownFileType = sourcecode.swift; path = ProfileController.swift; sourceTree = "<group>"; };
		CFE0C2052716ADEB00D3C097 /* FeedCell.swift */ = {isa = PBXFileReference; fileEncoding = 4; lastKnownFileType = sourcecode.swift; path = FeedCell.swift; sourceTree = "<group>"; };
		CFE0C2072716B7EC00D3C097 /* Extensions.swift */ = {isa = PBXFileReference; fileEncoding = 4; lastKnownFileType = sourcecode.swift; path = Extensions.swift; sourceTree = "<group>"; };
		CFE0C20E2716CEC000D3C097 /* LoginController.swift */ = {isa = PBXFileReference; fileEncoding = 4; lastKnownFileType = sourcecode.swift; path = LoginController.swift; sourceTree = "<group>"; };
		CFE0C2102716CF3100D3C097 /* CustomTextField.swift */ = {isa = PBXFileReference; fileEncoding = 4; lastKnownFileType = sourcecode.swift; path = CustomTextField.swift; sourceTree = "<group>"; };
		CFE0C2122716D20200D3C097 /* RegistrationController.swift */ = {isa = PBXFileReference; fileEncoding = 4; lastKnownFileType = sourcecode.swift; path = RegistrationController.swift; sourceTree = "<group>"; };
		CFE0C2142716DB0F00D3C097 /* AuthenricationViewModel.swift */ = {isa = PBXFileReference; fileEncoding = 4; lastKnownFileType = sourcecode.swift; path = AuthenricationViewModel.swift; sourceTree = "<group>"; };
		CFE0C2162717C87C00D3C097 /* GoogleService-Info.plist */ = {isa = PBXFileReference; fileEncoding = 4; lastKnownFileType = text.plist.xml; path = "GoogleService-Info.plist"; sourceTree = "<group>"; };
		CFE0C2192717D0D600D3C097 /* ImageUploader.swift */ = {isa = PBXFileReference; fileEncoding = 4; lastKnownFileType = sourcecode.swift; path = ImageUploader.swift; sourceTree = "<group>"; };
		CFE0C21B2717D15000D3C097 /* AuthService.swift */ = {isa = PBXFileReference; fileEncoding = 4; lastKnownFileType = sourcecode.swift; path = AuthService.swift; sourceTree = "<group>"; };
		CFE0C21F2717ED3500D3C097 /* ProfileCell.swift */ = {isa = PBXFileReference; fileEncoding = 4; lastKnownFileType = sourcecode.swift; path = ProfileCell.swift; sourceTree = "<group>"; };
		CFE0C2202717ED3500D3C097 /* ProfileHeader.swift */ = {isa = PBXFileReference; fileEncoding = 4; lastKnownFileType = sourcecode.swift; path = ProfileHeader.swift; sourceTree = "<group>"; };
		CFE0C2262717FB2900D3C097 /* ProfileViewModel.swift */ = {isa = PBXFileReference; fileEncoding = 4; lastKnownFileType = sourcecode.swift; path = ProfileViewModel.swift; sourceTree = "<group>"; };
		CFE0C2282718032800D3C097 /* UserService.swift */ = {isa = PBXFileReference; fileEncoding = 4; lastKnownFileType = sourcecode.swift; path = UserService.swift; sourceTree = "<group>"; };
		CFE0C22A2718038600D3C097 /* Constants.swift */ = {isa = PBXFileReference; fileEncoding = 4; lastKnownFileType = sourcecode.swift; path = Constants.swift; sourceTree = "<group>"; };
		CFE0C22C271803D100D3C097 /* User.swift */ = {isa = PBXFileReference; fileEncoding = 4; lastKnownFileType = sourcecode.swift; path = User.swift; sourceTree = "<group>"; };
		CFE0C22E2719534F00D3C097 /* UserCell.swift */ = {isa = PBXFileReference; fileEncoding = 4; lastKnownFileType = sourcecode.swift; path = UserCell.swift; sourceTree = "<group>"; };
		CFE0C23027197CA600D3C097 /* UserCellViewModel.swift */ = {isa = PBXFileReference; fileEncoding = 4; lastKnownFileType = sourcecode.swift; path = UserCellViewModel.swift; sourceTree = "<group>"; };
		E17B30CA73DB4754D70F2735 /* Pods-InstagramAppWithFireBase.release.xcconfig */ = {isa = PBXFileReference; includeInIndex = 1; lastKnownFileType = text.xcconfig; name = "Pods-InstagramAppWithFireBase.release.xcconfig"; path = "Target Support Files/Pods-InstagramAppWithFireBase/Pods-InstagramAppWithFireBase.release.xcconfig"; sourceTree = "<group>"; };
/* End PBXFileReference section */

/* Begin PBXFrameworksBuildPhase section */
		CFE0C1CF2716A11400D3C097 /* Frameworks */ = {
			isa = PBXFrameworksBuildPhase;
			buildActionMask = 2147483647;
			files = (
				CF1A5878271BFF88004730E3 /* JGProgressHUD in Frameworks */,
				CF1A5875271BFF7B004730E3 /* SDWebImage in Frameworks */,
				CF1A5872271BFF6B004730E3 /* Stevia in Frameworks */,
				D8C78013ACE41065C79B6E91 /* Pods_InstagramAppWithFireBase.framework in Frameworks */,
			);
			runOnlyForDeploymentPostprocessing = 0;
		};
/* End PBXFrameworksBuildPhase section */

/* Begin PBXGroup section */
		1650611A2FBBE69838170EFB /* Frameworks */ = {
			isa = PBXGroup;
			children = (
				CF1A5869271BFE0B004730E3 /* Stevia.framework */,
				472755635B21D6F40C001C32 /* Pods_InstagramAppWithFireBase.framework */,
			);
			name = Frameworks;
			sourceTree = "<group>";
		};
		A9C1F50A890937B24A3F93FD /* Pods */ = {
			isa = PBXGroup;
			children = (
				90FDC340E97C5F171AE5210D /* Pods-InstagramAppWithFireBase.debug.xcconfig */,
				E17B30CA73DB4754D70F2735 /* Pods-InstagramAppWithFireBase.release.xcconfig */,
			);
			path = Pods;
			sourceTree = "<group>";
		};
		CF1A5786271BF9EF004730E3 /* YPImagePicker */ = {
			isa = PBXGroup;
			children = (
				CF1A5787271BF9EF004730E3 /* LICENSE */,
				CF1A5788271BF9EF004730E3 /* Source */,
				CF1A580E271BF9EF004730E3 /* README.md */,
			);
			path = YPImagePicker;
			sourceTree = "<group>";
		};
		CF1A5788271BF9EF004730E3 /* Source */ = {
			isa = PBXGroup;
			children = (
				CF1A5789271BF9EF004730E3 /* Filters */,
				CF1A5796271BF9EF004730E3 /* YPPickerVC.swift */,
				CF1A5797271BF9EF004730E3 /* Configuration */,
				CF1A579F271BF9EF004730E3 /* YPImagePicker.swift */,
				CF1A57A0271BF9EF004730E3 /* Resources */,
				CF1A57BF271BF9EF004730E3 /* Models */,
				CF1A57C7271BF9EF004730E3 /* SelectionsGallery */,
				CF1A57CB271BF9EF004730E3 /* Pages */,
				CF1A57EB271BF9EF004730E3 /* Helpers */,
			);
			path = Source;
			sourceTree = "<group>";
		};
		CF1A5789271BF9EF004730E3 /* Filters */ = {
			isa = PBXGroup;
			children = (
				CF1A578A271BF9EF004730E3 /* Video */,
				CF1A578E271BF9EF004730E3 /* Crop */,
				CF1A5791271BF9EF004730E3 /* Photo */,
			);
			path = Filters;
			sourceTree = "<group>";
		};
		CF1A578A271BF9EF004730E3 /* Video */ = {
			isa = PBXGroup;
			children = (
				CF1A578B271BF9EF004730E3 /* YPVideoView.swift */,
				CF1A578C271BF9EF004730E3 /* YPVideoFiltersVC.swift */,
				CF1A578D271BF9EF004730E3 /* YPVideoFiltersVC.xib */,
			);
			path = Video;
			sourceTree = "<group>";
		};
		CF1A578E271BF9EF004730E3 /* Crop */ = {
			isa = PBXGroup;
			children = (
				CF1A578F271BF9EF004730E3 /* YPCropView.swift */,
				CF1A5790271BF9EF004730E3 /* YPCropVC.swift */,
			);
			path = Crop;
			sourceTree = "<group>";
		};
		CF1A5791271BF9EF004730E3 /* Photo */ = {
			isa = PBXGroup;
			children = (
				CF1A5792271BF9EF004730E3 /* YPPhotoFiltersVC.swift */,
				CF1A5793271BF9EF004730E3 /* YPFiltersView.swift */,
				CF1A5794271BF9EF004730E3 /* YPFilterCollectionViewCell.swift */,
				CF1A5795271BF9EF004730E3 /* YPFilter.swift */,
			);
			path = Photo;
			sourceTree = "<group>";
		};
		CF1A5797271BF9EF004730E3 /* Configuration */ = {
			isa = PBXGroup;
			children = (
				CF1A5798271BF9EF004730E3 /* YPFonts.swift */,
				CF1A5799271BF9EF004730E3 /* YPImageSize.swift */,
				CF1A579A271BF9EF004730E3 /* YPImagePickerConfiguration.swift */,
				CF1A579B271BF9EF004730E3 /* YPWordings.swift */,
				CF1A579C271BF9EF004730E3 /* YPColors.swift */,
				CF1A579D271BF9EF004730E3 /* YPPickerScreen.swift */,
				CF1A579E271BF9EF004730E3 /* YPIcons.swift */,
			);
			path = Configuration;
			sourceTree = "<group>";
		};
		CF1A57A0271BF9EF004730E3 /* Resources */ = {
			isa = PBXGroup;
			children = (
				CF1A57A1271BF9EF004730E3 /* YPImagePickerLocalizable.strings */,
				CF1A57AD271BF9EF004730E3 /* Assets.xcassets */,
			);
			path = Resources;
			sourceTree = "<group>";
		};
		CF1A57BF271BF9EF004730E3 /* Models */ = {
			isa = PBXGroup;
			children = (
				CF1A57C0271BF9EF004730E3 /* YPLibrarySelection.swift */,
				CF1A57C1271BF9EF004730E3 /* YPMediaItem.swift */,
				CF1A57C2271BF9EF004730E3 /* YPFlashMode.swift */,
				CF1A57C3271BF9EF004730E3 /* YPLog.swift */,
				CF1A57C4271BF9EF004730E3 /* YPDragDirection.swift */,
				CF1A57C5271BF9EF004730E3 /* YPError.swift */,
				CF1A57C6271BF9EF004730E3 /* YPTrimError.swift */,
			);
			path = Models;
			sourceTree = "<group>";
		};
		CF1A57C7271BF9EF004730E3 /* SelectionsGallery */ = {
			isa = PBXGroup;
			children = (
				CF1A57C8271BF9EF004730E3 /* YPSelectionsGalleryVC.swift */,
				CF1A57C9271BF9EF004730E3 /* YPSelectionsGalleryView.swift */,
				CF1A57CA271BF9EF004730E3 /* YPSelectionsGalleryCell.swift */,
			);
			path = SelectionsGallery;
			sourceTree = "<group>";
		};
		CF1A57CB271BF9EF004730E3 /* Pages */ = {
			isa = PBXGroup;
			children = (
				CF1A57CC271BF9EF004730E3 /* Video */,
				CF1A57CF271BF9EF004730E3 /* Gallery */,
				CF1A57E7271BF9EF004730E3 /* Photo */,
			);
			path = Pages;
			sourceTree = "<group>";
		};
		CF1A57CC271BF9EF004730E3 /* Video */ = {
			isa = PBXGroup;
			children = (
				CF1A57CD271BF9EF004730E3 /* YPVideoCaptureHelper.swift */,
				CF1A57CE271BF9EF004730E3 /* YPVideoCaptureVC.swift */,
			);
			path = Video;
			sourceTree = "<group>";
		};
		CF1A57CF271BF9EF004730E3 /* Gallery */ = {
			isa = PBXGroup;
			children = (
				CF1A57D0271BF9EF004730E3 /* YPLibraryVC+CollectionView.swift */,
				CF1A57D1271BF9EF004730E3 /* YPLibraryVC+PanGesture.swift */,
				CF1A57D2271BF9EF004730E3 /* YPLibraryViewDelegate.swift */,
				CF1A57D3271BF9EF004730E3 /* YPGridView.swift */,
				CF1A57D4271BF9EF004730E3 /* YPAssetZoomableView.swift */,
				CF1A57D5271BF9EF004730E3 /* YPLibrary+LibraryChange.swift */,
				CF1A57D6271BF9EF004730E3 /* BottomPager */,
				CF1A57DB271BF9EF004730E3 /* YPLibraryVC.swift */,
				CF1A57DC271BF9EF004730E3 /* LibraryMediaManager.swift */,
				CF1A57DD271BF9EF004730E3 /* YPAssetViewContainer.swift */,
				CF1A57DE271BF9EF004730E3 /* YPLibraryView.swift */,
				CF1A57DF271BF9EF004730E3 /* Album */,
				CF1A57E5271BF9EF004730E3 /* YPLibraryViewCell.swift */,
				CF1A57E6271BF9EF004730E3 /* YPLibraryView.xib */,
			);
			path = Gallery;
			sourceTree = "<group>";
		};
		CF1A57D6271BF9EF004730E3 /* BottomPager */ = {
			isa = PBXGroup;
			children = (
				CF1A57D7271BF9EF004730E3 /* YPMenuItem.swift */,
				CF1A57D8271BF9EF004730E3 /* YPBottomPager.swift */,
				CF1A57D9271BF9EF004730E3 /* YPPagerMenu.swift */,
				CF1A57DA271BF9EF004730E3 /* YPBottomPagerView.swift */,
			);
			path = BottomPager;
			sourceTree = "<group>";
		};
		CF1A57DF271BF9EF004730E3 /* Album */ = {
			isa = PBXGroup;
			children = (
				CF1A57E0271BF9EF004730E3 /* YPAlbumsManager.swift */,
				CF1A57E1271BF9EF004730E3 /* YPAlbumView.swift */,
				CF1A57E2271BF9EF004730E3 /* YPAlbumVC.swift */,
				CF1A57E3271BF9EF004730E3 /* YPAlbumCell.swift */,
				CF1A57E4271BF9EF004730E3 /* YPAlbum.swift */,
			);
			path = Album;
			sourceTree = "<group>";
		};
		CF1A57E7271BF9EF004730E3 /* Photo */ = {
			isa = PBXGroup;
			children = (
				CF1A57E8271BF9EF004730E3 /* YPCameraView.swift */,
				CF1A57E9271BF9EF004730E3 /* YPPhotoCaptureHelper.swift */,
				CF1A57EA271BF9EF004730E3 /* YPCameraVC.swift */,
			);
			path = Photo;
			sourceTree = "<group>";
		};
		CF1A57EB271BF9EF004730E3 /* Helpers */ = {
			isa = PBXGroup;
			children = (
				CF1A57EC271BF9EF004730E3 /* YPVideoProcessor.swift */,
				CF1A57ED271BF9EF004730E3 /* YPDeviceOrientationHelper.swift */,
				CF1A57EE271BF9EF004730E3 /* Permissions */,
				CF1A57F2271BF9EF004730E3 /* Extensions */,
				CF1A5809271BF9EF004730E3 /* YPHelper.swift */,
				CF1A580A271BF9EF004730E3 /* YPLoadingView.swift */,
				CF1A580B271BF9EF004730E3 /* YPPhotoSaver.swift */,
				CF1A580C271BF9EF004730E3 /* YPAlerts.swift */,
				CF1A580D271BF9EF004730E3 /* YPLoaders.swift */,
			);
			path = Helpers;
			sourceTree = "<group>";
		};
		CF1A57EE271BF9EF004730E3 /* Permissions */ = {
			isa = PBXGroup;
			children = (
				CF1A57EF271BF9EF004730E3 /* YPPermissionCheckable.swift */,
				CF1A57F0271BF9EF004730E3 /* YPPermissionManager.swift */,
				CF1A57F1271BF9EF004730E3 /* YPPermissionDeniedPopup.swift */,
			);
			path = Permissions;
			sourceTree = "<group>";
		};
		CF1A57F2271BF9EF004730E3 /* Extensions */ = {
			isa = PBXGroup;
			children = (
				CF1A57F3271BF9EF004730E3 /* AVCaptureDevice+Extensions.swift */,
				CF1A57F4271BF9EF004730E3 /* UIButton+Extensions.swift */,
				CF1A57F5271BF9EF004730E3 /* AVMutableComposition+Extensions.swift */,
				CF1A57F6271BF9EF004730E3 /* AVAsset+Extensions.swift */,
				CF1A57F7271BF9EF004730E3 /* AVPlayer+Extensions.swift */,
				CF1A57F8271BF9EF004730E3 /* UIColor+Extensions.swift */,
				CF1A57F9271BF9EF004730E3 /* UIImage+Extensions.swift */,
				CF1A57FA271BF9EF004730E3 /* UINavigationBar+Extensions.swift */,
				CF1A57FB271BF9EF004730E3 /* PHCachingImageManager+Extensions.swift */,
				CF1A57FC271BF9EF004730E3 /* UIBarButtonItem+Extensions.swift */,
				CF1A57FD271BF9EF004730E3 /* CIImage+Extensions.swift */,
				CF1A57FE271BF9EF004730E3 /* NSFileManager+Extensions.swift */,
				CF1A57FF271BF9EF004730E3 /* URL+Extensions.swift */,
				CF1A5800271BF9EF004730E3 /* Bundle+Extensions.swift */,
				CF1A5801271BF9EF004730E3 /* AVFoundation+Extensions.swift */,
				CF1A5802271BF9EF004730E3 /* PHFetchResult+Extensions.swift */,
				CF1A5803271BF9EF004730E3 /* CGRect+Extensions.swift */,
				CF1A5804271BF9EF004730E3 /* AVFileType+Extensions.swift */,
				CF1A5805271BF9EF004730E3 /* AVCaptureSession+Extensions.swift */,
				CF1A5806271BF9EF004730E3 /* CGFloat+Extensions.swift */,
				CF1A5807271BF9EF004730E3 /* UICollectionView+Extensions.swift */,
				CF1A5808271BF9EF004730E3 /* IndexSet+Extensions.swift */,
			);
			path = Extensions;
			sourceTree = "<group>";
		};
		CFE0C1C92716A11400D3C097 = {
			isa = PBXGroup;
			children = (
				CF1A5786271BF9EF004730E3 /* YPImagePicker */,
				CFE0C1D42716A11400D3C097 /* InstagramAppWithFireBase */,
				A9C1F50A890937B24A3F93FD /* Pods */,
				1650611A2FBBE69838170EFB /* Frameworks */,
				CF1A5699271BF3FC004730E3 /* InstagramAppWithFireBase.app */,
			);
			sourceTree = "<group>";
		};
		CFE0C1D42716A11400D3C097 /* InstagramAppWithFireBase */ = {
			isa = PBXGroup;
			children = (
				CFE0C1EE2716A28F00D3C097 /* Views */,
				CFE0C1ED2716A28C00D3C097 /* Models */,
				CFE0C1EC2716A28900D3C097 /* Controller  */,
				CFE0C1EF2716A2D600D3C097 /* API */,
				CFE0C1EA2716A20A00D3C097 /* Utils */,
				CFE0C1E92716A1EE00D3C097 /* ViewModel */,
				CFE0C1D52716A11400D3C097 /* AppDelegate.swift */,
				CFE0C1D72716A11400D3C097 /* SceneDelegate.swift */,
				CFE0C1D92716A11400D3C097 /* ViewController.swift */,
				CFE0C1DB2716A11400D3C097 /* Main.storyboard */,
				CFE0C1DE2716A11600D3C097 /* Assets.xcassets */,
				CFE0C1E02716A11600D3C097 /* LaunchScreen.storyboard */,
				CFE0C1E32716A11600D3C097 /* Info.plist */,
				CFE0C2162717C87C00D3C097 /* GoogleService-Info.plist */,
			);
			path = InstagramAppWithFireBase;
			sourceTree = "<group>";
		};
		CFE0C1E92716A1EE00D3C097 /* ViewModel */ = {
			isa = PBXGroup;
			children = (
				CFE0C23027197CA600D3C097 /* UserCellViewModel.swift */,
				CFE0C2142716DB0F00D3C097 /* AuthenricationViewModel.swift */,
				CFE0C2262717FB2900D3C097 /* ProfileViewModel.swift */,
			);
			path = ViewModel;
			sourceTree = "<group>";
		};
		CFE0C1EA2716A20A00D3C097 /* Utils */ = {
			isa = PBXGroup;
			children = (
				CF1A587A271C1A1C004730E3 /* InputTextView.swift */,
				CFE0C22A2718038600D3C097 /* Constants.swift */,
				CFE0C2072716B7EC00D3C097 /* Extensions.swift */,
			);
			path = Utils;
			sourceTree = "<group>";
		};
		CFE0C1EC2716A28900D3C097 /* Controller  */ = {
			isa = PBXGroup;
			children = (
				CFE0C20D2716CEA500D3C097 /* Authentication */,
				CFE0C1F02716A3A000D3C097 /* MainTabController.swift */,
				CFE0C1F72716A52C00D3C097 /* FeedController.swift */,
				CFE0C1F82716A52C00D3C097 /* SearchController.swift */,
				CFE0C1F92716A52D00D3C097 /* CommentController.swift */,
				CFE0C1F62716A52C00D3C097 /* ImageSelectorController.swift */,
				CFE0C1F52716A52C00D3C097 /* NotificationController.swift */,
				CFE0C1FA2716A52D00D3C097 /* ProfileController.swift */,
				CFE0C1F42716A52C00D3C097 /* UploadPostController.swift */,
			);
			path = "Controller ";
			sourceTree = "<group>";
		};
		CFE0C1ED2716A28C00D3C097 /* Models */ = {
			isa = PBXGroup;
			children = (
				CFE0C22C271803D100D3C097 /* User.swift */,
			);
			path = Models;
			sourceTree = "<group>";
		};
		CFE0C1EE2716A28F00D3C097 /* Views */ = {
			isa = PBXGroup;
			children = (
				CFE0C22E2719534F00D3C097 /* UserCell.swift */,
				CFE0C2102716CF3100D3C097 /* CustomTextField.swift */,
				CFE0C21E2717ED3500D3C097 /* Profile */,
			);
			path = Views;
			sourceTree = "<group>";
		};
		CFE0C1EF2716A2D600D3C097 /* API */ = {
			isa = PBXGroup;
			children = (
				CFE0C2282718032800D3C097 /* UserService.swift */,
				CFE0C2192717D0D600D3C097 /* ImageUploader.swift */,
				CFE0C21B2717D15000D3C097 /* AuthService.swift */,
			);
			path = API;
			sourceTree = "<group>";
		};
		CFE0C20D2716CEA500D3C097 /* Authentication */ = {
			isa = PBXGroup;
			children = (
				CFE0C2122716D20200D3C097 /* RegistrationController.swift */,
				CFE0C20E2716CEC000D3C097 /* LoginController.swift */,
			);
			path = Authentication;
			sourceTree = "<group>";
		};
		CFE0C21E2717ED3500D3C097 /* Profile */ = {
			isa = PBXGroup;
			children = (
				CFE0C2052716ADEB00D3C097 /* FeedCell.swift */,
				CFE0C21F2717ED3500D3C097 /* ProfileCell.swift */,
				CFE0C2202717ED3500D3C097 /* ProfileHeader.swift */,
			);
			path = Profile;
			sourceTree = "<group>";
		};
/* End PBXGroup section */

/* Begin PBXNativeTarget section */
		CFE0C1D12716A11400D3C097 /* InstagramAppWithFireBase */ = {
			isa = PBXNativeTarget;
			buildConfigurationList = CFE0C1E62716A11600D3C097 /* Build configuration list for PBXNativeTarget "InstagramAppWithFireBase" */;
			buildPhases = (
				5D229B4C54ADC7D6004BD2D9 /* [CP] Check Pods Manifest.lock */,
				CFE0C1CE2716A11400D3C097 /* Sources */,
				CFE0C1CF2716A11400D3C097 /* Frameworks */,
				CFE0C1D02716A11400D3C097 /* Resources */,
				3693C33E2299A6D96979E3B3 /* [CP] Embed Pods Frameworks */,
			);
			buildRules = (
			);
			dependencies = (
			);
			name = InstagramAppWithFireBase;
			packageProductDependencies = (
				CF1A5871271BFF6B004730E3 /* Stevia */,
				CF1A5874271BFF7B004730E3 /* SDWebImage */,
				CF1A5877271BFF88004730E3 /* JGProgressHUD */,
			);
			productName = InstagramAppWithFireBase;
			productReference = CF1A5699271BF3FC004730E3 /* InstagramAppWithFireBase.app */;
			productType = "com.apple.product-type.application";
		};
/* End PBXNativeTarget section */

/* Begin PBXProject section */
		CFE0C1CA2716A11400D3C097 /* Project object */ = {
			isa = PBXProject;
			attributes = {
				BuildIndependentTargetsInParallel = 1;
				LastSwiftUpdateCheck = 1300;
				LastUpgradeCheck = 1300;
				TargetAttributes = {
					CFE0C1D12716A11400D3C097 = {
						CreatedOnToolsVersion = 13.0;
					};
				};
			};
			buildConfigurationList = CFE0C1CD2716A11400D3C097 /* Build configuration list for PBXProject "InstagramAppWithFireBase" */;
			compatibilityVersion = "Xcode 13.0";
			developmentRegion = en;
			hasScannedForEncodings = 0;
			knownRegions = (
				en,
				Base,
				de,
				ar,
				"zh-Hans",
				ja,
				fa,
				nb,
				es,
				da,
				it,
				bg,
				sv,
				cs,
				km,
				ko,
				"zh-Hant",
				"km-KH",
				tr,
				pl,
				"pt-BR",
				vi,
				ru,
				fr,
				id,
				nl,
				th,
				"pt-PT",
				ro,
			);
			mainGroup = CFE0C1C92716A11400D3C097;
			packageReferences = (
				CF1A5870271BFF6B004730E3 /* XCRemoteSwiftPackageReference "Stevia" */,
				CF1A5873271BFF7B004730E3 /* XCRemoteSwiftPackageReference "SDWebImage" */,
				CF1A5876271BFF88004730E3 /* XCRemoteSwiftPackageReference "JGProgressHUD" */,
			);
			productRefGroup = CFE0C1C92716A11400D3C097;
			projectDirPath = "";
			projectRoot = "";
			targets = (
				CFE0C1D12716A11400D3C097 /* InstagramAppWithFireBase */,
			);
		};
/* End PBXProject section */

/* Begin PBXResourcesBuildPhase section */
		CFE0C1D02716A11400D3C097 /* Resources */ = {
			isa = PBXResourcesBuildPhase;
			buildActionMask = 2147483647;
			files = (
				CFE0C1E22716A11600D3C097 /* LaunchScreen.storyboard in Resources */,
				CFE0C1DF2716A11600D3C097 /* Assets.xcassets in Resources */,
				CF1A5868271BF9F0004730E3 /* README.md in Resources */,
				CFE0C2172717C87C00D3C097 /* GoogleService-Info.plist in Resources */,
				CF1A5812271BF9F0004730E3 /* YPVideoFiltersVC.xib in Resources */,
				CFE0C1DD2716A11400D3C097 /* Main.storyboard in Resources */,
				CF1A5822271BF9F0004730E3 /* YPImagePickerLocalizable.strings in Resources */,
				CF1A5823271BF9F0004730E3 /* Assets.xcassets in Resources */,
				CF1A5844271BF9F0004730E3 /* YPLibraryView.xib in Resources */,
				CF1A580F271BF9F0004730E3 /* LICENSE in Resources */,
			);
			runOnlyForDeploymentPostprocessing = 0;
		};
/* End PBXResourcesBuildPhase section */

/* Begin PBXShellScriptBuildPhase section */
		3693C33E2299A6D96979E3B3 /* [CP] Embed Pods Frameworks */ = {
			isa = PBXShellScriptBuildPhase;
			buildActionMask = 2147483647;
			files = (
			);
			inputFileListPaths = (
				"${PODS_ROOT}/Target Support Files/Pods-InstagramAppWithFireBase/Pods-InstagramAppWithFireBase-frameworks-${CONFIGURATION}-input-files.xcfilelist",
			);
			name = "[CP] Embed Pods Frameworks";
			outputFileListPaths = (
				"${PODS_ROOT}/Target Support Files/Pods-InstagramAppWithFireBase/Pods-InstagramAppWithFireBase-frameworks-${CONFIGURATION}-output-files.xcfilelist",
			);
			runOnlyForDeploymentPostprocessing = 0;
			shellPath = /bin/sh;
			shellScript = "\"${PODS_ROOT}/Target Support Files/Pods-InstagramAppWithFireBase/Pods-InstagramAppWithFireBase-frameworks.sh\"\n";
			showEnvVarsInLog = 0;
		};
		5D229B4C54ADC7D6004BD2D9 /* [CP] Check Pods Manifest.lock */ = {
			isa = PBXShellScriptBuildPhase;
			buildActionMask = 2147483647;
			files = (
			);
			inputFileListPaths = (
			);
			inputPaths = (
				"${PODS_PODFILE_DIR_PATH}/Podfile.lock",
				"${PODS_ROOT}/Manifest.lock",
			);
			name = "[CP] Check Pods Manifest.lock";
			outputFileListPaths = (
			);
			outputPaths = (
				"$(DERIVED_FILE_DIR)/Pods-InstagramAppWithFireBase-checkManifestLockResult.txt",
			);
			runOnlyForDeploymentPostprocessing = 0;
			shellPath = /bin/sh;
			shellScript = "diff \"${PODS_PODFILE_DIR_PATH}/Podfile.lock\" \"${PODS_ROOT}/Manifest.lock\" > /dev/null\nif [ $? != 0 ] ; then\n    # print error to STDERR\n    echo \"error: The sandbox is not in sync with the Podfile.lock. Run 'pod install' or update your CocoaPods installation.\" >&2\n    exit 1\nfi\n# This output is used by Xcode 'outputs' to avoid re-running this script phase.\necho \"SUCCESS\" > \"${SCRIPT_OUTPUT_FILE_0}\"\n";
			showEnvVarsInLog = 0;
		};
/* End PBXShellScriptBuildPhase section */

/* Begin PBXSourcesBuildPhase section */
		CFE0C1CE2716A11400D3C097 /* Sources */ = {
			isa = PBXSourcesBuildPhase;
			buildActionMask = 2147483647;
			files = (
				CF1A5841271BF9F0004730E3 /* YPAlbumCell.swift in Sources */,
				CF1A5848271BF9F0004730E3 /* YPVideoProcessor.swift in Sources */,
				CF1A5821271BF9F0004730E3 /* YPImagePicker.swift in Sources */,
				CFE0C1FC2716A52D00D3C097 /* NotificationController.swift in Sources */,
				CF1A5845271BF9F0004730E3 /* YPCameraView.swift in Sources */,
				CF1A581D271BF9F0004730E3 /* YPWordings.swift in Sources */,
				CF1A5863271BF9F0004730E3 /* YPHelper.swift in Sources */,
				CFE0C2002716A52D00D3C097 /* CommentController.swift in Sources */,
				CFE0C1FD2716A52D00D3C097 /* ImageSelectorController.swift in Sources */,
				CF1A584A271BF9F0004730E3 /* YPPermissionCheckable.swift in Sources */,
				CF1A5829271BF9F0004730E3 /* YPError.swift in Sources */,
				CF1A5853271BF9F0004730E3 /* UIImage+Extensions.swift in Sources */,
				CF1A5839271BF9F0004730E3 /* YPBottomPagerView.swift in Sources */,
				CF1A5835271BF9F0004730E3 /* YPLibrary+LibraryChange.swift in Sources */,
				CF1A587B271C1A1C004730E3 /* InputTextView.swift in Sources */,
				CF1A585A271BF9F0004730E3 /* Bundle+Extensions.swift in Sources */,
				CF1A5860271BF9F0004730E3 /* CGFloat+Extensions.swift in Sources */,
				CFE0C22D271803D100D3C097 /* User.swift in Sources */,
				CF1A582A271BF9F0004730E3 /* YPTrimError.swift in Sources */,
				CF1A5818271BF9F0004730E3 /* YPFilter.swift in Sources */,
				CFE0C1DA2716A11400D3C097 /* ViewController.swift in Sources */,
				CFE0C1D62716A11400D3C097 /* AppDelegate.swift in Sources */,
				CF1A5866271BF9F0004730E3 /* YPAlerts.swift in Sources */,
				CF1A5842271BF9F0004730E3 /* YPAlbum.swift in Sources */,
				CF1A583A271BF9F0004730E3 /* YPLibraryVC.swift in Sources */,
				CF1A584D271BF9F0004730E3 /* AVCaptureDevice+Extensions.swift in Sources */,
				CF1A584C271BF9F0004730E3 /* YPPermissionDeniedPopup.swift in Sources */,
				CF1A5836271BF9F0004730E3 /* YPMenuItem.swift in Sources */,
				CF1A581B271BF9F0004730E3 /* YPImageSize.swift in Sources */,
				CF1A5824271BF9F0004730E3 /* YPLibrarySelection.swift in Sources */,
				CFE0C21A2717D0D600D3C097 /* ImageUploader.swift in Sources */,
				CF1A5828271BF9F0004730E3 /* YPDragDirection.swift in Sources */,
				CF1A585F271BF9F0004730E3 /* AVCaptureSession+Extensions.swift in Sources */,
				CF1A585E271BF9F0004730E3 /* AVFileType+Extensions.swift in Sources */,
				CF1A5825271BF9F0004730E3 /* YPMediaItem.swift in Sources */,
				CFE0C21C2717D15000D3C097 /* AuthService.swift in Sources */,
				CFE0C2292718032800D3C097 /* UserService.swift in Sources */,
				CF1A5840271BF9F0004730E3 /* YPAlbumVC.swift in Sources */,
				CFE0C2062716ADEB00D3C097 /* FeedCell.swift in Sources */,
				CF1A5857271BF9F0004730E3 /* CIImage+Extensions.swift in Sources */,
				CFE0C2132716D20200D3C097 /* RegistrationController.swift in Sources */,
				CF1A5827271BF9F0004730E3 /* YPLog.swift in Sources */,
				CF1A583F271BF9F0004730E3 /* YPAlbumView.swift in Sources */,
				CF1A5810271BF9F0004730E3 /* YPVideoView.swift in Sources */,
				CF1A5862271BF9F0004730E3 /* IndexSet+Extensions.swift in Sources */,
				CF1A5826271BF9F0004730E3 /* YPFlashMode.swift in Sources */,
				CF1A5864271BF9F0004730E3 /* YPLoadingView.swift in Sources */,
				CF1A5830271BF9F0004730E3 /* YPLibraryVC+CollectionView.swift in Sources */,
				CF1A5854271BF9F0004730E3 /* UINavigationBar+Extensions.swift in Sources */,
				CFE0C2212717ED3500D3C097 /* ProfileCell.swift in Sources */,
				CF1A581F271BF9F0004730E3 /* YPPickerScreen.swift in Sources */,
				CF1A5832271BF9F0004730E3 /* YPLibraryViewDelegate.swift in Sources */,
				CFE0C1FB2716A52D00D3C097 /* UploadPostController.swift in Sources */,
				CF1A5851271BF9F0004730E3 /* AVPlayer+Extensions.swift in Sources */,
				CFE0C1F12716A3A000D3C097 /* MainTabController.swift in Sources */,
				CF1A584F271BF9F0004730E3 /* AVMutableComposition+Extensions.swift in Sources */,
				CFE0C23127197CA600D3C097 /* UserCellViewModel.swift in Sources */,
				CF1A5858271BF9F0004730E3 /* NSFileManager+Extensions.swift in Sources */,
				CF1A5849271BF9F0004730E3 /* YPDeviceOrientationHelper.swift in Sources */,
				CFE0C22F2719534F00D3C097 /* UserCell.swift in Sources */,
				CF1A5843271BF9F0004730E3 /* YPLibraryViewCell.swift in Sources */,
				CFE0C2082716B7EC00D3C097 /* Extensions.swift in Sources */,
				CF1A5867271BF9F0004730E3 /* YPLoaders.swift in Sources */,
				CF1A5820271BF9F0004730E3 /* YPIcons.swift in Sources */,
				CF1A585D271BF9F0004730E3 /* CGRect+Extensions.swift in Sources */,
				CFE0C2012716A52D00D3C097 /* ProfileController.swift in Sources */,
				CF1A5813271BF9F0004730E3 /* YPCropView.swift in Sources */,
				CF1A581A271BF9F0004730E3 /* YPFonts.swift in Sources */,
				CF1A5811271BF9F0004730E3 /* YPVideoFiltersVC.swift in Sources */,
				CFE0C2222717ED3500D3C097 /* ProfileHeader.swift in Sources */,
				CF1A581E271BF9F0004730E3 /* YPColors.swift in Sources */,
				CF1A582C271BF9F0004730E3 /* YPSelectionsGalleryView.swift in Sources */,
				CF1A5819271BF9F0004730E3 /* YPPickerVC.swift in Sources */,
				CF1A5815271BF9F0004730E3 /* YPPhotoFiltersVC.swift in Sources */,
				CFE0C1D82716A11400D3C097 /* SceneDelegate.swift in Sources */,
				CF1A585C271BF9F0004730E3 /* PHFetchResult+Extensions.swift in Sources */,
				CF1A581C271BF9F0004730E3 /* YPImagePickerConfiguration.swift in Sources */,
				CF1A5852271BF9F0004730E3 /* UIColor+Extensions.swift in Sources */,
				CF1A5865271BF9F0004730E3 /* YPPhotoSaver.swift in Sources */,
				CF1A5846271BF9F0004730E3 /* YPPhotoCaptureHelper.swift in Sources */,
				CF1A5847271BF9F0004730E3 /* YPCameraVC.swift in Sources */,
				CF1A5859271BF9F0004730E3 /* URL+Extensions.swift in Sources */,
				CF1A5817271BF9F0004730E3 /* YPFilterCollectionViewCell.swift in Sources */,
				CF1A5816271BF9F0004730E3 /* YPFiltersView.swift in Sources */,
				CF1A5861271BF9F0004730E3 /* UICollectionView+Extensions.swift in Sources */,
				CFE0C1FF2716A52D00D3C097 /* SearchController.swift in Sources */,
				CF1A5814271BF9F0004730E3 /* YPCropVC.swift in Sources */,
				CFE0C1FE2716A52D00D3C097 /* FeedController.swift in Sources */,
				CF1A5834271BF9F0004730E3 /* YPAssetZoomableView.swift in Sources */,
				CF1A5833271BF9F0004730E3 /* YPGridView.swift in Sources */,
				CFE0C2272717FB2900D3C097 /* ProfileViewModel.swift in Sources */,
				CF1A583B271BF9F0004730E3 /* LibraryMediaManager.swift in Sources */,
				CF1A5831271BF9F0004730E3 /* YPLibraryVC+PanGesture.swift in Sources */,
				CF1A584B271BF9F0004730E3 /* YPPermissionManager.swift in Sources */,
				CF1A582E271BF9F0004730E3 /* YPVideoCaptureHelper.swift in Sources */,
				CFE0C20F2716CEC000D3C097 /* LoginController.swift in Sources */,
				CFE0C2152716DB0F00D3C097 /* AuthenricationViewModel.swift in Sources */,
				CF1A582D271BF9F0004730E3 /* YPSelectionsGalleryCell.swift in Sources */,
				CF1A5850271BF9F0004730E3 /* AVAsset+Extensions.swift in Sources */,
				CF1A5856271BF9F0004730E3 /* UIBarButtonItem+Extensions.swift in Sources */,
				CF1A583E271BF9F0004730E3 /* YPAlbumsManager.swift in Sources */,
				CF1A5837271BF9F0004730E3 /* YPBottomPager.swift in Sources */,
				CF1A583C271BF9F0004730E3 /* YPAssetViewContainer.swift in Sources */,
				CF1A5838271BF9F0004730E3 /* YPPagerMenu.swift in Sources */,
				CF1A582B271BF9F0004730E3 /* YPSelectionsGalleryVC.swift in Sources */,
				CFE0C2112716CF3100D3C097 /* CustomTextField.swift in Sources */,
				CF1A583D271BF9F0004730E3 /* YPLibraryView.swift in Sources */,
				CF1A584E271BF9F0004730E3 /* UIButton+Extensions.swift in Sources */,
				CF1A585B271BF9F0004730E3 /* AVFoundation+Extensions.swift in Sources */,
				CF1A582F271BF9F0004730E3 /* YPVideoCaptureVC.swift in Sources */,
				CFE0C22B2718038600D3C097 /* Constants.swift in Sources */,
				CF1A5855271BF9F0004730E3 /* PHCachingImageManager+Extensions.swift in Sources */,
			);
			runOnlyForDeploymentPostprocessing = 0;
		};
/* End PBXSourcesBuildPhase section */

/* Begin PBXVariantGroup section */
		CF1A57A1271BF9EF004730E3 /* YPImagePickerLocalizable.strings */ = {
			isa = PBXVariantGroup;
			children = (
				CF1A57A2271BF9EF004730E3 /* de */,
				CF1A57A3271BF9EF004730E3 /* ar */,
				CF1A57A4271BF9EF004730E3 /* zh-Hans */,
				CF1A57A5271BF9EF004730E3 /* ja */,
				CF1A57A6271BF9EF004730E3 /* fa */,
				CF1A57A7271BF9EF004730E3 /* en */,
				CF1A57A8271BF9EF004730E3 /* nb */,
				CF1A57A9271BF9EF004730E3 /* es */,
				CF1A57AA271BF9EF004730E3 /* da */,
				CF1A57AB271BF9EF004730E3 /* it */,
				CF1A57AC271BF9EF004730E3 /* bg */,
				CF1A57AE271BF9EF004730E3 /* sv */,
				CF1A57AF271BF9EF004730E3 /* cs */,
				CF1A57B0271BF9EF004730E3 /* km */,
				CF1A57B1271BF9EF004730E3 /* ko */,
				CF1A57B2271BF9EF004730E3 /* zh-Hant */,
				CF1A57B3271BF9EF004730E3 /* km-KH */,
				CF1A57B4271BF9EF004730E3 /* tr */,
				CF1A57B5271BF9EF004730E3 /* pl */,
				CF1A57B6271BF9EF004730E3 /* pt-BR */,
				CF1A57B7271BF9EF004730E3 /* vi */,
				CF1A57B8271BF9EF004730E3 /* ru */,
				CF1A57B9271BF9EF004730E3 /* fr */,
				CF1A57BA271BF9EF004730E3 /* id */,
				CF1A57BB271BF9EF004730E3 /* nl */,
				CF1A57BC271BF9EF004730E3 /* th */,
				CF1A57BD271BF9EF004730E3 /* pt-PT */,
				CF1A57BE271BF9EF004730E3 /* ro */,
			);
			name = YPImagePickerLocalizable.strings;
			sourceTree = "<group>";
		};
		CFE0C1DB2716A11400D3C097 /* Main.storyboard */ = {
			isa = PBXVariantGroup;
			children = (
				CFE0C1DC2716A11400D3C097 /* Base */,
			);
			name = Main.storyboard;
			sourceTree = "<group>";
		};
		CFE0C1E02716A11600D3C097 /* LaunchScreen.storyboard */ = {
			isa = PBXVariantGroup;
			children = (
				CFE0C1E12716A11600D3C097 /* Base */,
			);
			name = LaunchScreen.storyboard;
			sourceTree = "<group>";
		};
/* End PBXVariantGroup section */

/* Begin XCBuildConfiguration section */
		CFE0C1E42716A11600D3C097 /* Debug */ = {
			isa = XCBuildConfiguration;
			buildSettings = {
				ALWAYS_SEARCH_USER_PATHS = NO;
				CLANG_ANALYZER_NONNULL = YES;
				CLANG_ANALYZER_NUMBER_OBJECT_CONVERSION = YES_AGGRESSIVE;
				CLANG_CXX_LANGUAGE_STANDARD = "gnu++17";
				CLANG_CXX_LIBRARY = "libc++";
				CLANG_ENABLE_MODULES = YES;
				CLANG_ENABLE_OBJC_ARC = YES;
				CLANG_ENABLE_OBJC_WEAK = YES;
				CLANG_WARN_BLOCK_CAPTURE_AUTORELEASING = YES;
				CLANG_WARN_BOOL_CONVERSION = YES;
				CLANG_WARN_COMMA = YES;
				CLANG_WARN_CONSTANT_CONVERSION = YES;
				CLANG_WARN_DEPRECATED_OBJC_IMPLEMENTATIONS = YES;
				CLANG_WARN_DIRECT_OBJC_ISA_USAGE = YES_ERROR;
				CLANG_WARN_DOCUMENTATION_COMMENTS = YES;
				CLANG_WARN_EMPTY_BODY = YES;
				CLANG_WARN_ENUM_CONVERSION = YES;
				CLANG_WARN_INFINITE_RECURSION = YES;
				CLANG_WARN_INT_CONVERSION = YES;
				CLANG_WARN_NON_LITERAL_NULL_CONVERSION = YES;
				CLANG_WARN_OBJC_IMPLICIT_RETAIN_SELF = YES;
				CLANG_WARN_OBJC_LITERAL_CONVERSION = YES;
				CLANG_WARN_OBJC_ROOT_CLASS = YES_ERROR;
				CLANG_WARN_QUOTED_INCLUDE_IN_FRAMEWORK_HEADER = YES;
				CLANG_WARN_RANGE_LOOP_ANALYSIS = YES;
				CLANG_WARN_STRICT_PROTOTYPES = YES;
				CLANG_WARN_SUSPICIOUS_MOVE = YES;
				CLANG_WARN_UNGUARDED_AVAILABILITY = YES_AGGRESSIVE;
				CLANG_WARN_UNREACHABLE_CODE = YES;
				CLANG_WARN__DUPLICATE_METHOD_MATCH = YES;
				COPY_PHASE_STRIP = NO;
				DEBUG_INFORMATION_FORMAT = dwarf;
				ENABLE_STRICT_OBJC_MSGSEND = YES;
				ENABLE_TESTABILITY = YES;
				GCC_C_LANGUAGE_STANDARD = gnu11;
				GCC_DYNAMIC_NO_PIC = NO;
				GCC_NO_COMMON_BLOCKS = YES;
				GCC_OPTIMIZATION_LEVEL = 0;
				GCC_PREPROCESSOR_DEFINITIONS = (
					"DEBUG=1",
					"$(inherited)",
				);
				GCC_WARN_64_TO_32_BIT_CONVERSION = YES;
				GCC_WARN_ABOUT_RETURN_TYPE = YES_ERROR;
				GCC_WARN_UNDECLARED_SELECTOR = YES;
				GCC_WARN_UNINITIALIZED_AUTOS = YES_AGGRESSIVE;
				GCC_WARN_UNUSED_FUNCTION = YES;
				GCC_WARN_UNUSED_VARIABLE = YES;
				IPHONEOS_DEPLOYMENT_TARGET = 15.0;
				MTL_ENABLE_DEBUG_INFO = INCLUDE_SOURCE;
				MTL_FAST_MATH = YES;
				ONLY_ACTIVE_ARCH = YES;
				SDKROOT = iphoneos;
				SWIFT_ACTIVE_COMPILATION_CONDITIONS = DEBUG;
				SWIFT_OPTIMIZATION_LEVEL = "-Onone";
			};
			name = Debug;
		};
		CFE0C1E52716A11600D3C097 /* Release */ = {
			isa = XCBuildConfiguration;
			buildSettings = {
				ALWAYS_SEARCH_USER_PATHS = NO;
				CLANG_ANALYZER_NONNULL = YES;
				CLANG_ANALYZER_NUMBER_OBJECT_CONVERSION = YES_AGGRESSIVE;
				CLANG_CXX_LANGUAGE_STANDARD = "gnu++17";
				CLANG_CXX_LIBRARY = "libc++";
				CLANG_ENABLE_MODULES = YES;
				CLANG_ENABLE_OBJC_ARC = YES;
				CLANG_ENABLE_OBJC_WEAK = YES;
				CLANG_WARN_BLOCK_CAPTURE_AUTORELEASING = YES;
				CLANG_WARN_BOOL_CONVERSION = YES;
				CLANG_WARN_COMMA = YES;
				CLANG_WARN_CONSTANT_CONVERSION = YES;
				CLANG_WARN_DEPRECATED_OBJC_IMPLEMENTATIONS = YES;
				CLANG_WARN_DIRECT_OBJC_ISA_USAGE = YES_ERROR;
				CLANG_WARN_DOCUMENTATION_COMMENTS = YES;
				CLANG_WARN_EMPTY_BODY = YES;
				CLANG_WARN_ENUM_CONVERSION = YES;
				CLANG_WARN_INFINITE_RECURSION = YES;
				CLANG_WARN_INT_CONVERSION = YES;
				CLANG_WARN_NON_LITERAL_NULL_CONVERSION = YES;
				CLANG_WARN_OBJC_IMPLICIT_RETAIN_SELF = YES;
				CLANG_WARN_OBJC_LITERAL_CONVERSION = YES;
				CLANG_WARN_OBJC_ROOT_CLASS = YES_ERROR;
				CLANG_WARN_QUOTED_INCLUDE_IN_FRAMEWORK_HEADER = YES;
				CLANG_WARN_RANGE_LOOP_ANALYSIS = YES;
				CLANG_WARN_STRICT_PROTOTYPES = YES;
				CLANG_WARN_SUSPICIOUS_MOVE = YES;
				CLANG_WARN_UNGUARDED_AVAILABILITY = YES_AGGRESSIVE;
				CLANG_WARN_UNREACHABLE_CODE = YES;
				CLANG_WARN__DUPLICATE_METHOD_MATCH = YES;
				COPY_PHASE_STRIP = NO;
				DEBUG_INFORMATION_FORMAT = "dwarf-with-dsym";
				ENABLE_NS_ASSERTIONS = NO;
				ENABLE_STRICT_OBJC_MSGSEND = YES;
				GCC_C_LANGUAGE_STANDARD = gnu11;
				GCC_NO_COMMON_BLOCKS = YES;
				GCC_WARN_64_TO_32_BIT_CONVERSION = YES;
				GCC_WARN_ABOUT_RETURN_TYPE = YES_ERROR;
				GCC_WARN_UNDECLARED_SELECTOR = YES;
				GCC_WARN_UNINITIALIZED_AUTOS = YES_AGGRESSIVE;
				GCC_WARN_UNUSED_FUNCTION = YES;
				GCC_WARN_UNUSED_VARIABLE = YES;
				IPHONEOS_DEPLOYMENT_TARGET = 15.0;
				MTL_ENABLE_DEBUG_INFO = NO;
				MTL_FAST_MATH = YES;
				SDKROOT = iphoneos;
				SWIFT_COMPILATION_MODE = wholemodule;
				SWIFT_OPTIMIZATION_LEVEL = "-O";
				VALIDATE_PRODUCT = YES;
			};
			name = Release;
		};
		CFE0C1E72716A11600D3C097 /* Debug */ = {
			isa = XCBuildConfiguration;
			baseConfigurationReference = 90FDC340E97C5F171AE5210D /* Pods-InstagramAppWithFireBase.debug.xcconfig */;
			buildSettings = {
				ASSETCATALOG_COMPILER_APPICON_NAME = AppIcon;
				ASSETCATALOG_COMPILER_GLOBAL_ACCENT_COLOR_NAME = AccentColor;
				CODE_SIGN_STYLE = Automatic;
				CURRENT_PROJECT_VERSION = 1;
				DEVELOPMENT_TEAM = XS2R7967QT;
				GENERATE_INFOPLIST_FILE = YES;
				INFOPLIST_FILE = InstagramAppWithFireBase/Info.plist;
				INFOPLIST_KEY_NSMicrophoneUsageDescription = "Please allow us to accuess your photos";
				INFOPLIST_KEY_NSPhotoLibraryUsageDescription = "Please allow us to accuess your photos";
				INFOPLIST_KEY_UIApplicationSupportsIndirectInputEvents = YES;
				INFOPLIST_KEY_UILaunchStoryboardName = LaunchScreen;
				INFOPLIST_KEY_UIMainStoryboardFile = Main;
				INFOPLIST_KEY_UISupportedInterfaceOrientations = "";
				INFOPLIST_KEY_UISupportedInterfaceOrientations_iPad = "UIInterfaceOrientationPortrait UIInterfaceOrientationPortraitUpsideDown UIInterfaceOrientationLandscapeLeft UIInterfaceOrientationLandscapeRight";
				INFOPLIST_KEY_UISupportedInterfaceOrientations_iPhone = "UIInterfaceOrientationPortrait UIInterfaceOrientationLandscapeLeft UIInterfaceOrientationLandscapeRight";
				IPHONEOS_DEPLOYMENT_TARGET = 15.0;
				LD_RUNPATH_SEARCH_PATHS = (
					"$(inherited)",
					"@executable_path/Frameworks",
				);
				MARKETING_VERSION = 1.0;
				PRODUCT_BUNDLE_IDENTIFIER = cow.iwaski.InstagramAppWithFireBase;
				PRODUCT_NAME = "$(TARGET_NAME)";
				SWIFT_EMIT_LOC_STRINGS = YES;
				SWIFT_VERSION = 5.0;
				TARGETED_DEVICE_FAMILY = 1;
			};
			name = Debug;
		};
		CFE0C1E82716A11600D3C097 /* Release */ = {
			isa = XCBuildConfiguration;
			baseConfigurationReference = E17B30CA73DB4754D70F2735 /* Pods-InstagramAppWithFireBase.release.xcconfig */;
			buildSettings = {
				ASSETCATALOG_COMPILER_APPICON_NAME = AppIcon;
				ASSETCATALOG_COMPILER_GLOBAL_ACCENT_COLOR_NAME = AccentColor;
				CODE_SIGN_STYLE = Automatic;
				CURRENT_PROJECT_VERSION = 1;
				DEVELOPMENT_TEAM = XS2R7967QT;
				GENERATE_INFOPLIST_FILE = YES;
				INFOPLIST_FILE = InstagramAppWithFireBase/Info.plist;
				INFOPLIST_KEY_NSMicrophoneUsageDescription = "Please allow us to accuess your photos";
				INFOPLIST_KEY_NSPhotoLibraryUsageDescription = "Please allow us to accuess your photos";
				INFOPLIST_KEY_UIApplicationSupportsIndirectInputEvents = YES;
				INFOPLIST_KEY_UILaunchStoryboardName = LaunchScreen;
				INFOPLIST_KEY_UIMainStoryboardFile = Main;
				INFOPLIST_KEY_UISupportedInterfaceOrientations = "";
				INFOPLIST_KEY_UISupportedInterfaceOrientations_iPad = "UIInterfaceOrientationPortrait UIInterfaceOrientationPortraitUpsideDown UIInterfaceOrientationLandscapeLeft UIInterfaceOrientationLandscapeRight";
				INFOPLIST_KEY_UISupportedInterfaceOrientations_iPhone = "UIInterfaceOrientationPortrait UIInterfaceOrientationLandscapeLeft UIInterfaceOrientationLandscapeRight";
				IPHONEOS_DEPLOYMENT_TARGET = 15.0;
				LD_RUNPATH_SEARCH_PATHS = (
					"$(inherited)",
					"@executable_path/Frameworks",
				);
				MARKETING_VERSION = 1.0;
				PRODUCT_BUNDLE_IDENTIFIER = cow.iwaski.InstagramAppWithFireBase;
				PRODUCT_NAME = "$(TARGET_NAME)";
				SWIFT_EMIT_LOC_STRINGS = YES;
				SWIFT_VERSION = 5.0;
				TARGETED_DEVICE_FAMILY = 1;
			};
			name = Release;
		};
/* End XCBuildConfiguration section */

/* Begin XCConfigurationList section */
		CFE0C1CD2716A11400D3C097 /* Build configuration list for PBXProject "InstagramAppWithFireBase" */ = {
			isa = XCConfigurationList;
			buildConfigurations = (
				CFE0C1E42716A11600D3C097 /* Debug */,
				CFE0C1E52716A11600D3C097 /* Release */,
			);
			defaultConfigurationIsVisible = 0;
			defaultConfigurationName = Release;
		};
		CFE0C1E62716A11600D3C097 /* Build configuration list for PBXNativeTarget "InstagramAppWithFireBase" */ = {
			isa = XCConfigurationList;
			buildConfigurations = (
				CFE0C1E72716A11600D3C097 /* Debug */,
				CFE0C1E82716A11600D3C097 /* Release */,
			);
			defaultConfigurationIsVisible = 0;
			defaultConfigurationName = Release;
		};
/* End XCConfigurationList section */

/* Begin XCRemoteSwiftPackageReference section */
		CF1A5870271BFF6B004730E3 /* XCRemoteSwiftPackageReference "Stevia" */ = {
			isa = XCRemoteSwiftPackageReference;
			repositoryURL = "https://github.com/freshOS/Stevia";
			requirement = {
				branch = master;
				kind = branch;
			};
		};
		CF1A5873271BFF7B004730E3 /* XCRemoteSwiftPackageReference "SDWebImage" */ = {
			isa = XCRemoteSwiftPackageReference;
			repositoryURL = "https://github.com/SDWebImage/SDWebImage";
			requirement = {
				branch = master;
				kind = branch;
			};
		};
		CF1A5876271BFF88004730E3 /* XCRemoteSwiftPackageReference "JGProgressHUD" */ = {
			isa = XCRemoteSwiftPackageReference;
			repositoryURL = "https://github.com/JonasGessner/JGProgressHUD";
			requirement = {
				branch = master;
				kind = branch;
			};
		};
/* End XCRemoteSwiftPackageReference section */

/* Begin XCSwiftPackageProductDependency section */
		CF1A5871271BFF6B004730E3 /* Stevia */ = {
			isa = XCSwiftPackageProductDependency;
			package = CF1A5870271BFF6B004730E3 /* XCRemoteSwiftPackageReference "Stevia" */;
			productName = Stevia;
		};
		CF1A5874271BFF7B004730E3 /* SDWebImage */ = {
			isa = XCSwiftPackageProductDependency;
			package = CF1A5873271BFF7B004730E3 /* XCRemoteSwiftPackageReference "SDWebImage" */;
			productName = SDWebImage;
		};
		CF1A5877271BFF88004730E3 /* JGProgressHUD */ = {
			isa = XCSwiftPackageProductDependency;
			package = CF1A5876271BFF88004730E3 /* XCRemoteSwiftPackageReference "JGProgressHUD" */;
			productName = JGProgressHUD;
		};
/* End XCSwiftPackageProductDependency section */
	};
	rootObject = CFE0C1CA2716A11400D3C097 /* Project object */;
}
